{
  "version": 4,
  "terraform_version": "1.14.0",
  "serial": 344,
  "lineage": "6812d5c5-124a-5cb7-8553-13a313edf62d",
  "outputs": {
    "alarm_topic_arn": {
      "value": "arn:aws:sns:us-east-2:643913569214:feli-dev-cloudwatch-alarms",
      "type": "string"
    },
    "alb_arn": {
      "value": "arn:aws:elasticloadbalancing:us-east-2:643913569214:loadbalancer/app/incodefy-alb-dev/3c3601ccce1e4442",
      "type": "string"
    },
    "alb_dns_name": {
      "value": "incodefy-alb-dev-202111774.us-east-2.elb.amazonaws.com",
      "type": "string"
    },
    "alb_security_group_id": {
      "value": "sg-0412497a5fe21bbbd",
      "type": "string"
    },
    "alb_zone_id": {
      "value": "Z3AADJGX6KTTL2",
      "type": "string"
    },
    "api_endpoint": {
      "value": "https://l90z81u1ki.execute-api.us-east-2.amazonaws.com",
      "type": "string"
    },
    "application_url": {
      "value": "http://incodefy-alb-dev-202111774.us-east-2.elb.amazonaws.com",
      "type": "string"
    },
    "autoscaling_group_arn": {
      "value": "arn:aws:autoscaling:us-east-2:643913569214:autoScalingGroup:d5a4f929-1c23-4b8f-9bd6-d4f7137df37b:autoScalingGroupName/incodefy-asg-dev",
      "type": "string"
    },
    "autoscaling_group_name": {
      "value": "incodefy-asg-dev",
      "type": "string"
    },
    "chaos_api_url": {
      "value": "https://l90z81u1ki.execute-api.us-east-2.amazonaws.com",
      "type": "string"
    },
    "chaos_dashboard_url": {
      "value": "https://console.aws.amazon.com/cloudwatch/home?region=us-east-2#dashboards:name=feli-dev-chaos-experiments",
      "type": "string"
    },
    "chaos_executor_function_name": {
      "value": "",
      "type": "string"
    },
    "chaos_reports_bucket": {
      "value": "",
      "type": "string"
    },
    "critical_alarm_topic_arn": {
      "value": "arn:aws:sns:us-east-2:643913569214:feli-dev-critical-alarms",
      "type": "string"
    },
    "ec2_security_group_id": {
      "value": "sg-04ebfaba466c93c6a",
      "type": "string"
    },
    "gremlin_layer_arn": {
      "value": "",
      "type": "string"
    },
    "gremlin_role_arn": {
      "value": "arn:aws:iam::643913569214:role/feli-dev-gremlin-role",
      "type": "string"
    },
    "gremlin_secrets_arn": {
      "value": "",
      "type": "string"
    },
    "health_check_url": {
      "value": "http://incodefy-alb-dev-202111774.us-east-2.elb.amazonaws.com/health",
      "type": "string"
    },
    "lambda_function_name": {
      "value": "hospital-chaos-engine",
      "type": "string"
    },
    "lambda_security_group_id": {
      "value": "sg-0d3de00d4d74e72ff",
      "type": "string"
    },
    "launch_template_id": {
      "value": "lt-0223214b6a6faf055",
      "type": "string"
    },
    "nat_gateway_ips": {
      "value": {
        "az1": "3.131.62.15",
        "az2": "3.16.176.98"
      },
      "type": [
        "object",
        {
          "az1": "string",
          "az2": "string"
        }
      ]
    },
    "private_subnet_ids": {
      "value": [
        "subnet-0af3752e493868b5c",
        "subnet-005b237d6cf730302"
      ],
      "type": [
        "tuple",
        [
          "string",
          "string"
        ]
      ]
    },
    "public_subnet_ids": {
      "value": [
        "subnet-0a651c369a8ad2e91",
        "subnet-020af93b7a5f49837"
      ],
      "type": [
        "tuple",
        [
          "string",
          "string"
        ]
      ]
    },
    "system_health_dashboard_url": {
      "value": "https://console.aws.amazon.com/cloudwatch/home?region=us-east-2#dashboards:name=feli-dev-system-health",
      "type": "string"
    },
    "target_group_arn": {
      "value": "arn:aws:elasticloadbalancing:us-east-2:643913569214:targetgroup/incodefy-tg-dev/7cbc58619111f2be",
      "type": "string"
    },
    "vpc_cidr": {
      "value": "10.1.0.0/16",
      "type": "string"
    },
    "vpc_id": {
      "value": "vpc-0b5f6353dd7e5f629",
      "type": "string"
    }
  },
  "resources": [
    {
      "mode": "managed",
      "type": "aws_apigatewayv2_api",
      "name": "chaos_api",
      "provider": "provider[\"registry.terraform.io/hashicorp/aws\"]",
      "instances": [
        {
          "schema_version": 0,
          "attributes": {
            "api_endpoint": "https://l90z81u1ki.execute-api.us-east-2.amazonaws.com",
            "api_key_selection_expression": "$request.header.x-api-key",
            "arn": "arn:aws:apigateway:us-east-2::/apis/l90z81u1ki",
            "body": null,
            "cors_configuration": [],
            "credentials_arn": null,
            "description": "",
            "disable_execute_api_endpoint": false,
            "execution_arn": "arn:aws:execute-api:us-east-2:643913569214:l90z81u1ki",
            "fail_on_warnings": null,
            "id": "l90z81u1ki",
            "ip_address_type": "ipv4",
            "name": "incodefy-chaos-api",
            "protocol_type": "HTTP",
            "route_key": null,
            "route_selection_expression": "$request.method $request.path",
            "tags": {},
            "tags_all": {},
            "target": null,
            "version": ""
          },
          "sensitive_attributes": [],
          "identity_schema_version": 0,
          "private": "bnVsbA=="
        }
      ]
    },
    {
      "mode": "managed",
      "type": "aws_apigatewayv2_integration",
      "name": "chaos_integration",
      "provider": "provider[\"registry.terraform.io/hashicorp/aws\"]",
      "instances": [
        {
          "schema_version": 0,
          "attributes": {
            "api_id": "l90z81u1ki",
            "connection_id": "",
            "connection_type": "INTERNET",
            "content_handling_strategy": "",
            "credentials_arn": "",
            "description": "",
            "id": "rtry4om",
            "integration_method": "POST",
            "integration_response_selection_expression": "",
            "integration_subtype": "",
            "integration_type": "AWS_PROXY",
            "integration_uri": "arn:aws:apigateway:us-east-2:lambda:path/2015-03-31/functions/arn:aws:lambda:us-east-2:643913569214:function:hospital-chaos-engine/invocations",
            "passthrough_behavior": "",
            "payload_format_version": "2.0",
            "request_parameters": null,
            "request_templates": null,
            "response_parameters": [],
            "template_selection_expression": "",
            "timeout_milliseconds": 30000,
            "tls_config": []
          },
          "sensitive_attributes": [],
          "identity_schema_version": 0,
          "private": "bnVsbA==",
          "dependencies": [
            "aws_apigatewayv2_api.chaos_api",
            "aws_iam_role.lambda_exec_role",
            "aws_lambda_function.chaos_engine"
          ]
        }
      ]
    },
    {
      "mode": "managed",
      "type": "aws_apigatewayv2_route",
      "name": "chaos_route",
      "provider": "provider[\"registry.terraform.io/hashicorp/aws\"]",
      "instances": [
        {
          "schema_version": 0,
          "attributes": {
            "api_id": "l90z81u1ki",
            "api_key_required": false,
            "authorization_scopes": null,
            "authorization_type": "NONE",
            "authorizer_id": "",
            "id": "dzk6hte",
            "model_selection_expression": "",
            "operation_name": "",
            "request_models": null,
            "request_parameter": [],
            "route_key": "GET /chaos/engine",
            "route_response_selection_expression": "",
            "target": "integrations/rtry4om"
          },
          "sensitive_attributes": [],
          "identity_schema_version": 0,
          "private": "bnVsbA==",
          "dependencies": [
            "aws_apigatewayv2_api.chaos_api",
            "aws_apigatewayv2_integration.chaos_integration",
            "aws_iam_role.lambda_exec_role",
            "aws_lambda_function.chaos_engine"
          ]
        }
      ]
    },
    {
      "mode": "managed",
      "type": "aws_autoscaling_group",
      "name": "app",
      "provider": "provider[\"registry.terraform.io/hashicorp/aws\"]",
      "instances": [
        {
          "schema_version": 1,
          "attributes": {
            "arn": "arn:aws:autoscaling:us-east-2:643913569214:autoScalingGroup:d5a4f929-1c23-4b8f-9bd6-d4f7137df37b:autoScalingGroupName/incodefy-asg-dev",
            "availability_zone_distribution": [
              {
                "capacity_distribution_strategy": "balanced-best-effort"
              }
            ],
            "availability_zones": [
              "us-east-2a",
              "us-east-2b"
            ],
            "capacity_rebalance": false,
            "capacity_reservation_specification": [
              {
                "capacity_reservation_preference": "default",
                "capacity_reservation_target": []
              }
            ],
            "context": "",
            "default_cooldown": 300,
            "default_instance_warmup": 600,
            "desired_capacity": 2,
            "desired_capacity_type": "",
            "enabled_metrics": [
              "GroupDesiredCapacity",
              "GroupInServiceInstances",
              "GroupMaxSize",
              "GroupMinSize",
              "GroupPendingInstances",
              "GroupStandbyInstances",
              "GroupTerminatingInstances",
              "GroupTotalInstances"
            ],
            "force_delete": false,
            "force_delete_warm_pool": false,
            "health_check_grace_period": 600,
            "health_check_type": "ELB",
            "id": "incodefy-asg-dev",
            "ignore_failed_scaling_activities": false,
            "initial_lifecycle_hook": [],
            "instance_maintenance_policy": [],
            "instance_refresh": [],
            "launch_configuration": "",
            "launch_template": [
              {
                "id": "lt-0223214b6a6faf055",
                "name": "incodefy-lt-dev-2025120101380396490000000a",
                "version": "$Latest"
              }
            ],
            "load_balancers": [],
            "max_instance_lifetime": 0,
            "max_size": 6,
            "metrics_granularity": "1Minute",
            "min_elb_capacity": null,
            "min_size": 2,
            "mixed_instances_policy": [],
            "name": "incodefy-asg-dev",
            "name_prefix": "",
            "placement_group": "",
            "predicted_capacity": 0,
            "protect_from_scale_in": false,
            "service_linked_role_arn": "arn:aws:iam::643913569214:role/aws-service-role/autoscaling.amazonaws.com/AWSServiceRoleForAutoScaling",
            "suspended_processes": [],
            "tag": [
              {
                "key": "Environment",
                "propagate_at_launch": true,
                "value": "dev"
              },
              {
                "key": "Name",
                "propagate_at_launch": true,
                "value": "incodefy-asg-instance-dev"
              },
              {
                "key": "Project",
                "propagate_at_launch": true,
                "value": "incodefy"
              }
            ],
            "target_group_arns": [
              "arn:aws:elasticloadbalancing:us-east-2:643913569214:targetgroup/incodefy-tg-dev/7cbc58619111f2be"
            ],
            "termination_policies": [],
            "timeouts": null,
            "traffic_source": [
              {
                "identifier": "arn:aws:elasticloadbalancing:us-east-2:643913569214:targetgroup/incodefy-tg-dev/7cbc58619111f2be",
                "type": "elbv2"
              }
            ],
            "vpc_zone_identifier": [
              "subnet-005b237d6cf730302",
              "subnet-0af3752e493868b5c"
            ],
            "wait_for_capacity_timeout": "10m",
            "wait_for_elb_capacity": null,
            "warm_pool": [],
            "warm_pool_size": 0
          },
          "sensitive_attributes": [],
          "identity_schema_version": 0,
          "private": "eyJlMmJmYjczMC1lY2FhLTExZTYtOGY4OC0zNDM2M2JjN2M0YzAiOnsiZGVsZXRlIjo2MDAwMDAwMDAwMDAsInVwZGF0ZSI6NjAwMDAwMDAwMDAwfSwic2NoZW1hX3ZlcnNpb24iOiIxIn0=",
          "dependencies": [
            "aws_iam_instance_profile.ec2_app",
            "aws_iam_role.ec2_app",
            "aws_launch_template.app",
            "aws_lb_target_group.app",
            "aws_security_group.alb",
            "aws_security_group.ec2_app",
            "aws_subnet.private_az1",
            "aws_subnet.private_az2",
            "aws_vpc.main"
          ],
          "create_before_destroy": true
        }
      ]
    },
    {
      "mode": "managed",
      "type": "aws_cloudwatch_dashboard",
      "name": "chaos_experiments",
      "provider": "provider[\"registry.terraform.io/hashicorp/aws\"]",
      "instances": [
        {
          "schema_version": 0,
          "attributes": {
            "dashboard_arn": "arn:aws:cloudwatch::643913569214:dashboard/feli-dev-chaos-experiments",
            "dashboard_body": "{\"widgets\":[{\"height\":6,\"properties\":{\"metrics\":[[\"incodefy\",\"ActiveExperiments\",{\"period\":60,\"stat\":\"Sum\"}]],\"region\":\"us-east-2\",\"title\":\"Active Chaos Experiments\",\"view\":\"singleValue\"},\"type\":\"metric\",\"width\":6},{\"height\":6,\"properties\":{\"metrics\":[[\"incodefy\",\"ExperimentSuccess\",{\"period\":300,\"stat\":\"Average\"}]],\"region\":\"us-east-2\",\"title\":\"Experiment Success Rate\",\"view\":\"gauge\",\"yAxis\":{\"left\":{\"max\":100,\"min\":0}}},\"type\":\"metric\",\"width\":6},{\"height\":6,\"properties\":{\"annotations\":{\"horizontal\":[{\"color\":\"#2ca02c\",\"label\":\"SLO Target (1 min)\",\"value\":60},{\"color\":\"#d62728\",\"label\":\"Max Acceptable (5 min)\",\"value\":300}]},\"metrics\":[[\"incodefy\",\"RecoveryTime\",{\"period\":300,\"stat\":\"Average\"}]],\"region\":\"us-east-2\",\"title\":\"System Recovery Time (seconds)\",\"view\":\"timeSeries\",\"yAxis\":{\"left\":{\"min\":0}}},\"type\":\"metric\",\"width\":12},{\"height\":6,\"properties\":{\"metrics\":[[\"incodefy\",\"AffectedServices\",\"Service\",\"Login\",{\"period\":60,\"stat\":\"Sum\"}],[\"...\",\"Service\",\"Agenda\",{\"period\":60,\"stat\":\"Sum\"}],[\"...\",\"Service\",\"Catalog\",{\"period\":60,\"stat\":\"Sum\"}]],\"region\":\"us-east-2\",\"stacked\":true,\"title\":\"Affected Services\",\"view\":\"timeSeries\"},\"type\":\"metric\",\"width\":12},{\"height\":6,\"properties\":{\"query\":\"SOURCE '/aws/lambda/feli-dev-chaos-experiment'\\r\\n| fields @timestamp, @message\\r\\n| filter @message like /CHAOS_EXPERIMENT/\\r\\n| sort @timestamp desc\\r\\n| limit 20\\r\\n\",\"region\":\"us-east-2\",\"title\":\"Chaos Experiment Logs\"},\"type\":\"log\",\"width\":24}]}",
            "dashboard_name": "feli-dev-chaos-experiments",
            "id": "feli-dev-chaos-experiments"
          },
          "sensitive_attributes": [],
          "identity_schema_version": 0,
          "private": "bnVsbA=="
        }
      ]
    },
    {
      "mode": "managed",
      "type": "aws_cloudwatch_dashboard",
      "name": "system_health",
      "provider": "provider[\"registry.terraform.io/hashicorp/aws\"]",
      "instances": [
        {
          "schema_version": 0,
          "attributes": {
            "dashboard_arn": "arn:aws:cloudwatch::643913569214:dashboard/feli-dev-system-health",
            "dashboard_body": "{\"widgets\":[{\"height\":6,\"properties\":{\"annotations\":{\"horizontal\":[{\"color\":\"#2ca02c\",\"fill\":\"above\",\"label\":\"SLO Target\",\"value\":99.9},{\"color\":\"#ff7f0e\",\"fill\":\"between\",\"label\":\"Warning\",\"value\":99.5}]},\"metrics\":[[\"incodefy\",\"Availability\",{\"label\":\"Current\",\"period\":300,\"stat\":\"Average\"}]],\"region\":\"us-east-2\",\"title\":\"Login Availability (SLO: 99.9%)\",\"view\":\"gauge\",\"yAxis\":{\"left\":{\"max\":100,\"min\":95}}},\"type\":\"metric\",\"width\":6},{\"height\":6,\"properties\":{\"annotations\":{\"horizontal\":[{\"color\":\"#2ca02c\",\"fill\":\"above\",\"label\":\"SLO Target\",\"value\":99.5}]},\"metrics\":[[\"incodefy\",\"Availability\",\"Service\",\"Agenda\",{\"period\":300,\"stat\":\"Average\"}]],\"region\":\"us-east-2\",\"title\":\"Agenda Availability (SLO: 99.5%)\",\"view\":\"gauge\",\"yAxis\":{\"left\":{\"max\":100,\"min\":95}}},\"type\":\"metric\",\"width\":6},{\"height\":6,\"properties\":{\"annotations\":{\"horizontal\":[{\"color\":\"#2ca02c\",\"fill\":\"above\",\"label\":\"SLO Target\",\"value\":99.5}]},\"metrics\":[[\"incodefy\",\"Availability\",\"Service\",\"Catalog\",{\"period\":300,\"stat\":\"Average\"}]],\"region\":\"us-east-2\",\"title\":\"Catalog Availability (SLO: 99.5%)\",\"view\":\"gauge\",\"yAxis\":{\"left\":{\"max\":100,\"min\":95}}},\"type\":\"metric\",\"width\":6},{\"height\":6,\"properties\":{\"annotations\":{\"horizontal\":[{\"color\":\"#ff7f0e\",\"label\":\"Warning (30%)\",\"value\":30},{\"color\":\"#d62728\",\"label\":\"Critical (70%)\",\"value\":70}]},\"metrics\":[[\"incodefy\",\"ErrorBudgetBurnRate\",{\"period\":300,\"stat\":\"Average\"}]],\"region\":\"us-east-2\",\"title\":\"Error Budget Burn Rate\",\"view\":\"gauge\",\"yAxis\":{\"left\":{\"max\":100,\"min\":0}}},\"type\":\"metric\",\"width\":6},{\"height\":6,\"properties\":{\"metrics\":[[\"incodefy\",\"RequestCount\",{\"label\":\"Total\",\"period\":60,\"stat\":\"Sum\"}],[\"...\",\"Service\",\"Login\",{\"label\":\"Login\",\"period\":60,\"stat\":\"Sum\"}],[\"...\",\"Service\",\"Agenda\",{\"label\":\"Agenda\",\"period\":60,\"stat\":\"Sum\"}],[\"...\",\"Service\",\"Catalog\",{\"label\":\"Catalog\",\"period\":60,\"stat\":\"Sum\"}],[\"...\",\"Service\",\"Personalization\",{\"label\":\"Personalization\",\"period\":60,\"stat\":\"Sum\"}]],\"region\":\"us-east-2\",\"stacked\":false,\"title\":\"Request Rate (requests/min)\",\"view\":\"timeSeries\",\"yAxis\":{\"left\":{\"min\":0}}},\"type\":\"metric\",\"width\":12},{\"height\":6,\"properties\":{\"annotations\":{\"horizontal\":[{\"color\":\"#ff7f0e\",\"label\":\"Warning Threshold\",\"value\":1},{\"color\":\"#d62728\",\"label\":\"Critical Threshold\",\"value\":5}]},\"metrics\":[[\"incodefy\",\"4XXError\",{\"color\":\"#ff7f0e\",\"label\":\"4xx Errors\",\"period\":300,\"stat\":\"Average\"}],[\".\",\"5XXError\",{\"color\":\"#d62728\",\"label\":\"5xx Errors\",\"period\":300,\"stat\":\"Average\"}]],\"region\":\"us-east-2\",\"stacked\":true,\"title\":\"Error Rate by Type (%)\",\"view\":\"timeSeries\",\"yAxis\":{\"left\":{\"max\":10,\"min\":0}}},\"type\":\"metric\",\"width\":12},{\"height\":6,\"properties\":{\"annotations\":{\"horizontal\":[{\"color\":\"#ff7f0e\",\"label\":\"P95 SLO\",\"value\":500},{\"color\":\"#d62728\",\"label\":\"P99 SLO\",\"value\":1000}]},\"metrics\":[[\"AWS/Lambda\",\"Duration\",\"FunctionName\",\"feli-dev-login\",{\"label\":\"P50\",\"period\":300,\"stat\":\"p50\"}],[\"...\",{\"label\":\"P95\",\"period\":300,\"stat\":\"p95\"}],[\"...\",{\"label\":\"P99\",\"period\":300,\"stat\":\"p99\"}]],\"region\":\"us-east-2\",\"stacked\":false,\"title\":\"Login Latency (ms)\",\"view\":\"timeSeries\",\"yAxis\":{\"left\":{\"min\":0}}},\"type\":\"metric\",\"width\":12},{\"height\":6,\"properties\":{\"annotations\":{\"horizontal\":[{\"color\":\"#ff7f0e\",\"label\":\"P95 SLO\",\"value\":800},{\"color\":\"#d62728\",\"label\":\"P99 SLO\",\"value\":1500}]},\"metrics\":[[\"AWS/Lambda\",\"Duration\",\"FunctionName\",\"feli-dev-getAgenda\",{\"label\":\"P50\",\"period\":300,\"stat\":\"p50\"}],[\"...\",{\"label\":\"P95\",\"period\":300,\"stat\":\"p95\"}],[\"...\",{\"label\":\"P99\",\"period\":300,\"stat\":\"p99\"}]],\"region\":\"us-east-2\",\"stacked\":false,\"title\":\"Agenda Latency (ms)\",\"view\":\"timeSeries\",\"yAxis\":{\"left\":{\"min\":0}}},\"type\":\"metric\",\"width\":12},{\"height\":6,\"properties\":{\"annotations\":{\"horizontal\":[{\"color\":\"#d62728\",\"label\":\"Reserved Concurrency Limit\",\"value\":800}]},\"metrics\":[[\"AWS/Lambda\",\"ConcurrentExecutions\",{\"period\":60,\"stat\":\"Maximum\"}]],\"region\":\"us-east-2\",\"stacked\":false,\"title\":\"Lambda Concurrent Executions\",\"view\":\"timeSeries\",\"yAxis\":{\"left\":{\"min\":0}}},\"type\":\"metric\",\"width\":8},{\"height\":6,\"properties\":{\"metrics\":[[\"AWS/Lambda\",\"Throttles\",{\"period\":60,\"stat\":\"Sum\"}]],\"region\":\"us-east-2\",\"setPeriodToTimeRange\":false,\"title\":\"Lambda Throttles\",\"view\":\"singleValue\"},\"type\":\"metric\",\"width\":8},{\"height\":6,\"properties\":{\"metrics\":[[\"AWS/Lambda\",\"Errors\",{\"period\":60,\"stat\":\"Sum\"}]],\"region\":\"us-east-2\",\"setPeriodToTimeRange\":false,\"title\":\"Lambda Errors\",\"view\":\"singleValue\"},\"type\":\"metric\",\"width\":8},{\"height\":6,\"properties\":{\"metrics\":[[\"AWS/DynamoDB\",\"ConsumedReadCapacityUnits\",\"TableName\",\"feli-dev-agenda\",{\"label\":\"Read\",\"period\":60,\"stat\":\"Sum\"}],[\".\",\"ConsumedWriteCapacityUnits\",\".\",\".\",{\"label\":\"Write\",\"period\":60,\"stat\":\"Sum\"}]],\"region\":\"us-east-2\",\"stacked\":false,\"title\":\"DynamoDB Read/Write Capacity (Units/sec)\",\"view\":\"timeSeries\",\"yAxis\":{\"left\":{\"min\":0}}},\"type\":\"metric\",\"width\":12},{\"height\":6,\"properties\":{\"metrics\":[[\"AWS/DynamoDB\",\"UserErrors\",\"TableName\",\"feli-dev-agenda\",{\"period\":60,\"stat\":\"Sum\"}]],\"region\":\"us-east-2\",\"stacked\":false,\"title\":\"DynamoDB Throttles\",\"view\":\"timeSeries\",\"yAxis\":{\"left\":{\"min\":0}}},\"type\":\"metric\",\"width\":12},{\"height\":6,\"properties\":{\"metrics\":[[\"incodefy\",\"EstimatedCost\",\"Service\",\"Lambda\",{\"period\":86400,\"stat\":\"Sum\"}],[\"...\",\"Service\",\"DynamoDB\",{\"period\":86400,\"stat\":\"Sum\"}],[\"...\",\"Service\",\"APIGateway\",{\"period\":86400,\"stat\":\"Sum\"}]],\"region\":\"us-east-2\",\"stacked\":true,\"title\":\"Estimated Daily Cost (USD)\",\"view\":\"timeSeries\",\"yAxis\":{\"left\":{\"min\":0}}},\"type\":\"metric\",\"width\":24}]}",
            "dashboard_name": "feli-dev-system-health",
            "id": "feli-dev-system-health"
          },
          "sensitive_attributes": [],
          "identity_schema_version": 0,
          "private": "bnVsbA=="
        }
      ]
    },
    {
      "mode": "managed",
      "type": "aws_cloudwatch_event_rule",
      "name": "guardduty_findings",
      "provider": "provider[\"registry.terraform.io/hashicorp/aws\"]",
      "instances": []
    },
    {
      "mode": "managed",
      "type": "aws_cloudwatch_event_rule",
      "name": "weekly_chaos_experiment",
      "provider": "provider[\"registry.terraform.io/hashicorp/aws\"]",
      "instances": []
    },
    {
      "mode": "managed",
      "type": "aws_cloudwatch_event_target",
      "name": "chaos_executor",
      "provider": "provider[\"registry.terraform.io/hashicorp/aws\"]",
      "instances": []
    },
    {
      "mode": "managed",
      "type": "aws_cloudwatch_event_target",
      "name": "guardduty_sns",
      "provider": "provider[\"registry.terraform.io/hashicorp/aws\"]",
      "instances": []
    },
    {
      "mode": "managed",
      "type": "aws_cloudwatch_log_group",
      "name": "chaos_experiments",
      "provider": "provider[\"registry.terraform.io/hashicorp/aws\"]",
      "instances": []
    },
    {
      "mode": "managed",
      "type": "aws_cloudwatch_log_group",
      "name": "guardduty_logs",
      "provider": "provider[\"registry.terraform.io/hashicorp/aws\"]",
      "instances": []
    },
    {
      "mode": "managed",
      "type": "aws_cloudwatch_log_group",
      "name": "waf_logs",
      "provider": "provider[\"registry.terraform.io/hashicorp/aws\"]",
      "instances": []
    },
    {
      "mode": "managed",
      "type": "aws_cloudwatch_metric_alarm",
      "name": "availability_critical",
      "provider": "provider[\"registry.terraform.io/hashicorp/aws\"]",
      "instances": [
        {
          "index_key": "agenda",
          "schema_version": 1,
          "attributes": {
            "actions_enabled": true,
            "alarm_actions": [
              "arn:aws:sns:us-east-2:643913569214:feli-dev-critical-alarms"
            ],
            "alarm_description": "CRITICAL: Availability for agenda is below 99%",
            "alarm_name": "feli-dev-agenda-availability-critical",
            "arn": "arn:aws:cloudwatch:us-east-2:643913569214:alarm:feli-dev-agenda-availability-critical",
            "comparison_operator": "LessThanThreshold",
            "datapoints_to_alarm": 0,
            "dimensions": {
              "Service": "Agenda"
            },
            "evaluate_low_sample_count_percentiles": "",
            "evaluation_periods": 1,
            "extended_statistic": "",
            "id": "feli-dev-agenda-availability-critical",
            "insufficient_data_actions": null,
            "metric_name": "Availability",
            "metric_query": [],
            "namespace": "incodefy",
            "ok_actions": [
              "arn:aws:sns:us-east-2:643913569214:feli-dev-critical-alarms"
            ],
            "period": 300,
            "statistic": "Average",
            "tags": {
              "Environment": "dev",
              "Service": "agenda",
              "Severity": "critical"
            },
            "tags_all": {
              "Environment": "dev",
              "Service": "agenda",
              "Severity": "critical"
            },
            "threshold": 99,
            "threshold_metric_id": "",
            "treat_missing_data": "breaching",
            "unit": ""
          },
          "sensitive_attributes": [],
          "identity_schema_version": 0,
          "private": "eyJzY2hlbWFfdmVyc2lvbiI6IjEifQ==",
          "dependencies": [
            "aws_sns_topic.critical_alarms"
          ]
        },
        {
          "index_key": "catalog",
          "schema_version": 1,
          "attributes": {
            "actions_enabled": true,
            "alarm_actions": [
              "arn:aws:sns:us-east-2:643913569214:feli-dev-critical-alarms"
            ],
            "alarm_description": "CRITICAL: Availability for catalog is below 99%",
            "alarm_name": "feli-dev-catalog-availability-critical",
            "arn": "arn:aws:cloudwatch:us-east-2:643913569214:alarm:feli-dev-catalog-availability-critical",
            "comparison_operator": "LessThanThreshold",
            "datapoints_to_alarm": 0,
            "dimensions": {
              "Service": "Catalog"
            },
            "evaluate_low_sample_count_percentiles": "",
            "evaluation_periods": 1,
            "extended_statistic": "",
            "id": "feli-dev-catalog-availability-critical",
            "insufficient_data_actions": null,
            "metric_name": "Availability",
            "metric_query": [],
            "namespace": "incodefy",
            "ok_actions": [
              "arn:aws:sns:us-east-2:643913569214:feli-dev-critical-alarms"
            ],
            "period": 300,
            "statistic": "Average",
            "tags": {
              "Environment": "dev",
              "Service": "catalog",
              "Severity": "critical"
            },
            "tags_all": {
              "Environment": "dev",
              "Service": "catalog",
              "Severity": "critical"
            },
            "threshold": 99,
            "threshold_metric_id": "",
            "treat_missing_data": "breaching",
            "unit": ""
          },
          "sensitive_attributes": [],
          "identity_schema_version": 0,
          "private": "eyJzY2hlbWFfdmVyc2lvbiI6IjEifQ==",
          "dependencies": [
            "aws_sns_topic.critical_alarms"
          ]
        },
        {
          "index_key": "login",
          "schema_version": 1,
          "attributes": {
            "actions_enabled": true,
            "alarm_actions": [
              "arn:aws:sns:us-east-2:643913569214:feli-dev-critical-alarms"
            ],
            "alarm_description": "CRITICAL: Availability for login is below 99%",
            "alarm_name": "feli-dev-login-availability-critical",
            "arn": "arn:aws:cloudwatch:us-east-2:643913569214:alarm:feli-dev-login-availability-critical",
            "comparison_operator": "LessThanThreshold",
            "datapoints_to_alarm": 0,
            "dimensions": {
              "Service": "Login"
            },
            "evaluate_low_sample_count_percentiles": "",
            "evaluation_periods": 1,
            "extended_statistic": "",
            "id": "feli-dev-login-availability-critical",
            "insufficient_data_actions": null,
            "metric_name": "Availability",
            "metric_query": [],
            "namespace": "incodefy",
            "ok_actions": [
              "arn:aws:sns:us-east-2:643913569214:feli-dev-critical-alarms"
            ],
            "period": 300,
            "statistic": "Average",
            "tags": {
              "Environment": "dev",
              "Service": "login",
              "Severity": "critical"
            },
            "tags_all": {
              "Environment": "dev",
              "Service": "login",
              "Severity": "critical"
            },
            "threshold": 99,
            "threshold_metric_id": "",
            "treat_missing_data": "breaching",
            "unit": ""
          },
          "sensitive_attributes": [],
          "identity_schema_version": 0,
          "private": "eyJzY2hlbWFfdmVyc2lvbiI6IjEifQ==",
          "dependencies": [
            "aws_sns_topic.critical_alarms"
          ]
        },
        {
          "index_key": "personalization",
          "schema_version": 1,
          "attributes": {
            "actions_enabled": true,
            "alarm_actions": [
              "arn:aws:sns:us-east-2:643913569214:feli-dev-critical-alarms"
            ],
            "alarm_description": "CRITICAL: Availability for personalization is below 99%",
            "alarm_name": "feli-dev-personalization-availability-critical",
            "arn": "arn:aws:cloudwatch:us-east-2:643913569214:alarm:feli-dev-personalization-availability-critical",
            "comparison_operator": "LessThanThreshold",
            "datapoints_to_alarm": 0,
            "dimensions": {
              "Service": "Personalization"
            },
            "evaluate_low_sample_count_percentiles": "",
            "evaluation_periods": 1,
            "extended_statistic": "",
            "id": "feli-dev-personalization-availability-critical",
            "insufficient_data_actions": null,
            "metric_name": "Availability",
            "metric_query": [],
            "namespace": "incodefy",
            "ok_actions": [
              "arn:aws:sns:us-east-2:643913569214:feli-dev-critical-alarms"
            ],
            "period": 300,
            "statistic": "Average",
            "tags": {
              "Environment": "dev",
              "Service": "personalization",
              "Severity": "critical"
            },
            "tags_all": {
              "Environment": "dev",
              "Service": "personalization",
              "Severity": "critical"
            },
            "threshold": 99,
            "threshold_metric_id": "",
            "treat_missing_data": "breaching",
            "unit": ""
          },
          "sensitive_attributes": [],
          "identity_schema_version": 0,
          "private": "eyJzY2hlbWFfdmVyc2lvbiI6IjEifQ==",
          "dependencies": [
            "aws_sns_topic.critical_alarms"
          ]
        }
      ]
    },
    {
      "mode": "managed",
      "type": "aws_cloudwatch_metric_alarm",
      "name": "availability_warning",
      "provider": "provider[\"registry.terraform.io/hashicorp/aws\"]",
      "instances": [
        {
          "index_key": "agenda",
          "schema_version": 1,
          "attributes": {
            "actions_enabled": true,
            "alarm_actions": [
              "arn:aws:sns:us-east-2:643913569214:feli-dev-cloudwatch-alarms"
            ],
            "alarm_description": "Availability for agenda is below 99.45%",
            "alarm_name": "feli-dev-agenda-availability-warning",
            "arn": "arn:aws:cloudwatch:us-east-2:643913569214:alarm:feli-dev-agenda-availability-warning",
            "comparison_operator": "LessThanThreshold",
            "datapoints_to_alarm": 0,
            "dimensions": {
              "Service": "Agenda"
            },
            "evaluate_low_sample_count_percentiles": "",
            "evaluation_periods": 2,
            "extended_statistic": "",
            "id": "feli-dev-agenda-availability-warning",
            "insufficient_data_actions": null,
            "metric_name": "Availability",
            "metric_query": [],
            "namespace": "incodefy",
            "ok_actions": [
              "arn:aws:sns:us-east-2:643913569214:feli-dev-cloudwatch-alarms"
            ],
            "period": 300,
            "statistic": "Average",
            "tags": {
              "Environment": "dev",
              "Service": "agenda",
              "Severity": "warning"
            },
            "tags_all": {
              "Environment": "dev",
              "Service": "agenda",
              "Severity": "warning"
            },
            "threshold": 99.45,
            "threshold_metric_id": "",
            "treat_missing_data": "notBreaching",
            "unit": ""
          },
          "sensitive_attributes": [],
          "identity_schema_version": 0,
          "private": "eyJzY2hlbWFfdmVyc2lvbiI6IjEifQ==",
          "dependencies": [
            "aws_sns_topic.cloudwatch_alarms"
          ]
        },
        {
          "index_key": "catalog",
          "schema_version": 1,
          "attributes": {
            "actions_enabled": true,
            "alarm_actions": [
              "arn:aws:sns:us-east-2:643913569214:feli-dev-cloudwatch-alarms"
            ],
            "alarm_description": "Availability for catalog is below 99.45%",
            "alarm_name": "feli-dev-catalog-availability-warning",
            "arn": "arn:aws:cloudwatch:us-east-2:643913569214:alarm:feli-dev-catalog-availability-warning",
            "comparison_operator": "LessThanThreshold",
            "datapoints_to_alarm": 0,
            "dimensions": {
              "Service": "Catalog"
            },
            "evaluate_low_sample_count_percentiles": "",
            "evaluation_periods": 2,
            "extended_statistic": "",
            "id": "feli-dev-catalog-availability-warning",
            "insufficient_data_actions": null,
            "metric_name": "Availability",
            "metric_query": [],
            "namespace": "incodefy",
            "ok_actions": [
              "arn:aws:sns:us-east-2:643913569214:feli-dev-cloudwatch-alarms"
            ],
            "period": 300,
            "statistic": "Average",
            "tags": {
              "Environment": "dev",
              "Service": "catalog",
              "Severity": "warning"
            },
            "tags_all": {
              "Environment": "dev",
              "Service": "catalog",
              "Severity": "warning"
            },
            "threshold": 99.45,
            "threshold_metric_id": "",
            "treat_missing_data": "notBreaching",
            "unit": ""
          },
          "sensitive_attributes": [],
          "identity_schema_version": 0,
          "private": "eyJzY2hlbWFfdmVyc2lvbiI6IjEifQ==",
          "dependencies": [
            "aws_sns_topic.cloudwatch_alarms"
          ]
        },
        {
          "index_key": "login",
          "schema_version": 1,
          "attributes": {
            "actions_enabled": true,
            "alarm_actions": [
              "arn:aws:sns:us-east-2:643913569214:feli-dev-cloudwatch-alarms"
            ],
            "alarm_description": "Availability for login is below 99.85%",
            "alarm_name": "feli-dev-login-availability-warning",
            "arn": "arn:aws:cloudwatch:us-east-2:643913569214:alarm:feli-dev-login-availability-warning",
            "comparison_operator": "LessThanThreshold",
            "datapoints_to_alarm": 0,
            "dimensions": {
              "Service": "Login"
            },
            "evaluate_low_sample_count_percentiles": "",
            "evaluation_periods": 2,
            "extended_statistic": "",
            "id": "feli-dev-login-availability-warning",
            "insufficient_data_actions": null,
            "metric_name": "Availability",
            "metric_query": [],
            "namespace": "incodefy",
            "ok_actions": [
              "arn:aws:sns:us-east-2:643913569214:feli-dev-cloudwatch-alarms"
            ],
            "period": 300,
            "statistic": "Average",
            "tags": {
              "Environment": "dev",
              "Service": "login",
              "Severity": "warning"
            },
            "tags_all": {
              "Environment": "dev",
              "Service": "login",
              "Severity": "warning"
            },
            "threshold": 99.85,
            "threshold_metric_id": "",
            "treat_missing_data": "notBreaching",
            "unit": ""
          },
          "sensitive_attributes": [],
          "identity_schema_version": 0,
          "private": "eyJzY2hlbWFfdmVyc2lvbiI6IjEifQ==",
          "dependencies": [
            "aws_sns_topic.cloudwatch_alarms"
          ]
        },
        {
          "index_key": "personalization",
          "schema_version": 1,
          "attributes": {
            "actions_enabled": true,
            "alarm_actions": [
              "arn:aws:sns:us-east-2:643913569214:feli-dev-cloudwatch-alarms"
            ],
            "alarm_description": "Availability for personalization is below 98.95%",
            "alarm_name": "feli-dev-personalization-availability-warning",
            "arn": "arn:aws:cloudwatch:us-east-2:643913569214:alarm:feli-dev-personalization-availability-warning",
            "comparison_operator": "LessThanThreshold",
            "datapoints_to_alarm": 0,
            "dimensions": {
              "Service": "Personalization"
            },
            "evaluate_low_sample_count_percentiles": "",
            "evaluation_periods": 2,
            "extended_statistic": "",
            "id": "feli-dev-personalization-availability-warning",
            "insufficient_data_actions": null,
            "metric_name": "Availability",
            "metric_query": [],
            "namespace": "incodefy",
            "ok_actions": [
              "arn:aws:sns:us-east-2:643913569214:feli-dev-cloudwatch-alarms"
            ],
            "period": 300,
            "statistic": "Average",
            "tags": {
              "Environment": "dev",
              "Service": "personalization",
              "Severity": "warning"
            },
            "tags_all": {
              "Environment": "dev",
              "Service": "personalization",
              "Severity": "warning"
            },
            "threshold": 98.95,
            "threshold_metric_id": "",
            "treat_missing_data": "notBreaching",
            "unit": ""
          },
          "sensitive_attributes": [],
          "identity_schema_version": 0,
          "private": "eyJzY2hlbWFfdmVyc2lvbiI6IjEifQ==",
          "dependencies": [
            "aws_sns_topic.cloudwatch_alarms"
          ]
        }
      ]
    },
    {
      "mode": "managed",
      "type": "aws_cloudwatch_metric_alarm",
      "name": "chaos_latency_alarm",
      "provider": "provider[\"registry.terraform.io/hashicorp/aws\"]",
      "instances": [
        {
          "schema_version": 1,
          "attributes": {
            "actions_enabled": true,
            "alarm_actions": [
              "arn:aws:sns:us-east-2:643913569214:incodefy-chaos-alerts"
            ],
            "alarm_description": "Latencia alta en la Lambda Chaos Engine",
            "alarm_name": "ChaosLatencyHigh",
            "arn": "arn:aws:cloudwatch:us-east-2:643913569214:alarm:ChaosLatencyHigh",
            "comparison_operator": "GreaterThanThreshold",
            "datapoints_to_alarm": 0,
            "dimensions": {
              "FunctionName": "hospital-chaos-engine"
            },
            "evaluate_low_sample_count_percentiles": "",
            "evaluation_periods": 1,
            "extended_statistic": "",
            "id": "ChaosLatencyHigh",
            "insufficient_data_actions": null,
            "metric_name": "Duration",
            "metric_query": [],
            "namespace": "AWS/Lambda",
            "ok_actions": null,
            "period": 60,
            "statistic": "Average",
            "tags": null,
            "tags_all": {},
            "threshold": 4000,
            "threshold_metric_id": "",
            "treat_missing_data": "missing",
            "unit": ""
          },
          "sensitive_attributes": [],
          "identity_schema_version": 0,
          "private": "eyJzY2hlbWFfdmVyc2lvbiI6IjEifQ==",
          "dependencies": [
            "aws_iam_role.lambda_exec_role",
            "aws_lambda_function.chaos_engine",
            "aws_sns_topic.chaos_alerts"
          ]
        }
      ]
    },
    {
      "mode": "managed",
      "type": "aws_cloudwatch_metric_alarm",
      "name": "dynamodb_throttles",
      "provider": "provider[\"registry.terraform.io/hashicorp/aws\"]",
      "instances": [
        {
          "schema_version": 1,
          "attributes": {
            "actions_enabled": true,
            "alarm_actions": [
              "arn:aws:sns:us-east-2:643913569214:feli-dev-critical-alarms"
            ],
            "alarm_description": "CRITICAL: DynamoDB throttling detected",
            "alarm_name": "feli-dev-dynamodb-throttles",
            "arn": "arn:aws:cloudwatch:us-east-2:643913569214:alarm:feli-dev-dynamodb-throttles",
            "comparison_operator": "GreaterThanThreshold",
            "datapoints_to_alarm": 0,
            "dimensions": null,
            "evaluate_low_sample_count_percentiles": "",
            "evaluation_periods": 1,
            "extended_statistic": "",
            "id": "feli-dev-dynamodb-throttles",
            "insufficient_data_actions": null,
            "metric_name": "UserErrors",
            "metric_query": [],
            "namespace": "AWS/DynamoDB",
            "ok_actions": null,
            "period": 60,
            "statistic": "Sum",
            "tags": {
              "Environment": "dev",
              "Severity": "critical"
            },
            "tags_all": {
              "Environment": "dev",
              "Severity": "critical"
            },
            "threshold": 50,
            "threshold_metric_id": "",
            "treat_missing_data": "notBreaching",
            "unit": ""
          },
          "sensitive_attributes": [],
          "identity_schema_version": 0,
          "private": "eyJzY2hlbWFfdmVyc2lvbiI6IjEifQ==",
          "dependencies": [
            "aws_sns_topic.critical_alarms"
          ]
        }
      ]
    },
    {
      "mode": "managed",
      "type": "aws_cloudwatch_metric_alarm",
      "name": "error_rate_warning",
      "provider": "provider[\"registry.terraform.io/hashicorp/aws\"]",
      "instances": [
        {
          "index_key": "agenda",
          "schema_version": 1,
          "attributes": {
            "actions_enabled": true,
            "alarm_actions": [
              "arn:aws:sns:us-east-2:643913569214:feli-dev-cloudwatch-alarms"
            ],
            "alarm_description": "Error rate for agenda is high",
            "alarm_name": "feli-dev-agenda-error-rate-warning",
            "arn": "arn:aws:cloudwatch:us-east-2:643913569214:alarm:feli-dev-agenda-error-rate-warning",
            "comparison_operator": "GreaterThanThreshold",
            "datapoints_to_alarm": 0,
            "dimensions": {
              "FunctionName": "feli-dev-agenda"
            },
            "evaluate_low_sample_count_percentiles": "",
            "evaluation_periods": 2,
            "extended_statistic": "",
            "id": "feli-dev-agenda-error-rate-warning",
            "insufficient_data_actions": null,
            "metric_name": "Errors",
            "metric_query": [],
            "namespace": "AWS/Lambda",
            "ok_actions": null,
            "period": 300,
            "statistic": "Sum",
            "tags": {
              "Environment": "dev",
              "Service": "agenda",
              "Severity": "warning"
            },
            "tags_all": {
              "Environment": "dev",
              "Service": "agenda",
              "Severity": "warning"
            },
            "threshold": 10,
            "threshold_metric_id": "",
            "treat_missing_data": "notBreaching",
            "unit": ""
          },
          "sensitive_attributes": [],
          "identity_schema_version": 0,
          "private": "eyJzY2hlbWFfdmVyc2lvbiI6IjEifQ==",
          "dependencies": [
            "aws_sns_topic.cloudwatch_alarms"
          ]
        },
        {
          "index_key": "catalog",
          "schema_version": 1,
          "attributes": {
            "actions_enabled": true,
            "alarm_actions": [
              "arn:aws:sns:us-east-2:643913569214:feli-dev-cloudwatch-alarms"
            ],
            "alarm_description": "Error rate for catalog is high",
            "alarm_name": "feli-dev-catalog-error-rate-warning",
            "arn": "arn:aws:cloudwatch:us-east-2:643913569214:alarm:feli-dev-catalog-error-rate-warning",
            "comparison_operator": "GreaterThanThreshold",
            "datapoints_to_alarm": 0,
            "dimensions": {
              "FunctionName": "feli-dev-catalog"
            },
            "evaluate_low_sample_count_percentiles": "",
            "evaluation_periods": 2,
            "extended_statistic": "",
            "id": "feli-dev-catalog-error-rate-warning",
            "insufficient_data_actions": null,
            "metric_name": "Errors",
            "metric_query": [],
            "namespace": "AWS/Lambda",
            "ok_actions": null,
            "period": 300,
            "statistic": "Sum",
            "tags": {
              "Environment": "dev",
              "Service": "catalog",
              "Severity": "warning"
            },
            "tags_all": {
              "Environment": "dev",
              "Service": "catalog",
              "Severity": "warning"
            },
            "threshold": 10,
            "threshold_metric_id": "",
            "treat_missing_data": "notBreaching",
            "unit": ""
          },
          "sensitive_attributes": [],
          "identity_schema_version": 0,
          "private": "eyJzY2hlbWFfdmVyc2lvbiI6IjEifQ==",
          "dependencies": [
            "aws_sns_topic.cloudwatch_alarms"
          ]
        },
        {
          "index_key": "login",
          "schema_version": 1,
          "attributes": {
            "actions_enabled": true,
            "alarm_actions": [
              "arn:aws:sns:us-east-2:643913569214:feli-dev-cloudwatch-alarms"
            ],
            "alarm_description": "Error rate for login is high",
            "alarm_name": "feli-dev-login-error-rate-warning",
            "arn": "arn:aws:cloudwatch:us-east-2:643913569214:alarm:feli-dev-login-error-rate-warning",
            "comparison_operator": "GreaterThanThreshold",
            "datapoints_to_alarm": 0,
            "dimensions": {
              "FunctionName": "feli-dev-login"
            },
            "evaluate_low_sample_count_percentiles": "",
            "evaluation_periods": 2,
            "extended_statistic": "",
            "id": "feli-dev-login-error-rate-warning",
            "insufficient_data_actions": null,
            "metric_name": "Errors",
            "metric_query": [],
            "namespace": "AWS/Lambda",
            "ok_actions": null,
            "period": 300,
            "statistic": "Sum",
            "tags": {
              "Environment": "dev",
              "Service": "login",
              "Severity": "warning"
            },
            "tags_all": {
              "Environment": "dev",
              "Service": "login",
              "Severity": "warning"
            },
            "threshold": 10,
            "threshold_metric_id": "",
            "treat_missing_data": "notBreaching",
            "unit": ""
          },
          "sensitive_attributes": [],
          "identity_schema_version": 0,
          "private": "eyJzY2hlbWFfdmVyc2lvbiI6IjEifQ==",
          "dependencies": [
            "aws_sns_topic.cloudwatch_alarms"
          ]
        },
        {
          "index_key": "personalization",
          "schema_version": 1,
          "attributes": {
            "actions_enabled": true,
            "alarm_actions": [
              "arn:aws:sns:us-east-2:643913569214:feli-dev-cloudwatch-alarms"
            ],
            "alarm_description": "Error rate for personalization is high",
            "alarm_name": "feli-dev-personalization-error-rate-warning",
            "arn": "arn:aws:cloudwatch:us-east-2:643913569214:alarm:feli-dev-personalization-error-rate-warning",
            "comparison_operator": "GreaterThanThreshold",
            "datapoints_to_alarm": 0,
            "dimensions": {
              "FunctionName": "feli-dev-personalization"
            },
            "evaluate_low_sample_count_percentiles": "",
            "evaluation_periods": 2,
            "extended_statistic": "",
            "id": "feli-dev-personalization-error-rate-warning",
            "insufficient_data_actions": null,
            "metric_name": "Errors",
            "metric_query": [],
            "namespace": "AWS/Lambda",
            "ok_actions": null,
            "period": 300,
            "statistic": "Sum",
            "tags": {
              "Environment": "dev",
              "Service": "personalization",
              "Severity": "warning"
            },
            "tags_all": {
              "Environment": "dev",
              "Service": "personalization",
              "Severity": "warning"
            },
            "threshold": 10,
            "threshold_metric_id": "",
            "treat_missing_data": "notBreaching",
            "unit": ""
          },
          "sensitive_attributes": [],
          "identity_schema_version": 0,
          "private": "eyJzY2hlbWFfdmVyc2lvbiI6IjEifQ==",
          "dependencies": [
            "aws_sns_topic.cloudwatch_alarms"
          ]
        }
      ]
    },
    {
      "mode": "managed",
      "type": "aws_cloudwatch_metric_alarm",
      "name": "lambda_throttles",
      "provider": "provider[\"registry.terraform.io/hashicorp/aws\"]",
      "instances": [
        {
          "schema_version": 1,
          "attributes": {
            "actions_enabled": true,
            "alarm_actions": [
              "arn:aws:sns:us-east-2:643913569214:feli-dev-critical-alarms"
            ],
            "alarm_description": "CRITICAL: Lambda throttling detected (\u003e100 throttles/min)",
            "alarm_name": "feli-dev-lambda-throttles",
            "arn": "arn:aws:cloudwatch:us-east-2:643913569214:alarm:feli-dev-lambda-throttles",
            "comparison_operator": "GreaterThanThreshold",
            "datapoints_to_alarm": 0,
            "dimensions": null,
            "evaluate_low_sample_count_percentiles": "",
            "evaluation_periods": 1,
            "extended_statistic": "",
            "id": "feli-dev-lambda-throttles",
            "insufficient_data_actions": null,
            "metric_name": "Throttles",
            "metric_query": [],
            "namespace": "AWS/Lambda",
            "ok_actions": null,
            "period": 60,
            "statistic": "Sum",
            "tags": {
              "Environment": "dev",
              "Severity": "critical"
            },
            "tags_all": {
              "Environment": "dev",
              "Severity": "critical"
            },
            "threshold": 100,
            "threshold_metric_id": "",
            "treat_missing_data": "notBreaching",
            "unit": ""
          },
          "sensitive_attributes": [],
          "identity_schema_version": 0,
          "private": "eyJzY2hlbWFfdmVyc2lvbiI6IjEifQ==",
          "dependencies": [
            "aws_sns_topic.critical_alarms"
          ]
        }
      ]
    },
    {
      "mode": "managed",
      "type": "aws_cloudwatch_metric_alarm",
      "name": "latency_p95_warning",
      "provider": "provider[\"registry.terraform.io/hashicorp/aws\"]",
      "instances": [
        {
          "index_key": "agenda",
          "schema_version": 1,
          "attributes": {
            "actions_enabled": true,
            "alarm_actions": [
              "arn:aws:sns:us-east-2:643913569214:feli-dev-cloudwatch-alarms"
            ],
            "alarm_description": "P95 latency for agenda is above 640ms",
            "alarm_name": "feli-dev-agenda-latency-p95-warning",
            "arn": "arn:aws:cloudwatch:us-east-2:643913569214:alarm:feli-dev-agenda-latency-p95-warning",
            "comparison_operator": "GreaterThanThreshold",
            "datapoints_to_alarm": 0,
            "dimensions": {
              "FunctionName": "feli-dev-agenda"
            },
            "evaluate_low_sample_count_percentiles": "",
            "evaluation_periods": 3,
            "extended_statistic": "p95",
            "id": "feli-dev-agenda-latency-p95-warning",
            "insufficient_data_actions": null,
            "metric_name": "Duration",
            "metric_query": [],
            "namespace": "AWS/Lambda",
            "ok_actions": null,
            "period": 300,
            "statistic": "",
            "tags": {
              "Environment": "dev",
              "Service": "agenda",
              "Severity": "warning"
            },
            "tags_all": {
              "Environment": "dev",
              "Service": "agenda",
              "Severity": "warning"
            },
            "threshold": 640,
            "threshold_metric_id": "",
            "treat_missing_data": "notBreaching",
            "unit": ""
          },
          "sensitive_attributes": [],
          "identity_schema_version": 0,
          "private": "eyJzY2hlbWFfdmVyc2lvbiI6IjEifQ==",
          "dependencies": [
            "aws_sns_topic.cloudwatch_alarms"
          ]
        },
        {
          "index_key": "catalog",
          "schema_version": 1,
          "attributes": {
            "actions_enabled": true,
            "alarm_actions": [
              "arn:aws:sns:us-east-2:643913569214:feli-dev-cloudwatch-alarms"
            ],
            "alarm_description": "P95 latency for catalog is above 480ms",
            "alarm_name": "feli-dev-catalog-latency-p95-warning",
            "arn": "arn:aws:cloudwatch:us-east-2:643913569214:alarm:feli-dev-catalog-latency-p95-warning",
            "comparison_operator": "GreaterThanThreshold",
            "datapoints_to_alarm": 0,
            "dimensions": {
              "FunctionName": "feli-dev-catalog"
            },
            "evaluate_low_sample_count_percentiles": "",
            "evaluation_periods": 3,
            "extended_statistic": "p95",
            "id": "feli-dev-catalog-latency-p95-warning",
            "insufficient_data_actions": null,
            "metric_name": "Duration",
            "metric_query": [],
            "namespace": "AWS/Lambda",
            "ok_actions": null,
            "period": 300,
            "statistic": "",
            "tags": {
              "Environment": "dev",
              "Service": "catalog",
              "Severity": "warning"
            },
            "tags_all": {
              "Environment": "dev",
              "Service": "catalog",
              "Severity": "warning"
            },
            "threshold": 480,
            "threshold_metric_id": "",
            "treat_missing_data": "notBreaching",
            "unit": ""
          },
          "sensitive_attributes": [],
          "identity_schema_version": 0,
          "private": "eyJzY2hlbWFfdmVyc2lvbiI6IjEifQ==",
          "dependencies": [
            "aws_sns_topic.cloudwatch_alarms"
          ]
        },
        {
          "index_key": "login",
          "schema_version": 1,
          "attributes": {
            "actions_enabled": true,
            "alarm_actions": [
              "arn:aws:sns:us-east-2:643913569214:feli-dev-cloudwatch-alarms"
            ],
            "alarm_description": "P95 latency for login is above 400ms",
            "alarm_name": "feli-dev-login-latency-p95-warning",
            "arn": "arn:aws:cloudwatch:us-east-2:643913569214:alarm:feli-dev-login-latency-p95-warning",
            "comparison_operator": "GreaterThanThreshold",
            "datapoints_to_alarm": 0,
            "dimensions": {
              "FunctionName": "feli-dev-login"
            },
            "evaluate_low_sample_count_percentiles": "",
            "evaluation_periods": 3,
            "extended_statistic": "p95",
            "id": "feli-dev-login-latency-p95-warning",
            "insufficient_data_actions": null,
            "metric_name": "Duration",
            "metric_query": [],
            "namespace": "AWS/Lambda",
            "ok_actions": null,
            "period": 300,
            "statistic": "",
            "tags": {
              "Environment": "dev",
              "Service": "login",
              "Severity": "warning"
            },
            "tags_all": {
              "Environment": "dev",
              "Service": "login",
              "Severity": "warning"
            },
            "threshold": 400,
            "threshold_metric_id": "",
            "treat_missing_data": "notBreaching",
            "unit": ""
          },
          "sensitive_attributes": [],
          "identity_schema_version": 0,
          "private": "eyJzY2hlbWFfdmVyc2lvbiI6IjEifQ==",
          "dependencies": [
            "aws_sns_topic.cloudwatch_alarms"
          ]
        },
        {
          "index_key": "personalization",
          "schema_version": 1,
          "attributes": {
            "actions_enabled": true,
            "alarm_actions": [
              "arn:aws:sns:us-east-2:643913569214:feli-dev-cloudwatch-alarms"
            ],
            "alarm_description": "P95 latency for personalization is above 800ms",
            "alarm_name": "feli-dev-personalization-latency-p95-warning",
            "arn": "arn:aws:cloudwatch:us-east-2:643913569214:alarm:feli-dev-personalization-latency-p95-warning",
            "comparison_operator": "GreaterThanThreshold",
            "datapoints_to_alarm": 0,
            "dimensions": {
              "FunctionName": "feli-dev-personalization"
            },
            "evaluate_low_sample_count_percentiles": "",
            "evaluation_periods": 3,
            "extended_statistic": "p95",
            "id": "feli-dev-personalization-latency-p95-warning",
            "insufficient_data_actions": null,
            "metric_name": "Duration",
            "metric_query": [],
            "namespace": "AWS/Lambda",
            "ok_actions": null,
            "period": 300,
            "statistic": "",
            "tags": {
              "Environment": "dev",
              "Service": "personalization",
              "Severity": "warning"
            },
            "tags_all": {
              "Environment": "dev",
              "Service": "personalization",
              "Severity": "warning"
            },
            "threshold": 800,
            "threshold_metric_id": "",
            "treat_missing_data": "notBreaching",
            "unit": ""
          },
          "sensitive_attributes": [],
          "identity_schema_version": 0,
          "private": "eyJzY2hlbWFfdmVyc2lvbiI6IjEifQ==",
          "dependencies": [
            "aws_sns_topic.cloudwatch_alarms"
          ]
        }
      ]
    },
    {
      "mode": "managed",
      "type": "aws_cloudwatch_metric_alarm",
      "name": "latency_p99_critical",
      "provider": "provider[\"registry.terraform.io/hashicorp/aws\"]",
      "instances": [
        {
          "index_key": "agenda",
          "schema_version": 1,
          "attributes": {
            "actions_enabled": true,
            "alarm_actions": [
              "arn:aws:sns:us-east-2:643913569214:feli-dev-critical-alarms"
            ],
            "alarm_description": "CRITICAL: P99 latency for agenda is above 1800.0000000000000000000000000000000000000000000000000000000000000000000000000000000000000000000000000000000000000000000000000000000000000000000000000000002ms",
            "alarm_name": "feli-dev-agenda-latency-p99-critical",
            "arn": "arn:aws:cloudwatch:us-east-2:643913569214:alarm:feli-dev-agenda-latency-p99-critical",
            "comparison_operator": "GreaterThanThreshold",
            "datapoints_to_alarm": 0,
            "dimensions": {
              "FunctionName": "feli-dev-agenda"
            },
            "evaluate_low_sample_count_percentiles": "",
            "evaluation_periods": 2,
            "extended_statistic": "p99",
            "id": "feli-dev-agenda-latency-p99-critical",
            "insufficient_data_actions": null,
            "metric_name": "Duration",
            "metric_query": [],
            "namespace": "AWS/Lambda",
            "ok_actions": null,
            "period": 300,
            "statistic": "",
            "tags": {
              "Environment": "dev",
              "Service": "agenda",
              "Severity": "critical"
            },
            "tags_all": {
              "Environment": "dev",
              "Service": "agenda",
              "Severity": "critical"
            },
            "threshold": 1800,
            "threshold_metric_id": "",
            "treat_missing_data": "notBreaching",
            "unit": ""
          },
          "sensitive_attributes": [],
          "identity_schema_version": 0,
          "private": "eyJzY2hlbWFfdmVyc2lvbiI6IjEifQ==",
          "dependencies": [
            "aws_sns_topic.critical_alarms"
          ]
        },
        {
          "index_key": "catalog",
          "schema_version": 1,
          "attributes": {
            "actions_enabled": true,
            "alarm_actions": [
              "arn:aws:sns:us-east-2:643913569214:feli-dev-critical-alarms"
            ],
            "alarm_description": "CRITICAL: P99 latency for catalog is above 1440ms",
            "alarm_name": "feli-dev-catalog-latency-p99-critical",
            "arn": "arn:aws:cloudwatch:us-east-2:643913569214:alarm:feli-dev-catalog-latency-p99-critical",
            "comparison_operator": "GreaterThanThreshold",
            "datapoints_to_alarm": 0,
            "dimensions": {
              "FunctionName": "feli-dev-catalog"
            },
            "evaluate_low_sample_count_percentiles": "",
            "evaluation_periods": 2,
            "extended_statistic": "p99",
            "id": "feli-dev-catalog-latency-p99-critical",
            "insufficient_data_actions": null,
            "metric_name": "Duration",
            "metric_query": [],
            "namespace": "AWS/Lambda",
            "ok_actions": null,
            "period": 300,
            "statistic": "",
            "tags": {
              "Environment": "dev",
              "Service": "catalog",
              "Severity": "critical"
            },
            "tags_all": {
              "Environment": "dev",
              "Service": "catalog",
              "Severity": "critical"
            },
            "threshold": 1440,
            "threshold_metric_id": "",
            "treat_missing_data": "notBreaching",
            "unit": ""
          },
          "sensitive_attributes": [],
          "identity_schema_version": 0,
          "private": "eyJzY2hlbWFfdmVyc2lvbiI6IjEifQ==",
          "dependencies": [
            "aws_sns_topic.critical_alarms"
          ]
        },
        {
          "index_key": "login",
          "schema_version": 1,
          "attributes": {
            "actions_enabled": true,
            "alarm_actions": [
              "arn:aws:sns:us-east-2:643913569214:feli-dev-critical-alarms"
            ],
            "alarm_description": "CRITICAL: P99 latency for login is above 1200ms",
            "alarm_name": "feli-dev-login-latency-p99-critical",
            "arn": "arn:aws:cloudwatch:us-east-2:643913569214:alarm:feli-dev-login-latency-p99-critical",
            "comparison_operator": "GreaterThanThreshold",
            "datapoints_to_alarm": 0,
            "dimensions": {
              "FunctionName": "feli-dev-login"
            },
            "evaluate_low_sample_count_percentiles": "",
            "evaluation_periods": 2,
            "extended_statistic": "p99",
            "id": "feli-dev-login-latency-p99-critical",
            "insufficient_data_actions": null,
            "metric_name": "Duration",
            "metric_query": [],
            "namespace": "AWS/Lambda",
            "ok_actions": null,
            "period": 300,
            "statistic": "",
            "tags": {
              "Environment": "dev",
              "Service": "login",
              "Severity": "critical"
            },
            "tags_all": {
              "Environment": "dev",
              "Service": "login",
              "Severity": "critical"
            },
            "threshold": 1200,
            "threshold_metric_id": "",
            "treat_missing_data": "notBreaching",
            "unit": ""
          },
          "sensitive_attributes": [],
          "identity_schema_version": 0,
          "private": "eyJzY2hlbWFfdmVyc2lvbiI6IjEifQ==",
          "dependencies": [
            "aws_sns_topic.critical_alarms"
          ]
        },
        {
          "index_key": "personalization",
          "schema_version": 1,
          "attributes": {
            "actions_enabled": true,
            "alarm_actions": [
              "arn:aws:sns:us-east-2:643913569214:feli-dev-critical-alarms"
            ],
            "alarm_description": "CRITICAL: P99 latency for personalization is above 2400ms",
            "alarm_name": "feli-dev-personalization-latency-p99-critical",
            "arn": "arn:aws:cloudwatch:us-east-2:643913569214:alarm:feli-dev-personalization-latency-p99-critical",
            "comparison_operator": "GreaterThanThreshold",
            "datapoints_to_alarm": 0,
            "dimensions": {
              "FunctionName": "feli-dev-personalization"
            },
            "evaluate_low_sample_count_percentiles": "",
            "evaluation_periods": 2,
            "extended_statistic": "p99",
            "id": "feli-dev-personalization-latency-p99-critical",
            "insufficient_data_actions": null,
            "metric_name": "Duration",
            "metric_query": [],
            "namespace": "AWS/Lambda",
            "ok_actions": null,
            "period": 300,
            "statistic": "",
            "tags": {
              "Environment": "dev",
              "Service": "personalization",
              "Severity": "critical"
            },
            "tags_all": {
              "Environment": "dev",
              "Service": "personalization",
              "Severity": "critical"
            },
            "threshold": 2400,
            "threshold_metric_id": "",
            "treat_missing_data": "notBreaching",
            "unit": ""
          },
          "sensitive_attributes": [],
          "identity_schema_version": 0,
          "private": "eyJzY2hlbWFfdmVyc2lvbiI6IjEifQ==",
          "dependencies": [
            "aws_sns_topic.critical_alarms"
          ]
        }
      ]
    },
    {
      "mode": "managed",
      "type": "aws_cloudwatch_metric_alarm",
      "name": "waf_blocked_requests",
      "provider": "provider[\"registry.terraform.io/hashicorp/aws\"]",
      "instances": []
    },
    {
      "mode": "managed",
      "type": "aws_eip",
      "name": "nat_az1",
      "provider": "provider[\"registry.terraform.io/hashicorp/aws\"]",
      "instances": [
        {
          "schema_version": 0,
          "attributes": {
            "address": null,
            "allocation_id": "eipalloc-0327d6a7ae4437221",
            "arn": "arn:aws:ec2:us-east-2:643913569214:elastic-ip/eipalloc-0327d6a7ae4437221",
            "associate_with_private_ip": null,
            "association_id": "",
            "carrier_ip": "",
            "customer_owned_ip": "",
            "customer_owned_ipv4_pool": "",
            "domain": "vpc",
            "id": "eipalloc-0327d6a7ae4437221",
            "instance": "",
            "ipam_pool_id": null,
            "network_border_group": "us-east-2",
            "network_interface": "",
            "private_dns": null,
            "private_ip": "",
            "ptr_record": "",
            "public_dns": "ec2-3-131-62-15.us-east-2.compute.amazonaws.com",
            "public_ip": "3.131.62.15",
            "public_ipv4_pool": "amazon",
            "tags": {
              "AZ": "us-east-2a",
              "Environment": "dev",
              "Name": "incodefy-nat-eip-az1-dev",
              "Project": "incodefy"
            },
            "tags_all": {
              "AZ": "us-east-2a",
              "Environment": "dev",
              "Name": "incodefy-nat-eip-az1-dev",
              "Project": "incodefy"
            },
            "timeouts": null,
            "vpc": true
          },
          "sensitive_attributes": [],
          "identity_schema_version": 0,
          "private": "eyJlMmJmYjczMC1lY2FhLTExZTYtOGY4OC0zNDM2M2JjN2M0YzAiOnsiZGVsZXRlIjoxODAwMDAwMDAwMDAsInJlYWQiOjkwMDAwMDAwMDAwMCwidXBkYXRlIjozMDAwMDAwMDAwMDB9fQ==",
          "dependencies": [
            "aws_internet_gateway.main",
            "aws_vpc.main"
          ]
        }
      ]
    },
    {
      "mode": "managed",
      "type": "aws_eip",
      "name": "nat_az2",
      "provider": "provider[\"registry.terraform.io/hashicorp/aws\"]",
      "instances": [
        {
          "schema_version": 0,
          "attributes": {
            "address": null,
            "allocation_id": "eipalloc-0f194a8054ce42245",
            "arn": "arn:aws:ec2:us-east-2:643913569214:elastic-ip/eipalloc-0f194a8054ce42245",
            "associate_with_private_ip": null,
            "association_id": "",
            "carrier_ip": "",
            "customer_owned_ip": "",
            "customer_owned_ipv4_pool": "",
            "domain": "vpc",
            "id": "eipalloc-0f194a8054ce42245",
            "instance": "",
            "ipam_pool_id": null,
            "network_border_group": "us-east-2",
            "network_interface": "",
            "private_dns": null,
            "private_ip": "",
            "ptr_record": "",
            "public_dns": "ec2-3-16-176-98.us-east-2.compute.amazonaws.com",
            "public_ip": "3.16.176.98",
            "public_ipv4_pool": "amazon",
            "tags": {
              "AZ": "us-east-2b",
              "Environment": "dev",
              "Name": "incodefy-nat-eip-az2-dev",
              "Project": "incodefy"
            },
            "tags_all": {
              "AZ": "us-east-2b",
              "Environment": "dev",
              "Name": "incodefy-nat-eip-az2-dev",
              "Project": "incodefy"
            },
            "timeouts": null,
            "vpc": true
          },
          "sensitive_attributes": [],
          "identity_schema_version": 0,
          "private": "eyJlMmJmYjczMC1lY2FhLTExZTYtOGY4OC0zNDM2M2JjN2M0YzAiOnsiZGVsZXRlIjoxODAwMDAwMDAwMDAsInJlYWQiOjkwMDAwMDAwMDAwMCwidXBkYXRlIjozMDAwMDAwMDAwMDB9fQ==",
          "dependencies": [
            "aws_internet_gateway.main",
            "aws_vpc.main"
          ]
        }
      ]
    },
    {
      "mode": "managed",
      "type": "aws_guardduty_detector",
      "name": "main",
      "provider": "provider[\"registry.terraform.io/hashicorp/aws\"]",
      "instances": []
    },
    {
      "mode": "managed",
      "type": "aws_iam_instance_profile",
      "name": "ec2_app",
      "provider": "provider[\"registry.terraform.io/hashicorp/aws\"]",
      "instances": [
        {
          "schema_version": 0,
          "attributes": {
            "arn": "arn:aws:iam::643913569214:instance-profile/incodefy-ec2-app-profile-dev",
            "create_date": "2025-12-01T01:37:42Z",
            "id": "incodefy-ec2-app-profile-dev",
            "name": "incodefy-ec2-app-profile-dev",
            "name_prefix": "",
            "path": "/",
            "role": "incodefy-ec2-app-role-dev",
            "tags": {
              "Environment": "dev",
              "Name": "incodefy-ec2-app-profile-dev",
              "Project": "incodefy"
            },
            "tags_all": {
              "Environment": "dev",
              "Name": "incodefy-ec2-app-profile-dev",
              "Project": "incodefy"
            },
            "unique_id": "AIPAZL3B5KO7JYBYP4CLF"
          },
          "sensitive_attributes": [],
          "identity_schema_version": 0,
          "private": "bnVsbA==",
          "dependencies": [
            "aws_iam_role.ec2_app"
          ],
          "create_before_destroy": true
        }
      ]
    },
    {
      "mode": "managed",
      "type": "aws_iam_policy",
      "name": "gremlin_cloudwatch_policy",
      "provider": "provider[\"registry.terraform.io/hashicorp/aws\"]",
      "instances": [
        {
          "schema_version": 0,
          "attributes": {
            "arn": "arn:aws:iam::643913569214:policy/feli-dev-gremlin-cloudwatch",
            "attachment_count": 0,
            "description": "Permite a Gremlin publicar métricas en CloudWatch",
            "id": "arn:aws:iam::643913569214:policy/feli-dev-gremlin-cloudwatch",
            "name": "feli-dev-gremlin-cloudwatch",
            "name_prefix": "",
            "path": "/",
            "policy": "{\"Statement\":[{\"Action\":[\"cloudwatch:PutMetricData\",\"cloudwatch:GetMetricStatistics\",\"cloudwatch:ListMetrics\"],\"Effect\":\"Allow\",\"Resource\":\"*\",\"Sid\":\"CloudWatchMetrics\"},{\"Action\":[\"logs:CreateLogGroup\",\"logs:CreateLogStream\",\"logs:PutLogEvents\",\"logs:FilterLogEvents\"],\"Effect\":\"Allow\",\"Resource\":\"arn:aws:logs:us-east-2:*:log-group:/aws/lambda/feli-dev-*\",\"Sid\":\"CloudWatchLogs\"}],\"Version\":\"2012-10-17\"}",
            "policy_id": "ANPAZL3B5KO7CSDFWIXFH",
            "tags": {
              "Environment": "dev",
              "Project": "incodefy"
            },
            "tags_all": {
              "Environment": "dev",
              "Project": "incodefy"
            }
          },
          "sensitive_attributes": [],
          "identity_schema_version": 0,
          "private": "bnVsbA=="
        }
      ]
    },
    {
      "mode": "managed",
      "type": "aws_iam_policy",
      "name": "gremlin_s3_policy",
      "provider": "provider[\"registry.terraform.io/hashicorp/aws\"]",
      "instances": []
    },
    {
      "mode": "managed",
      "type": "aws_iam_policy",
      "name": "gremlin_secrets_policy",
      "provider": "provider[\"registry.terraform.io/hashicorp/aws\"]",
      "instances": []
    },
    {
      "mode": "managed",
      "type": "aws_iam_policy",
      "name": "parameter_store_read",
      "provider": "provider[\"registry.terraform.io/hashicorp/aws\"]",
      "instances": [
        {
          "schema_version": 0,
          "attributes": {
            "arn": "arn:aws:iam::643913569214:policy/incodefy-parameter-store-read-dev",
            "attachment_count": 0,
            "description": "Allow reading parameters from Parameter Store",
            "id": "arn:aws:iam::643913569214:policy/incodefy-parameter-store-read-dev",
            "name": "incodefy-parameter-store-read-dev",
            "name_prefix": "",
            "path": "/",
            "policy": "{\"Statement\":[{\"Action\":[\"ssm:GetParameter\",\"ssm:GetParameters\",\"ssm:GetParametersByPath\"],\"Effect\":\"Allow\",\"Resource\":[\"arn:aws:ssm:us-east-2:*:parameter/incodefy/dev/*\"]},{\"Action\":[\"kms:Decrypt\"],\"Effect\":\"Allow\",\"Resource\":\"*\"}],\"Version\":\"2012-10-17\"}",
            "policy_id": "ANPAZL3B5KO7OQKZ3OGDZ",
            "tags": {
              "Environment": "dev",
              "Name": "incodefy-parameter-store-read-dev",
              "Project": "incodefy"
            },
            "tags_all": {
              "Environment": "dev",
              "Name": "incodefy-parameter-store-read-dev",
              "Project": "incodefy"
            }
          },
          "sensitive_attributes": [],
          "identity_schema_version": 0,
          "private": "bnVsbA=="
        }
      ]
    },
    {
      "mode": "managed",
      "type": "aws_iam_role",
      "name": "ec2_app",
      "provider": "provider[\"registry.terraform.io/hashicorp/aws\"]",
      "instances": [
        {
          "schema_version": 0,
          "attributes": {
            "arn": "arn:aws:iam::643913569214:role/incodefy-ec2-app-role-dev",
            "assume_role_policy": "{\"Statement\":[{\"Action\":\"sts:AssumeRole\",\"Effect\":\"Allow\",\"Principal\":{\"Service\":\"ec2.amazonaws.com\"}}],\"Version\":\"2012-10-17\"}",
            "create_date": "2025-12-01T01:37:41Z",
            "description": "",
            "force_detach_policies": false,
            "id": "incodefy-ec2-app-role-dev",
            "inline_policy": [],
            "managed_policy_arns": [],
            "max_session_duration": 3600,
            "name": "incodefy-ec2-app-role-dev",
            "name_prefix": "",
            "path": "/",
            "permissions_boundary": "",
            "tags": {
              "Environment": "dev",
              "Name": "incodefy-ec2-app-role-dev",
              "Project": "incodefy"
            },
            "tags_all": {
              "Environment": "dev",
              "Name": "incodefy-ec2-app-role-dev",
              "Project": "incodefy"
            },
            "unique_id": "AROAZL3B5KO7O5EZUJVMS"
          },
          "sensitive_attributes": [],
          "identity_schema_version": 0,
          "private": "bnVsbA==",
          "create_before_destroy": true
        }
      ]
    },
    {
      "mode": "managed",
      "type": "aws_iam_role",
      "name": "gremlin_execution_role",
      "provider": "provider[\"registry.terraform.io/hashicorp/aws\"]",
      "instances": [
        {
          "schema_version": 0,
          "attributes": {
            "arn": "arn:aws:iam::643913569214:role/feli-dev-gremlin-role",
            "assume_role_policy": "{\"Statement\":[{\"Action\":\"sts:AssumeRole\",\"Effect\":\"Allow\",\"Principal\":{\"Service\":\"lambda.amazonaws.com\"}}],\"Version\":\"2012-10-17\"}",
            "create_date": "2025-12-02T03:57:41Z",
            "description": "",
            "force_detach_policies": false,
            "id": "feli-dev-gremlin-role",
            "inline_policy": [],
            "managed_policy_arns": [],
            "max_session_duration": 3600,
            "name": "feli-dev-gremlin-role",
            "name_prefix": "",
            "path": "/",
            "permissions_boundary": "",
            "tags": {
              "Environment": "dev",
              "ManagedBy": "Terraform",
              "Project": "incodefy",
              "Purpose": "Gremlin Chaos Engineering"
            },
            "tags_all": {
              "Environment": "dev",
              "ManagedBy": "Terraform",
              "Project": "incodefy",
              "Purpose": "Gremlin Chaos Engineering"
            },
            "unique_id": "AROAZL3B5KO7CFEUOGKYO"
          },
          "sensitive_attributes": [],
          "identity_schema_version": 0,
          "private": "bnVsbA=="
        }
      ]
    },
    {
      "mode": "managed",
      "type": "aws_iam_role",
      "name": "lambda_exec_role",
      "provider": "provider[\"registry.terraform.io/hashicorp/aws\"]",
      "instances": [
        {
          "schema_version": 0,
          "attributes": {
            "arn": "arn:aws:iam::643913569214:role/incodefy-chaos-engine-role",
            "assume_role_policy": "{\"Statement\":[{\"Action\":\"sts:AssumeRole\",\"Effect\":\"Allow\",\"Principal\":{\"Service\":\"lambda.amazonaws.com\"}}],\"Version\":\"2012-10-17\"}",
            "create_date": "2025-12-01T01:37:41Z",
            "description": "",
            "force_detach_policies": false,
            "id": "incodefy-chaos-engine-role",
            "inline_policy": [],
            "managed_policy_arns": [],
            "max_session_duration": 3600,
            "name": "incodefy-chaos-engine-role",
            "name_prefix": "",
            "path": "/",
            "permissions_boundary": "",
            "tags": {},
            "tags_all": {},
            "unique_id": "AROAZL3B5KO7CMT4TDUH5"
          },
          "sensitive_attributes": [],
          "identity_schema_version": 0,
          "private": "bnVsbA=="
        }
      ]
    },
    {
      "mode": "managed",
      "type": "aws_iam_role",
      "name": "vpc_flow_logs",
      "provider": "provider[\"registry.terraform.io/hashicorp/aws\"]",
      "instances": [
        {
          "schema_version": 0,
          "attributes": {
            "arn": "arn:aws:iam::643913569214:role/incodefy-vpc-flow-logs-role-dev",
            "assume_role_policy": "{\"Statement\":[{\"Action\":\"sts:AssumeRole\",\"Effect\":\"Allow\",\"Principal\":{\"Service\":\"vpc-flow-logs.amazonaws.com\"}}],\"Version\":\"2012-10-17\"}",
            "create_date": "2025-12-02T03:57:41Z",
            "description": "",
            "force_detach_policies": false,
            "id": "incodefy-vpc-flow-logs-role-dev",
            "inline_policy": [],
            "managed_policy_arns": [],
            "max_session_duration": 3600,
            "name": "incodefy-vpc-flow-logs-role-dev",
            "name_prefix": "",
            "path": "/",
            "permissions_boundary": "",
            "tags": {
              "Environment": "dev",
              "Name": "incodefy-vpc-flow-logs-role-dev",
              "Project": "incodefy"
            },
            "tags_all": {
              "Environment": "dev",
              "Name": "incodefy-vpc-flow-logs-role-dev",
              "Project": "incodefy"
            },
            "unique_id": "AROAZL3B5KO7IDFQOJVVU"
          },
          "sensitive_attributes": [],
          "identity_schema_version": 0,
          "private": "bnVsbA=="
        }
      ]
    },
    {
      "mode": "managed",
      "type": "aws_iam_role_policy",
      "name": "ec2_cloudwatch_logs",
      "provider": "provider[\"registry.terraform.io/hashicorp/aws\"]",
      "instances": [
        {
          "schema_version": 0,
          "attributes": {
            "id": "incodefy-ec2-app-role-dev:incodefy-ec2-cloudwatch-logs-dev",
            "name": "incodefy-ec2-cloudwatch-logs-dev",
            "name_prefix": "",
            "policy": "{\"Version\":\"2012-10-17\",\"Statement\":[{\"Action\":[\"logs:CreateLogGroup\",\"logs:CreateLogStream\",\"logs:PutLogEvents\",\"logs:DescribeLogStreams\"],\"Effect\":\"Allow\",\"Resource\":\"arn:aws:logs:us-east-2:*:log-group:/aws/ec2/incodefy/*\"}]}",
            "role": "incodefy-ec2-app-role-dev"
          },
          "sensitive_attributes": [],
          "identity_schema_version": 0,
          "private": "bnVsbA==",
          "dependencies": [
            "aws_iam_role.ec2_app"
          ]
        }
      ]
    },
    {
      "mode": "managed",
      "type": "aws_iam_role_policy",
      "name": "ec2_parameter_store",
      "provider": "provider[\"registry.terraform.io/hashicorp/aws\"]",
      "instances": [
        {
          "schema_version": 0,
          "attributes": {
            "id": "incodefy-ec2-app-role-dev:incodefy-ec2-parameter-store-dev",
            "name": "incodefy-ec2-parameter-store-dev",
            "name_prefix": "",
            "policy": "{\"Version\":\"2012-10-17\",\"Statement\":[{\"Action\":[\"ssm:GetParameter\",\"ssm:GetParameters\",\"ssm:GetParametersByPath\"],\"Effect\":\"Allow\",\"Resource\":\"arn:aws:ssm:us-east-2:*:parameter/incodefy/dev/*\"},{\"Action\":[\"kms:Decrypt\"],\"Effect\":\"Allow\",\"Resource\":\"*\"}]}",
            "role": "incodefy-ec2-app-role-dev"
          },
          "sensitive_attributes": [],
          "identity_schema_version": 0,
          "private": "bnVsbA==",
          "dependencies": [
            "aws_iam_role.ec2_app"
          ]
        }
      ]
    },
    {
      "mode": "managed",
      "type": "aws_iam_role_policy",
      "name": "vpc_flow_logs",
      "provider": "provider[\"registry.terraform.io/hashicorp/aws\"]",
      "instances": [
        {
          "schema_version": 0,
          "attributes": {
            "id": "incodefy-vpc-flow-logs-role-dev:incodefy-vpc-flow-logs-policy-dev",
            "name": "incodefy-vpc-flow-logs-policy-dev",
            "name_prefix": "",
            "policy": "{\"Version\":\"2012-10-17\",\"Statement\":[{\"Action\":[\"logs:CreateLogGroup\",\"logs:CreateLogStream\",\"logs:PutLogEvents\",\"logs:DescribeLogGroups\",\"logs:DescribeLogStreams\"],\"Effect\":\"Allow\",\"Resource\":\"*\"}]}",
            "role": "incodefy-vpc-flow-logs-role-dev"
          },
          "sensitive_attributes": [],
          "identity_schema_version": 0,
          "private": "bnVsbA==",
          "dependencies": [
            "aws_iam_role.vpc_flow_logs"
          ]
        }
      ]
    },
    {
      "mode": "managed",
      "type": "aws_iam_role_policy_attachment",
      "name": "ec2_parameter_store",
      "provider": "provider[\"registry.terraform.io/hashicorp/aws\"]",
      "instances": [
        {
          "schema_version": 0,
          "attributes": {
            "id": "incodefy-ec2-app-role-dev-20251202035742774900000007",
            "policy_arn": "arn:aws:iam::643913569214:policy/incodefy-parameter-store-read-dev",
            "role": "incodefy-ec2-app-role-dev"
          },
          "sensitive_attributes": [],
          "identity_schema_version": 0,
          "private": "bnVsbA==",
          "dependencies": [
            "aws_iam_policy.parameter_store_read",
            "aws_iam_role.ec2_app"
          ]
        }
      ]
    },
    {
      "mode": "managed",
      "type": "aws_iam_role_policy_attachment",
      "name": "ec2_ssm",
      "provider": "provider[\"registry.terraform.io/hashicorp/aws\"]",
      "instances": [
        {
          "schema_version": 0,
          "attributes": {
            "id": "incodefy-ec2-app-role-dev-20251202035739990000000003",
            "policy_arn": "arn:aws:iam::aws:policy/AmazonSSMManagedInstanceCore",
            "role": "incodefy-ec2-app-role-dev"
          },
          "sensitive_attributes": [],
          "identity_schema_version": 0,
          "private": "bnVsbA==",
          "dependencies": [
            "aws_iam_role.ec2_app"
          ]
        }
      ]
    },
    {
      "mode": "managed",
      "type": "aws_iam_role_policy_attachment",
      "name": "gremlin_cloudwatch_attach",
      "provider": "provider[\"registry.terraform.io/hashicorp/aws\"]",
      "instances": [
        {
          "schema_version": 0,
          "attributes": {
            "id": "feli-dev-gremlin-role-20251202035743389100000008",
            "policy_arn": "arn:aws:iam::643913569214:policy/feli-dev-gremlin-cloudwatch",
            "role": "feli-dev-gremlin-role"
          },
          "sensitive_attributes": [],
          "identity_schema_version": 0,
          "private": "bnVsbA==",
          "dependencies": [
            "aws_iam_policy.gremlin_cloudwatch_policy",
            "aws_iam_role.gremlin_execution_role"
          ]
        }
      ]
    },
    {
      "mode": "managed",
      "type": "aws_iam_role_policy_attachment",
      "name": "gremlin_s3_attach",
      "provider": "provider[\"registry.terraform.io/hashicorp/aws\"]",
      "instances": []
    },
    {
      "mode": "managed",
      "type": "aws_iam_role_policy_attachment",
      "name": "gremlin_secrets_attach",
      "provider": "provider[\"registry.terraform.io/hashicorp/aws\"]",
      "instances": []
    },
    {
      "mode": "managed",
      "type": "aws_iam_role_policy_attachment",
      "name": "lambda_basic_execution",
      "provider": "provider[\"registry.terraform.io/hashicorp/aws\"]",
      "instances": [
        {
          "schema_version": 0,
          "attributes": {
            "id": "incodefy-chaos-engine-role-20251202035739981200000002",
            "policy_arn": "arn:aws:iam::aws:policy/service-role/AWSLambdaBasicExecutionRole",
            "role": "incodefy-chaos-engine-role"
          },
          "sensitive_attributes": [],
          "identity_schema_version": 0,
          "private": "bnVsbA==",
          "dependencies": [
            "aws_iam_role.lambda_exec_role"
          ]
        }
      ]
    },
    {
      "mode": "managed",
      "type": "aws_internet_gateway",
      "name": "main",
      "provider": "provider[\"registry.terraform.io/hashicorp/aws\"]",
      "instances": [
        {
          "schema_version": 0,
          "attributes": {
            "arn": "arn:aws:ec2:us-east-2:643913569214:internet-gateway/igw-0c5fe2ae6ae69bd44",
            "id": "igw-0c5fe2ae6ae69bd44",
            "owner_id": "643913569214",
            "tags": {
              "Environment": "dev",
              "Name": "incodefy-igw-dev",
              "Project": "incodefy"
            },
            "tags_all": {
              "Environment": "dev",
              "Name": "incodefy-igw-dev",
              "Project": "incodefy"
            },
            "timeouts": null,
            "vpc_id": "vpc-0b5f6353dd7e5f629"
          },
          "sensitive_attributes": [],
          "identity_schema_version": 0,
          "private": "eyJlMmJmYjczMC1lY2FhLTExZTYtOGY4OC0zNDM2M2JjN2M0YzAiOnsiY3JlYXRlIjoxMjAwMDAwMDAwMDAwLCJkZWxldGUiOjEyMDAwMDAwMDAwMDAsInVwZGF0ZSI6MTIwMDAwMDAwMDAwMH19",
          "dependencies": [
            "aws_vpc.main"
          ]
        }
      ]
    },
    {
      "mode": "managed",
      "type": "aws_lambda_function",
      "name": "chaos_engine",
      "provider": "provider[\"registry.terraform.io/hashicorp/aws\"]",
      "instances": [
        {
          "schema_version": 0,
          "attributes": {
            "architectures": [
              "x86_64"
            ],
            "arn": "arn:aws:lambda:us-east-2:643913569214:function:hospital-chaos-engine",
            "code_sha256": "48jYg4W8IXC/bdrb2j3Ni74pZrG8QmDPb7eYaAnj0dQ=",
            "code_signing_config_arn": "",
            "dead_letter_config": [],
            "description": "",
            "environment": [
              {
                "variables": {
                  "STAGE": "dev"
                }
              }
            ],
            "ephemeral_storage": [
              {
                "size": 512
              }
            ],
            "file_system_config": [],
            "filename": "./../aws/src/handlers/chaos/engine.zip",
            "function_name": "hospital-chaos-engine",
            "handler": "engine.handler",
            "id": "hospital-chaos-engine",
            "image_config": [],
            "image_uri": "",
            "invoke_arn": "arn:aws:apigateway:us-east-2:lambda:path/2015-03-31/functions/arn:aws:lambda:us-east-2:643913569214:function:hospital-chaos-engine/invocations",
            "kms_key_arn": "",
            "last_modified": "2025-12-01T01:37:52.150+0000",
            "layers": [],
            "logging_config": [
              {
                "application_log_level": "",
                "log_format": "Text",
                "log_group": "/aws/lambda/hospital-chaos-engine",
                "system_log_level": ""
              }
            ],
            "memory_size": 128,
            "package_type": "Zip",
            "publish": false,
            "qualified_arn": "arn:aws:lambda:us-east-2:643913569214:function:hospital-chaos-engine:$LATEST",
            "qualified_invoke_arn": "arn:aws:apigateway:us-east-2:lambda:path/2015-03-31/functions/arn:aws:lambda:us-east-2:643913569214:function:hospital-chaos-engine:$LATEST/invocations",
            "replace_security_groups_on_destroy": null,
            "replacement_security_group_ids": null,
            "reserved_concurrent_executions": -1,
            "role": "arn:aws:iam::643913569214:role/incodefy-chaos-engine-role",
            "runtime": "nodejs20.x",
            "s3_bucket": null,
            "s3_key": null,
            "s3_object_version": null,
            "signing_job_arn": "",
            "signing_profile_version_arn": "",
            "skip_destroy": false,
            "snap_start": [],
            "source_code_hash": "48jYg4W8IXC/bdrb2j3Ni74pZrG8QmDPb7eYaAnj0dQ=",
            "source_code_size": 1542,
            "tags": {},
            "tags_all": {},
            "timeout": 10,
            "timeouts": null,
            "tracing_config": [
              {
                "mode": "PassThrough"
              }
            ],
            "version": "$LATEST",
            "vpc_config": []
          },
          "sensitive_attributes": [],
          "identity_schema_version": 0,
          "private": "eyJlMmJmYjczMC1lY2FhLTExZTYtOGY4OC0zNDM2M2JjN2M0YzAiOnsiY3JlYXRlIjo2MDAwMDAwMDAwMDAsImRlbGV0ZSI6NjAwMDAwMDAwMDAwLCJ1cGRhdGUiOjYwMDAwMDAwMDAwMH19",
          "dependencies": [
            "aws_iam_role.lambda_exec_role"
          ]
        }
      ]
    },
    {
      "mode": "managed",
      "type": "aws_lambda_function",
      "name": "chaos_executor",
      "provider": "provider[\"registry.terraform.io/hashicorp/aws\"]",
      "instances": []
    },
    {
      "mode": "managed",
      "type": "aws_lambda_layer_version",
      "name": "gremlin",
      "provider": "provider[\"registry.terraform.io/hashicorp/aws\"]",
      "instances": []
    },
    {
      "mode": "managed",
      "type": "aws_lambda_permission",
      "name": "allow_eventbridge",
      "provider": "provider[\"registry.terraform.io/hashicorp/aws\"]",
      "instances": []
    },
    {
      "mode": "managed",
      "type": "aws_lambda_permission",
      "name": "api_gateway_permission",
      "provider": "provider[\"registry.terraform.io/hashicorp/aws\"]",
      "instances": [
        {
          "schema_version": 0,
          "attributes": {
            "action": "lambda:InvokeFunction",
            "event_source_token": null,
            "function_name": "hospital-chaos-engine",
            "function_url_auth_type": null,
            "id": "AllowAPIGatewayInvoke",
            "principal": "apigateway.amazonaws.com",
            "principal_org_id": null,
            "qualifier": "",
            "source_account": null,
            "source_arn": "arn:aws:execute-api:us-east-2:643913569214:l90z81u1ki/*/*",
            "statement_id": "AllowAPIGatewayInvoke",
            "statement_id_prefix": ""
          },
          "sensitive_attributes": [],
          "identity_schema_version": 0,
          "private": "bnVsbA==",
          "dependencies": [
            "aws_apigatewayv2_api.chaos_api",
            "aws_iam_role.lambda_exec_role",
            "aws_lambda_function.chaos_engine"
          ]
        }
      ]
    },
    {
      "mode": "managed",
      "type": "aws_launch_template",
      "name": "app",
      "provider": "provider[\"registry.terraform.io/hashicorp/aws\"]",
      "instances": [
        {
          "schema_version": 0,
          "attributes": {
            "arn": "arn:aws:ec2:us-east-2:643913569214:launch-template/lt-0223214b6a6faf055",
            "block_device_mappings": [],
            "capacity_reservation_specification": [],
            "cpu_options": [],
            "credit_specification": [],
            "default_version": 1,
            "description": "",
            "disable_api_stop": false,
            "disable_api_termination": false,
            "ebs_optimized": "",
            "elastic_gpu_specifications": [],
            "elastic_inference_accelerator": [],
            "enclave_options": [],
            "hibernation_options": [],
            "iam_instance_profile": [
              {
                "arn": "",
                "name": "incodefy-ec2-app-profile-dev"
              }
            ],
            "id": "lt-0223214b6a6faf055",
            "image_id": "ami-0ea3c35c5c3284d82",
            "instance_initiated_shutdown_behavior": "",
            "instance_market_options": [],
            "instance_requirements": [],
            "instance_type": "t3.micro",
            "kernel_id": "",
            "key_name": "",
            "latest_version": 4,
            "license_specification": [],
            "maintenance_options": [],
            "metadata_options": [],
            "monitoring": [
              {
                "enabled": true
              }
            ],
            "name": "incodefy-lt-dev-2025120101380396490000000a",
            "name_prefix": "incodefy-lt-dev-",
            "network_interfaces": [],
            "placement": [],
            "private_dns_name_options": [],
            "ram_disk_id": "",
            "security_group_names": [],
            "tag_specifications": [
              {
                "resource_type": "instance",
                "tags": {
                  "Environment": "dev",
                  "Name": "incodefy-app-dev",
                  "Project": "incodefy"
                }
              },
              {
                "resource_type": "volume",
                "tags": {
                  "Environment": "dev",
                  "Name": "incodefy-app-volume-dev",
                  "Project": "incodefy"
                }
              }
            ],
            "tags": {},
            "tags_all": {},
            "update_default_version": null,
            "user_data": "IyEvYmluL2Jhc2gNCiMgVXNlciBEYXRhIHNjcmlwdCBwYXJhIGluc3RhbmNpYXMgRUMyDQojIEVzdGUgc2NyaXB0IHNlIGVqZWN1dGEgYWwgaW5pY2lhciBsYSBpbnN0YW5jaWENCg0Kc2V0IC1lDQoNCiMgTG9nZ2luZw0KZXhlYyA+ID4odGVlIC92YXIvbG9nL3VzZXItZGF0YS5sb2cpDQpleGVjIDI+JjENCg0KZWNobyAiPT09PT09PT09PT09PT09PT09PT09PT09PT09PT09PT09PT09PT09PT09Ig0KZWNobyAiU3RhcnRpbmcgRUMyIGluc3RhbmNlIGNvbmZpZ3VyYXRpb24iDQplY2hvICJQcm9qZWN0OiBpbmNvZGVmeSINCmVjaG8gIkVudmlyb25tZW50OiBkZXYiDQplY2hvICI9PT09PT09PT09PT09PT09PT09PT09PT09PT09PT09PT09PT09PT09PT0iDQoNCiMgQWN0dWFsaXphciBzaXN0ZW1hDQplY2hvICJVcGRhdGluZyBzeXN0ZW0gcGFja2FnZXMuLi4iDQphcHQtZ2V0IHVwZGF0ZSAteQ0KYXB0LWdldCB1cGdyYWRlIC15DQoNCiMgSW5zdGFsYXIgTm9kZS5qcyAxOA0KZWNobyAiSW5zdGFsbGluZyBOb2RlLmpzIDE4Li4uIg0KY3VybCAtZnNTTCBodHRwczovL2RlYi5ub2Rlc291cmNlLmNvbS9zZXR1cF8xOC54IHwgYmFzaCAtDQphcHQtZ2V0IGluc3RhbGwgLXkgbm9kZWpzDQoNCiMgVmVyaWZpY2FyIGluc3RhbGFjacOzbg0Kbm9kZSAtLXZlcnNpb24NCm5wbSAtLXZlcnNpb24NCg0KIyBJbnN0YWxhciBQTTINCmVjaG8gIkluc3RhbGxpbmcgUE0yLi4uIg0KbnBtIGluc3RhbGwgLWcgcG0yDQoNCiMgSW5zdGFsYXIgQ2xvdWRXYXRjaCBBZ2VudA0KZWNobyAiSW5zdGFsbGluZyBDbG91ZFdhdGNoIEFnZW50Li4uIg0Kd2dldCBodHRwczovL3MzLmFtYXpvbmF3cy5jb20vYW1hem9uY2xvdWR3YXRjaC1hZ2VudC91YnVudHUvYW1kNjQvbGF0ZXN0L2FtYXpvbi1jbG91ZHdhdGNoLWFnZW50LmRlYg0KZHBrZyAtaSAtRSAuL2FtYXpvbi1jbG91ZHdhdGNoLWFnZW50LmRlYg0Kcm0gYW1hem9uLWNsb3Vkd2F0Y2gtYWdlbnQuZGViDQoNCiMgQ3JlYXIgdXN1YXJpbyBwYXJhIGxhIGFwbGljYWNpw7NuDQplY2hvICJDcmVhdGluZyBhcHAgdXNlci4uLiINCnVzZXJhZGQgLW0gLXMgL2Jpbi9iYXNoIGFwcHVzZXIgfHwgdHJ1ZQ0KDQojIENyZWFyIGRpcmVjdG9yaW9zDQplY2hvICJDcmVhdGluZyBhcHBsaWNhdGlvbiBkaXJlY3Rvcmllcy4uLiINCm1rZGlyIC1wIC9ob21lL2FwcHVzZXIvaG9zcGl0YWwtYXBwDQpta2RpciAtcCAvdmFyL2xvZy9ob3NwaXRhbC1hcHANCmNob3duIC1SIGFwcHVzZXI6YXBwdXNlciAvaG9tZS9hcHB1c2VyL2hvc3BpdGFsLWFwcA0KY2hvd24gLVIgYXBwdXNlcjphcHB1c2VyIC92YXIvbG9nL2hvc3BpdGFsLWFwcA0KDQojIENvbmZpZ3VyYXIgdmFyaWFibGVzIGRlIGVudG9ybm8gZGVzZGUgQVdTIFNTTSBQYXJhbWV0ZXIgU3RvcmUNCmVjaG8gIkZldGNoaW5nIGVudmlyb25tZW50IHZhcmlhYmxlcyBmcm9tIEFXUyBTU00uLi4iDQpjZCAvaG9tZS9hcHB1c2VyL2hvc3BpdGFsLWFwcA0KY2htb2QgK3ggc2NyaXB0cy9mZXRjaC1lbnYtZnJvbS1hd3Muc2gNCkFXU19SRUdJT049dXMtZWFzdC0yIEVOVklST05NRU5UPXByb2R1Y3Rpb24gLi9zY3JpcHRzL2ZldGNoLWVudi1mcm9tLWF3cy5zaA0KDQojIFZlcmlmaWNhciBxdWUgLmVudiBmdWUgY3JlYWRvDQppZiBbICEgLWYgL2hvbWUvYXBwdXNlci9ob3NwaXRhbC1hcHAvaW5jb2RlZnkvLmVudiBdOyB0aGVuDQogIGVjaG8gIkVSUk9SOiAuZW52IGZpbGUgd2FzIG5vdCBjcmVhdGVkISINCiAgZXhpdCAxDQpmaQ0KDQplY2hvICIuZW52IGZpbGUgY3JlYXRlZCBzdWNjZXNzZnVsbHkiDQpjaG93biBhcHB1c2VyOmFwcHVzZXIgL2hvbWUvYXBwdXNlci9ob3NwaXRhbC1hcHAvaW5jb2RlZnkvLmVudg0KY2htb2QgNjAwIC9ob21lL2FwcHVzZXIvaG9zcGl0YWwtYXBwL2luY29kZWZ5Ly5lbnYNCg0KIyBJbnN0YWxhciBHaXQNCmVjaG8gIkluc3RhbGxpbmcgR2l0Li4uIg0KYXB0LWdldCBpbnN0YWxsIC15IGdpdA0KDQojIENsb25hciByZXBvc2l0b3Jpbw0KZWNobyAiQ2xvbmluZyBhcHBsaWNhdGlvbiByZXBvc2l0b3J5Li4uIg0Kcm0gLXJmIC9ob21lL2FwcHVzZXIvaG9zcGl0YWwtYXBwLyoNCmdpdCBjbG9uZSBodHRwczovL2dpdGh1Yi5jb20vSW5jb2RlZnkvUHJveWVjdG8tU2lzdGVtYS1HZXN0aW9uLUVzcGFjaW9zLmdpdCAvaG9tZS9hcHB1c2VyL2hvc3BpdGFsLWFwcC9yZXBvDQptdiAvaG9tZS9hcHB1c2VyL2hvc3BpdGFsLWFwcC9yZXBvLyogL2hvbWUvYXBwdXNlci9ob3NwaXRhbC1hcHAvDQptdiAvaG9tZS9hcHB1c2VyL2hvc3BpdGFsLWFwcC9yZXBvLy4qIC9ob21lL2FwcHVzZXIvaG9zcGl0YWwtYXBwLyAyPi9kZXYvbnVsbCB8fCB0cnVlDQpybSAtcmYgL2hvbWUvYXBwdXNlci9ob3NwaXRhbC1hcHAvcmVwbw0KDQojIENhbWJpYXIgcGVybWlzb3MNCmNob3duIC1SIGFwcHVzZXI6YXBwdXNlciAvaG9tZS9hcHB1c2VyL2hvc3BpdGFsLWFwcA0KDQojIEluc3RhbGFyIGRlcGVuZGVuY2lhcyBkZSBsYSBhcGxpY2FjacOzbg0KZWNobyAiSW5zdGFsbGluZyBhcHBsaWNhdGlvbiBkZXBlbmRlbmNpZXMuLi4iDQpjZCAvaG9tZS9hcHB1c2VyL2hvc3BpdGFsLWFwcC9pbmNvZGVmeQ0Kc3UgLSBhcHB1c2VyIC1jICJjZCAvaG9tZS9hcHB1c2VyL2hvc3BpdGFsLWFwcC9pbmNvZGVmeSAmJiBucG0gaW5zdGFsbCAtLXByb2R1Y3Rpb24iDQoNCiMgQ29uZmlndXJhciBQTTINCmVjaG8gIkNvbmZpZ3VyaW5nIFBNMi4uLiINCmNhdCA+IC9ob21lL2FwcHVzZXIvaG9zcGl0YWwtYXBwL2Vjb3N5c3RlbS5jb25maWcuanMgPDwgJ0VPRlBNMicNCm1vZHVsZS5leHBvcnRzID0gew0KICBhcHBzOiBbew0KICAgIG5hbWU6ICdob3NwaXRhbC1hcHAnLA0KICAgIGN3ZDogJy9ob21lL2FwcHVzZXIvaG9zcGl0YWwtYXBwL2luY29kZWZ5JywNCiAgICBzY3JpcHQ6ICdzZXJ2ZXIuanMnLA0KICAgIGluc3RhbmNlczogJ21heCcsDQogICAgZXhlY19tb2RlOiAnY2x1c3RlcicsDQogICAgYXV0b3Jlc3RhcnQ6IHRydWUsDQogICAgd2F0Y2g6IGZhbHNlLA0KICAgIG1heF9tZW1vcnlfcmVzdGFydDogJzFHJywNCiAgICBlbnY6IHsNCiAgICAgIE5PREVfRU5WOiAncHJvZHVjdGlvbicNCiAgICB9LA0KICAgIGVycm9yX2ZpbGU6ICcvdmFyL2xvZy9ob3NwaXRhbC1hcHAvZXJyb3IubG9nJywNCiAgICBvdXRfZmlsZTogJy92YXIvbG9nL2hvc3BpdGFsLWFwcC9vdXQubG9nJywNCiAgICBsb2dfZmlsZTogJy92YXIvbG9nL2hvc3BpdGFsLWFwcC9jb21iaW5lZC5sb2cnLA0KICAgIHRpbWU6IHRydWUNCiAgfV0NCn07DQpFT0ZQTTINCg0KY2hvd24gYXBwdXNlcjphcHB1c2VyIC9ob21lL2FwcHVzZXIvaG9zcGl0YWwtYXBwL2Vjb3N5c3RlbS5jb25maWcuanMNCg0KIyBDb25maWd1cmFyIFBNMiBwYXJhIGluaWNpYXIgY29uIGVsIHNpc3RlbWENCmVjaG8gIlNldHRpbmcgdXAgUE0yIHN0YXJ0dXAuLi4iDQplbnYgUEFUSD0kUEFUSDovdXNyL2JpbiBwbTIgc3RhcnR1cCBzeXN0ZW1kIC11IGFwcHVzZXIgLS1ocCAvaG9tZS9hcHB1c2VyDQoNCiMgSGVhbHRoIGNoZWNrIGVuZHBvaW50IGLDoXNpY28NCmVjaG8gIkNyZWF0aW5nIGhlYWx0aCBjaGVjayBlbmRwb2ludC4uLiINCm1rZGlyIC1wIC92YXIvd3d3L2h0bWwNCmNhdCA+IC92YXIvd3d3L2h0bWwvaGVhbHRoIDw8ICdFT0ZIRUFMVEgnDQojIS9iaW4vYmFzaA0KIyBIZWFsdGggY2hlY2sgc2ltcGxlDQppZiBzeXN0ZW1jdGwgaXMtYWN0aXZlIC0tcXVpZXQgcG0yLWFwcHVzZXI7IHRoZW4NCiAgZWNobyAiT0siDQogIGV4aXQgMA0KZWxzZQ0KICBlY2hvICJGQUlMIg0KICBleGl0IDENCmZpDQpFT0ZIRUFMVEgNCmNobW9kICt4IC92YXIvd3d3L2h0bWwvaGVhbHRoDQoNCiMgQ29uZmlndXJhciBmaXJld2FsbA0KZWNobyAiQ29uZmlndXJpbmcgZmlyZXdhbGwuLi4iDQp1ZncgYWxsb3cgMjIvdGNwDQp1ZncgYWxsb3cgMzAwMC90Y3ANCnVmdyAtLWZvcmNlIGVuYWJsZQ0KDQojIFNpZ25hbCBhbCBBdXRvIFNjYWxpbmcgcXVlIGxhIGluc3RhbmNpYSBlc3TDoSBsaXN0YQ0KZWNobyAiU3RhcnRpbmcgYXBwbGljYXRpb24gd2l0aCBQTTIuLi4iDQpzdSAtIGFwcHVzZXIgLWMgImV4cG9ydCBIT01FPS9ob21lL2FwcHVzZXIgJiYgY2QgL2hvbWUvYXBwdXNlci9ob3NwaXRhbC1hcHAvaW5jb2RlZnkgJiYgcG0yIHN0YXJ0IHNlcnZlci5qcyAtLW5hbWUgaG9zcGl0YWwtYXBwIg0Kc3UgLSBhcHB1c2VyIC1jICJleHBvcnQgSE9NRT0vaG9tZS9hcHB1c2VyICYmIHBtMiBzYXZlIg0KDQojIEVzcGVyYXIgYSBxdWUgZWwgc2Vydmlkb3IgaW5pY2llDQplY2hvICJXYWl0aW5nIGZvciBzZXJ2ZXIgdG8gc3RhcnQuLi4iDQpzbGVlcCAxMA0KDQojIFZlcmlmaWNhciBxdWUgZWwgc2Vydmlkb3IgZXN0w6kgY29ycmllbmRvDQppZiBuZXRzdGF0IC10bG5wIHwgZ3JlcCA6MzAwMCA+IC9kZXYvbnVsbDsgdGhlbg0KICBlY2hvICJTZXJ2ZXIgaXMgcnVubmluZyBvbiBwb3J0IDMwMDAiDQplbHNlDQogIGVjaG8gIldBUk5JTkc6IFNlcnZlciBpcyBub3QgcmVzcG9uZGluZyBvbiBwb3J0IDMwMDAiDQogIHN1IC0gYXBwdXNlciAtYyAiZXhwb3J0IEhPTUU9L2hvbWUvYXBwdXNlciAmJiBwbTIgbG9ncyAtLWxpbmVzIDUwIC0tbm9zdHJlYW0iDQpmaQ0KDQplY2hvICJJbnN0YW5jZSBjb25maWd1cmF0aW9uIGNvbXBsZXRlZCBzdWNjZXNzZnVsbHkhIg0KZWNobyAiPT09PT09PT09PT09PT09PT09PT09PT09PT09PT09PT09PT09PT09PT09Ig0K",
            "vpc_security_group_ids": [
              "sg-04ebfaba466c93c6a"
            ]
          },
          "sensitive_attributes": [
            [
              {
                "type": "get_attr",
                "value": "user_data"
              }
            ]
          ],
          "identity_schema_version": 0,
          "private": "bnVsbA==",
          "dependencies": [
            "aws_iam_instance_profile.ec2_app",
            "aws_iam_role.ec2_app",
            "aws_security_group.alb",
            "aws_security_group.ec2_app",
            "aws_vpc.main"
          ],
          "create_before_destroy": true
        }
      ]
    },
    {
      "mode": "managed",
      "type": "aws_lb",
      "name": "main",
      "provider": "provider[\"registry.terraform.io/hashicorp/aws\"]",
      "instances": [
        {
          "schema_version": 0,
          "attributes": {
            "access_logs": [
              {
                "bucket": "",
                "enabled": false,
                "prefix": ""
              }
            ],
            "arn": "arn:aws:elasticloadbalancing:us-east-2:643913569214:loadbalancer/app/incodefy-alb-dev/3c3601ccce1e4442",
            "arn_suffix": "app/incodefy-alb-dev/3c3601ccce1e4442",
            "client_keep_alive": 3600,
            "connection_logs": [
              {
                "bucket": "",
                "enabled": false,
                "prefix": ""
              }
            ],
            "customer_owned_ipv4_pool": "",
            "desync_mitigation_mode": "defensive",
            "dns_name": "incodefy-alb-dev-202111774.us-east-2.elb.amazonaws.com",
            "dns_record_client_routing_policy": null,
            "drop_invalid_header_fields": false,
            "enable_cross_zone_load_balancing": true,
            "enable_deletion_protection": false,
            "enable_http2": true,
            "enable_tls_version_and_cipher_suite_headers": false,
            "enable_waf_fail_open": false,
            "enable_xff_client_port": false,
            "enable_zonal_shift": false,
            "enforce_security_group_inbound_rules_on_private_link_traffic": "",
            "id": "arn:aws:elasticloadbalancing:us-east-2:643913569214:loadbalancer/app/incodefy-alb-dev/3c3601ccce1e4442",
            "idle_timeout": 60,
            "internal": false,
            "ip_address_type": "ipv4",
            "ipam_pools": [],
            "load_balancer_type": "application",
            "minimum_load_balancer_capacity": [],
            "name": "incodefy-alb-dev",
            "name_prefix": "",
            "preserve_host_header": false,
            "security_groups": [
              "sg-0412497a5fe21bbbd"
            ],
            "subnet_mapping": [
              {
                "allocation_id": "",
                "ipv6_address": "",
                "outpost_id": "",
                "private_ipv4_address": "",
                "subnet_id": "subnet-020af93b7a5f49837"
              },
              {
                "allocation_id": "",
                "ipv6_address": "",
                "outpost_id": "",
                "private_ipv4_address": "",
                "subnet_id": "subnet-0a651c369a8ad2e91"
              }
            ],
            "subnets": [
              "subnet-020af93b7a5f49837",
              "subnet-0a651c369a8ad2e91"
            ],
            "tags": {
              "Environment": "dev",
              "Name": "incodefy-alb-dev",
              "Project": "incodefy"
            },
            "tags_all": {
              "Environment": "dev",
              "Name": "incodefy-alb-dev",
              "Project": "incodefy"
            },
            "timeouts": null,
            "vpc_id": "vpc-0b5f6353dd7e5f629",
            "xff_header_processing_mode": "append",
            "zone_id": "Z3AADJGX6KTTL2"
          },
          "sensitive_attributes": [],
          "identity_schema_version": 0,
          "private": "eyJlMmJmYjczMC1lY2FhLTExZTYtOGY4OC0zNDM2M2JjN2M0YzAiOnsiY3JlYXRlIjo2MDAwMDAwMDAwMDAsImRlbGV0ZSI6NjAwMDAwMDAwMDAwLCJ1cGRhdGUiOjYwMDAwMDAwMDAwMH19",
          "dependencies": [
            "aws_security_group.alb",
            "aws_subnet.public_az1",
            "aws_subnet.public_az2",
            "aws_vpc.main"
          ]
        }
      ]
    },
    {
      "mode": "managed",
      "type": "aws_lb_listener",
      "name": "http",
      "provider": "provider[\"registry.terraform.io/hashicorp/aws\"]",
      "instances": [
        {
          "schema_version": 0,
          "attributes": {
            "alpn_policy": null,
            "arn": "arn:aws:elasticloadbalancing:us-east-2:643913569214:listener/app/incodefy-alb-dev/3c3601ccce1e4442/16746536542426f1",
            "certificate_arn": null,
            "default_action": [
              {
                "authenticate_cognito": [],
                "authenticate_oidc": [],
                "fixed_response": [],
                "forward": [],
                "order": 1,
                "redirect": [],
                "target_group_arn": "arn:aws:elasticloadbalancing:us-east-2:643913569214:targetgroup/incodefy-tg-dev/7cbc58619111f2be",
                "type": "forward"
              }
            ],
            "id": "arn:aws:elasticloadbalancing:us-east-2:643913569214:listener/app/incodefy-alb-dev/3c3601ccce1e4442/16746536542426f1",
            "load_balancer_arn": "arn:aws:elasticloadbalancing:us-east-2:643913569214:loadbalancer/app/incodefy-alb-dev/3c3601ccce1e4442",
            "mutual_authentication": [],
            "port": 80,
            "protocol": "HTTP",
            "routing_http_request_x_amzn_mtls_clientcert_header_name": null,
            "routing_http_request_x_amzn_mtls_clientcert_issuer_header_name": null,
            "routing_http_request_x_amzn_mtls_clientcert_leaf_header_name": null,
            "routing_http_request_x_amzn_mtls_clientcert_serial_number_header_name": null,
            "routing_http_request_x_amzn_mtls_clientcert_subject_header_name": null,
            "routing_http_request_x_amzn_mtls_clientcert_validity_header_name": null,
            "routing_http_request_x_amzn_tls_cipher_suite_header_name": null,
            "routing_http_request_x_amzn_tls_version_header_name": null,
            "routing_http_response_access_control_allow_credentials_header_value": "",
            "routing_http_response_access_control_allow_headers_header_value": "",
            "routing_http_response_access_control_allow_methods_header_value": "",
            "routing_http_response_access_control_allow_origin_header_value": "",
            "routing_http_response_access_control_expose_headers_header_value": "",
            "routing_http_response_access_control_max_age_header_value": "",
            "routing_http_response_content_security_policy_header_value": "",
            "routing_http_response_server_enabled": true,
            "routing_http_response_strict_transport_security_header_value": "",
            "routing_http_response_x_content_type_options_header_value": "",
            "routing_http_response_x_frame_options_header_value": "",
            "ssl_policy": "",
            "tags": null,
            "tags_all": {},
            "tcp_idle_timeout_seconds": null,
            "timeouts": null
          },
          "sensitive_attributes": [],
          "identity_schema_version": 0,
          "private": "eyJlMmJmYjczMC1lY2FhLTExZTYtOGY4OC0zNDM2M2JjN2M0YzAiOnsiY3JlYXRlIjozMDAwMDAwMDAwMDAsInVwZGF0ZSI6MzAwMDAwMDAwMDAwfX0=",
          "dependencies": [
            "aws_lb.main",
            "aws_lb_target_group.app",
            "aws_security_group.alb",
            "aws_subnet.public_az1",
            "aws_subnet.public_az2",
            "aws_vpc.main"
          ]
        }
      ]
    },
    {
      "mode": "managed",
      "type": "aws_lb_target_group",
      "name": "app",
      "provider": "provider[\"registry.terraform.io/hashicorp/aws\"]",
      "instances": [
        {
          "schema_version": 0,
          "attributes": {
            "arn": "arn:aws:elasticloadbalancing:us-east-2:643913569214:targetgroup/incodefy-tg-dev/7cbc58619111f2be",
            "arn_suffix": "targetgroup/incodefy-tg-dev/7cbc58619111f2be",
            "connection_termination": null,
            "deregistration_delay": "30",
            "health_check": [
              {
                "enabled": true,
                "healthy_threshold": 2,
                "interval": 30,
                "matcher": "200,302",
                "path": "/health",
                "port": "traffic-port",
                "protocol": "HTTP",
                "timeout": 5,
                "unhealthy_threshold": 3
              }
            ],
            "id": "arn:aws:elasticloadbalancing:us-east-2:643913569214:targetgroup/incodefy-tg-dev/7cbc58619111f2be",
            "ip_address_type": "ipv4",
            "lambda_multi_value_headers_enabled": false,
            "load_balancer_arns": [],
            "load_balancing_algorithm_type": "round_robin",
            "load_balancing_anomaly_mitigation": "off",
            "load_balancing_cross_zone_enabled": "use_load_balancer_configuration",
            "name": "incodefy-tg-dev",
            "name_prefix": "",
            "port": 3000,
            "preserve_client_ip": null,
            "protocol": "HTTP",
            "protocol_version": "HTTP1",
            "proxy_protocol_v2": false,
            "slow_start": 0,
            "stickiness": [
              {
                "cookie_duration": 86400,
                "cookie_name": "",
                "enabled": true,
                "type": "lb_cookie"
              }
            ],
            "tags": {
              "Environment": "dev",
              "Name": "incodefy-tg-dev",
              "Project": "incodefy"
            },
            "tags_all": {
              "Environment": "dev",
              "Name": "incodefy-tg-dev",
              "Project": "incodefy"
            },
            "target_failover": [
              {
                "on_deregistration": null,
                "on_unhealthy": null
              }
            ],
            "target_group_health": [
              {
                "dns_failover": [
                  {
                    "minimum_healthy_targets_count": "1",
                    "minimum_healthy_targets_percentage": "off"
                  }
                ],
                "unhealthy_state_routing": [
                  {
                    "minimum_healthy_targets_count": 1,
                    "minimum_healthy_targets_percentage": "off"
                  }
                ]
              }
            ],
            "target_health_state": [
              {
                "enable_unhealthy_connection_termination": null,
                "unhealthy_draining_interval": null
              }
            ],
            "target_type": "instance",
            "vpc_id": "vpc-0b5f6353dd7e5f629"
          },
          "sensitive_attributes": [],
          "identity_schema_version": 0,
          "private": "bnVsbA==",
          "dependencies": [
            "aws_vpc.main"
          ],
          "create_before_destroy": true
        }
      ]
    },
    {
      "mode": "managed",
      "type": "aws_nat_gateway",
      "name": "az1",
      "provider": "provider[\"registry.terraform.io/hashicorp/aws\"]",
      "instances": [
        {
          "schema_version": 0,
          "attributes": {
            "allocation_id": "eipalloc-0327d6a7ae4437221",
            "association_id": "eipassoc-04a988b6f0dca4eb7",
            "connectivity_type": "public",
            "id": "nat-037c670f736eebcac",
            "network_interface_id": "eni-0367f921eeea1e20c",
            "private_ip": "10.1.1.53",
            "public_ip": "3.131.62.15",
            "secondary_allocation_ids": null,
            "secondary_private_ip_address_count": 0,
            "secondary_private_ip_addresses": [],
            "subnet_id": "subnet-0a651c369a8ad2e91",
            "tags": {
              "AZ": "us-east-2a",
              "Environment": "dev",
              "Name": "incodefy-nat-az1-dev",
              "Project": "incodefy"
            },
            "tags_all": {
              "AZ": "us-east-2a",
              "Environment": "dev",
              "Name": "incodefy-nat-az1-dev",
              "Project": "incodefy"
            },
            "timeouts": null
          },
          "sensitive_attributes": [],
          "identity_schema_version": 0,
          "private": "eyJlMmJmYjczMC1lY2FhLTExZTYtOGY4OC0zNDM2M2JjN2M0YzAiOnsiY3JlYXRlIjo2MDAwMDAwMDAwMDAsImRlbGV0ZSI6MTgwMDAwMDAwMDAwMCwidXBkYXRlIjo2MDAwMDAwMDAwMDB9fQ==",
          "dependencies": [
            "aws_eip.nat_az1",
            "aws_internet_gateway.main",
            "aws_subnet.public_az1",
            "aws_vpc.main"
          ]
        }
      ]
    },
    {
      "mode": "managed",
      "type": "aws_nat_gateway",
      "name": "az2",
      "provider": "provider[\"registry.terraform.io/hashicorp/aws\"]",
      "instances": [
        {
          "schema_version": 0,
          "attributes": {
            "allocation_id": "eipalloc-0f194a8054ce42245",
            "association_id": "eipassoc-0472a6681fc35b063",
            "connectivity_type": "public",
            "id": "nat-02272849acd54a06c",
            "network_interface_id": "eni-07f91617776962fa4",
            "private_ip": "10.1.2.60",
            "public_ip": "3.16.176.98",
            "secondary_allocation_ids": null,
            "secondary_private_ip_address_count": 0,
            "secondary_private_ip_addresses": [],
            "subnet_id": "subnet-020af93b7a5f49837",
            "tags": {
              "AZ": "us-east-2b",
              "Environment": "dev",
              "Name": "incodefy-nat-az2-dev",
              "Project": "incodefy"
            },
            "tags_all": {
              "AZ": "us-east-2b",
              "Environment": "dev",
              "Name": "incodefy-nat-az2-dev",
              "Project": "incodefy"
            },
            "timeouts": null
          },
          "sensitive_attributes": [],
          "identity_schema_version": 0,
          "private": "eyJlMmJmYjczMC1lY2FhLTExZTYtOGY4OC0zNDM2M2JjN2M0YzAiOnsiY3JlYXRlIjo2MDAwMDAwMDAwMDAsImRlbGV0ZSI6MTgwMDAwMDAwMDAwMCwidXBkYXRlIjo2MDAwMDAwMDAwMDB9fQ==",
          "dependencies": [
            "aws_eip.nat_az2",
            "aws_internet_gateway.main",
            "aws_subnet.public_az2",
            "aws_vpc.main"
          ]
        }
      ]
    },
    {
      "mode": "managed",
      "type": "aws_network_acl",
      "name": "private",
      "provider": "provider[\"registry.terraform.io/hashicorp/aws\"]",
      "instances": [
        {
          "schema_version": 0,
          "attributes": {
            "arn": "arn:aws:ec2:us-east-2:643913569214:network-acl/acl-0bb3ecbf27f2a774c",
            "egress": [],
            "id": "acl-0bb3ecbf27f2a774c",
            "ingress": [],
            "owner_id": "643913569214",
            "subnet_ids": [
              "subnet-005b237d6cf730302",
              "subnet-0af3752e493868b5c"
            ],
            "tags": {
              "Environment": "dev",
              "Name": "incodefy-private-nacl-dev",
              "Project": "incodefy",
              "Type": "Private"
            },
            "tags_all": {
              "Environment": "dev",
              "Name": "incodefy-private-nacl-dev",
              "Project": "incodefy",
              "Type": "Private"
            },
            "vpc_id": "vpc-0b5f6353dd7e5f629"
          },
          "sensitive_attributes": [],
          "identity_schema_version": 0,
          "private": "bnVsbA==",
          "dependencies": [
            "aws_subnet.private_az1",
            "aws_subnet.private_az2",
            "aws_vpc.main"
          ]
        }
      ]
    },
    {
      "mode": "managed",
      "type": "aws_network_acl",
      "name": "public",
      "provider": "provider[\"registry.terraform.io/hashicorp/aws\"]",
      "instances": [
        {
          "schema_version": 0,
          "attributes": {
            "arn": "arn:aws:ec2:us-east-2:643913569214:network-acl/acl-0cbbf4f57d41f7756",
            "egress": [],
            "id": "acl-0cbbf4f57d41f7756",
            "ingress": [],
            "owner_id": "643913569214",
            "subnet_ids": [
              "subnet-020af93b7a5f49837",
              "subnet-0a651c369a8ad2e91"
            ],
            "tags": {
              "Environment": "dev",
              "Name": "incodefy-public-nacl-dev",
              "Project": "incodefy",
              "Type": "Public"
            },
            "tags_all": {
              "Environment": "dev",
              "Name": "incodefy-public-nacl-dev",
              "Project": "incodefy",
              "Type": "Public"
            },
            "vpc_id": "vpc-0b5f6353dd7e5f629"
          },
          "sensitive_attributes": [],
          "identity_schema_version": 0,
          "private": "bnVsbA==",
          "dependencies": [
            "aws_subnet.public_az1",
            "aws_subnet.public_az2",
            "aws_vpc.main"
          ]
        }
      ]
    },
    {
      "mode": "managed",
      "type": "aws_network_acl_rule",
      "name": "private_inbound_ephemeral",
      "provider": "provider[\"registry.terraform.io/hashicorp/aws\"]",
      "instances": [
        {
          "schema_version": 0,
          "attributes": {
            "cidr_block": "0.0.0.0/0",
            "egress": false,
            "from_port": 1024,
            "icmp_code": null,
            "icmp_type": null,
            "id": "nacl-2229194774",
            "ipv6_cidr_block": "",
            "network_acl_id": "acl-0bb3ecbf27f2a774c",
            "protocol": "6",
            "rule_action": "allow",
            "rule_number": 110,
            "to_port": 65535
          },
          "sensitive_attributes": [],
          "identity_schema_version": 0,
          "private": "bnVsbA==",
          "dependencies": [
            "aws_network_acl.private",
            "aws_subnet.private_az1",
            "aws_subnet.private_az2",
            "aws_vpc.main"
          ]
        }
      ]
    },
    {
      "mode": "managed",
      "type": "aws_network_acl_rule",
      "name": "private_inbound_from_vpc",
      "provider": "provider[\"registry.terraform.io/hashicorp/aws\"]",
      "instances": [
        {
          "schema_version": 0,
          "attributes": {
            "cidr_block": "10.1.0.0/16",
            "egress": false,
            "from_port": 0,
            "icmp_code": null,
            "icmp_type": null,
            "id": "nacl-1497893267",
            "ipv6_cidr_block": "",
            "network_acl_id": "acl-0bb3ecbf27f2a774c",
            "protocol": "6",
            "rule_action": "allow",
            "rule_number": 100,
            "to_port": 65535
          },
          "sensitive_attributes": [],
          "identity_schema_version": 0,
          "private": "bnVsbA==",
          "dependencies": [
            "aws_network_acl.private",
            "aws_subnet.private_az1",
            "aws_subnet.private_az2",
            "aws_vpc.main"
          ]
        }
      ]
    },
    {
      "mode": "managed",
      "type": "aws_network_acl_rule",
      "name": "private_inbound_https",
      "provider": "provider[\"registry.terraform.io/hashicorp/aws\"]",
      "instances": [
        {
          "schema_version": 0,
          "attributes": {
            "cidr_block": "0.0.0.0/0",
            "egress": false,
            "from_port": 443,
            "icmp_code": null,
            "icmp_type": null,
            "id": "nacl-957660376",
            "ipv6_cidr_block": "",
            "network_acl_id": "acl-0bb3ecbf27f2a774c",
            "protocol": "6",
            "rule_action": "allow",
            "rule_number": 120,
            "to_port": 443
          },
          "sensitive_attributes": [],
          "identity_schema_version": 0,
          "private": "bnVsbA==",
          "dependencies": [
            "aws_network_acl.private",
            "aws_subnet.private_az1",
            "aws_subnet.private_az2",
            "aws_vpc.main"
          ]
        }
      ]
    },
    {
      "mode": "managed",
      "type": "aws_network_acl_rule",
      "name": "private_outbound_ephemeral",
      "provider": "provider[\"registry.terraform.io/hashicorp/aws\"]",
      "instances": [
        {
          "schema_version": 0,
          "attributes": {
            "cidr_block": "0.0.0.0/0",
            "egress": true,
            "from_port": 1024,
            "icmp_code": null,
            "icmp_type": null,
            "id": "nacl-323559714",
            "ipv6_cidr_block": "",
            "network_acl_id": "acl-0bb3ecbf27f2a774c",
            "protocol": "6",
            "rule_action": "allow",
            "rule_number": 140,
            "to_port": 65535
          },
          "sensitive_attributes": [],
          "identity_schema_version": 0,
          "private": "bnVsbA==",
          "dependencies": [
            "aws_network_acl.private",
            "aws_subnet.private_az1",
            "aws_subnet.private_az2",
            "aws_vpc.main"
          ]
        }
      ]
    },
    {
      "mode": "managed",
      "type": "aws_network_acl_rule",
      "name": "private_outbound_http",
      "provider": "provider[\"registry.terraform.io/hashicorp/aws\"]",
      "instances": [
        {
          "schema_version": 0,
          "attributes": {
            "cidr_block": "0.0.0.0/0",
            "egress": true,
            "from_port": 80,
            "icmp_code": null,
            "icmp_type": null,
            "id": "nacl-273619549",
            "ipv6_cidr_block": "",
            "network_acl_id": "acl-0bb3ecbf27f2a774c",
            "protocol": "6",
            "rule_action": "allow",
            "rule_number": 100,
            "to_port": 80
          },
          "sensitive_attributes": [],
          "identity_schema_version": 0,
          "private": "bnVsbA==",
          "dependencies": [
            "aws_network_acl.private",
            "aws_subnet.private_az1",
            "aws_subnet.private_az2",
            "aws_vpc.main"
          ]
        }
      ]
    },
    {
      "mode": "managed",
      "type": "aws_network_acl_rule",
      "name": "private_outbound_https",
      "provider": "provider[\"registry.terraform.io/hashicorp/aws\"]",
      "instances": [
        {
          "schema_version": 0,
          "attributes": {
            "cidr_block": "0.0.0.0/0",
            "egress": true,
            "from_port": 443,
            "icmp_code": null,
            "icmp_type": null,
            "id": "nacl-2347390514",
            "ipv6_cidr_block": "",
            "network_acl_id": "acl-0bb3ecbf27f2a774c",
            "protocol": "6",
            "rule_action": "allow",
            "rule_number": 110,
            "to_port": 443
          },
          "sensitive_attributes": [],
          "identity_schema_version": 0,
          "private": "bnVsbA==",
          "dependencies": [
            "aws_network_acl.private",
            "aws_subnet.private_az1",
            "aws_subnet.private_az2",
            "aws_vpc.main"
          ]
        }
      ]
    },
    {
      "mode": "managed",
      "type": "aws_network_acl_rule",
      "name": "public_inbound_ephemeral",
      "provider": "provider[\"registry.terraform.io/hashicorp/aws\"]",
      "instances": [
        {
          "schema_version": 0,
          "attributes": {
            "cidr_block": "0.0.0.0/0",
            "egress": false,
            "from_port": 1024,
            "icmp_code": null,
            "icmp_type": null,
            "id": "nacl-2895920039",
            "ipv6_cidr_block": "",
            "network_acl_id": "acl-0cbbf4f57d41f7756",
            "protocol": "6",
            "rule_action": "allow",
            "rule_number": 140,
            "to_port": 65535
          },
          "sensitive_attributes": [],
          "identity_schema_version": 0,
          "private": "bnVsbA==",
          "dependencies": [
            "aws_network_acl.public",
            "aws_subnet.public_az1",
            "aws_subnet.public_az2",
            "aws_vpc.main"
          ]
        }
      ]
    },
    {
      "mode": "managed",
      "type": "aws_network_acl_rule",
      "name": "public_inbound_http",
      "provider": "provider[\"registry.terraform.io/hashicorp/aws\"]",
      "instances": [
        {
          "schema_version": 0,
          "attributes": {
            "cidr_block": "0.0.0.0/0",
            "egress": false,
            "from_port": 80,
            "icmp_code": null,
            "icmp_type": null,
            "id": "nacl-1814384945",
            "ipv6_cidr_block": "",
            "network_acl_id": "acl-0cbbf4f57d41f7756",
            "protocol": "6",
            "rule_action": "allow",
            "rule_number": 100,
            "to_port": 80
          },
          "sensitive_attributes": [],
          "identity_schema_version": 0,
          "private": "bnVsbA==",
          "dependencies": [
            "aws_network_acl.public",
            "aws_subnet.public_az1",
            "aws_subnet.public_az2",
            "aws_vpc.main"
          ]
        }
      ]
    },
    {
      "mode": "managed",
      "type": "aws_network_acl_rule",
      "name": "public_inbound_https",
      "provider": "provider[\"registry.terraform.io/hashicorp/aws\"]",
      "instances": [
        {
          "schema_version": 0,
          "attributes": {
            "cidr_block": "0.0.0.0/0",
            "egress": false,
            "from_port": 443,
            "icmp_code": null,
            "icmp_type": null,
            "id": "nacl-2981333172",
            "ipv6_cidr_block": "",
            "network_acl_id": "acl-0cbbf4f57d41f7756",
            "protocol": "6",
            "rule_action": "allow",
            "rule_number": 110,
            "to_port": 443
          },
          "sensitive_attributes": [],
          "identity_schema_version": 0,
          "private": "bnVsbA==",
          "dependencies": [
            "aws_network_acl.public",
            "aws_subnet.public_az1",
            "aws_subnet.public_az2",
            "aws_vpc.main"
          ]
        }
      ]
    },
    {
      "mode": "managed",
      "type": "aws_network_acl_rule",
      "name": "public_inbound_ssh",
      "provider": "provider[\"registry.terraform.io/hashicorp/aws\"]",
      "instances": [
        {
          "schema_version": 0,
          "attributes": {
            "cidr_block": "0.0.0.0/0",
            "egress": false,
            "from_port": 22,
            "icmp_code": null,
            "icmp_type": null,
            "id": "nacl-209314938",
            "ipv6_cidr_block": "",
            "network_acl_id": "acl-0cbbf4f57d41f7756",
            "protocol": "6",
            "rule_action": "allow",
            "rule_number": 120,
            "to_port": 22
          },
          "sensitive_attributes": [],
          "identity_schema_version": 0,
          "private": "bnVsbA==",
          "dependencies": [
            "aws_network_acl.public",
            "aws_subnet.public_az1",
            "aws_subnet.public_az2",
            "aws_vpc.main"
          ]
        }
      ]
    },
    {
      "mode": "managed",
      "type": "aws_network_acl_rule",
      "name": "public_outbound_ephemeral",
      "provider": "provider[\"registry.terraform.io/hashicorp/aws\"]",
      "instances": [
        {
          "schema_version": 0,
          "attributes": {
            "cidr_block": "0.0.0.0/0",
            "egress": true,
            "from_port": 1024,
            "icmp_code": null,
            "icmp_type": null,
            "id": "nacl-3417929994",
            "ipv6_cidr_block": "",
            "network_acl_id": "acl-0cbbf4f57d41f7756",
            "protocol": "6",
            "rule_action": "allow",
            "rule_number": 140,
            "to_port": 65535
          },
          "sensitive_attributes": [],
          "identity_schema_version": 0,
          "private": "bnVsbA==",
          "dependencies": [
            "aws_network_acl.public",
            "aws_subnet.public_az1",
            "aws_subnet.public_az2",
            "aws_vpc.main"
          ]
        }
      ]
    },
    {
      "mode": "managed",
      "type": "aws_network_acl_rule",
      "name": "public_outbound_http",
      "provider": "provider[\"registry.terraform.io/hashicorp/aws\"]",
      "instances": [
        {
          "schema_version": 0,
          "attributes": {
            "cidr_block": "0.0.0.0/0",
            "egress": true,
            "from_port": 80,
            "icmp_code": null,
            "icmp_type": null,
            "id": "nacl-3367977589",
            "ipv6_cidr_block": "",
            "network_acl_id": "acl-0cbbf4f57d41f7756",
            "protocol": "6",
            "rule_action": "allow",
            "rule_number": 100,
            "to_port": 80
          },
          "sensitive_attributes": [],
          "identity_schema_version": 0,
          "private": "bnVsbA==",
          "dependencies": [
            "aws_network_acl.public",
            "aws_subnet.public_az1",
            "aws_subnet.public_az2",
            "aws_vpc.main"
          ]
        }
      ]
    },
    {
      "mode": "managed",
      "type": "aws_network_acl_rule",
      "name": "public_outbound_https",
      "provider": "provider[\"registry.terraform.io/hashicorp/aws\"]",
      "instances": [
        {
          "schema_version": 0,
          "attributes": {
            "cidr_block": "0.0.0.0/0",
            "egress": true,
            "from_port": 443,
            "icmp_code": null,
            "icmp_type": null,
            "id": "nacl-1394216474",
            "ipv6_cidr_block": "",
            "network_acl_id": "acl-0cbbf4f57d41f7756",
            "protocol": "6",
            "rule_action": "allow",
            "rule_number": 110,
            "to_port": 443
          },
          "sensitive_attributes": [],
          "identity_schema_version": 0,
          "private": "bnVsbA==",
          "dependencies": [
            "aws_network_acl.public",
            "aws_subnet.public_az1",
            "aws_subnet.public_az2",
            "aws_vpc.main"
          ]
        }
      ]
    },
    {
      "mode": "managed",
      "type": "aws_route_table",
      "name": "private_az1",
      "provider": "provider[\"registry.terraform.io/hashicorp/aws\"]",
      "instances": [
        {
          "schema_version": 0,
          "attributes": {
            "arn": "arn:aws:ec2:us-east-2:643913569214:route-table/rtb-01181ae58a7cb0b14",
            "id": "rtb-01181ae58a7cb0b14",
            "owner_id": "643913569214",
            "propagating_vgws": [],
            "route": [
              {
                "carrier_gateway_id": "",
                "cidr_block": "0.0.0.0/0",
                "core_network_arn": "",
                "destination_prefix_list_id": "",
                "egress_only_gateway_id": "",
                "gateway_id": "",
                "ipv6_cidr_block": "",
                "local_gateway_id": "",
                "nat_gateway_id": "nat-037c670f736eebcac",
                "network_interface_id": "",
                "transit_gateway_id": "",
                "vpc_endpoint_id": "",
                "vpc_peering_connection_id": ""
              }
            ],
            "tags": {
              "AZ": "us-east-2a",
              "Environment": "dev",
              "Name": "incodefy-private-rt-az1-dev",
              "Project": "incodefy",
              "Type": "Private"
            },
            "tags_all": {
              "AZ": "us-east-2a",
              "Environment": "dev",
              "Name": "incodefy-private-rt-az1-dev",
              "Project": "incodefy",
              "Type": "Private"
            },
            "timeouts": null,
            "vpc_id": "vpc-0b5f6353dd7e5f629"
          },
          "sensitive_attributes": [],
          "identity_schema_version": 0,
          "private": "eyJlMmJmYjczMC1lY2FhLTExZTYtOGY4OC0zNDM2M2JjN2M0YzAiOnsiY3JlYXRlIjozMDAwMDAwMDAwMDAsImRlbGV0ZSI6MzAwMDAwMDAwMDAwLCJ1cGRhdGUiOjEyMDAwMDAwMDAwMH19",
          "dependencies": [
            "aws_eip.nat_az1",
            "aws_internet_gateway.main",
            "aws_nat_gateway.az1",
            "aws_subnet.public_az1",
            "aws_vpc.main"
          ]
        }
      ]
    },
    {
      "mode": "managed",
      "type": "aws_route_table",
      "name": "private_az2",
      "provider": "provider[\"registry.terraform.io/hashicorp/aws\"]",
      "instances": [
        {
          "schema_version": 0,
          "attributes": {
            "arn": "arn:aws:ec2:us-east-2:643913569214:route-table/rtb-0735754a5ed4207bb",
            "id": "rtb-0735754a5ed4207bb",
            "owner_id": "643913569214",
            "propagating_vgws": [],
            "route": [
              {
                "carrier_gateway_id": "",
                "cidr_block": "0.0.0.0/0",
                "core_network_arn": "",
                "destination_prefix_list_id": "",
                "egress_only_gateway_id": "",
                "gateway_id": "",
                "ipv6_cidr_block": "",
                "local_gateway_id": "",
                "nat_gateway_id": "nat-02272849acd54a06c",
                "network_interface_id": "",
                "transit_gateway_id": "",
                "vpc_endpoint_id": "",
                "vpc_peering_connection_id": ""
              }
            ],
            "tags": {
              "AZ": "us-east-2b",
              "Environment": "dev",
              "Name": "incodefy-private-rt-az2-dev",
              "Project": "incodefy",
              "Type": "Private"
            },
            "tags_all": {
              "AZ": "us-east-2b",
              "Environment": "dev",
              "Name": "incodefy-private-rt-az2-dev",
              "Project": "incodefy",
              "Type": "Private"
            },
            "timeouts": null,
            "vpc_id": "vpc-0b5f6353dd7e5f629"
          },
          "sensitive_attributes": [],
          "identity_schema_version": 0,
          "private": "eyJlMmJmYjczMC1lY2FhLTExZTYtOGY4OC0zNDM2M2JjN2M0YzAiOnsiY3JlYXRlIjozMDAwMDAwMDAwMDAsImRlbGV0ZSI6MzAwMDAwMDAwMDAwLCJ1cGRhdGUiOjEyMDAwMDAwMDAwMH19",
          "dependencies": [
            "aws_eip.nat_az2",
            "aws_internet_gateway.main",
            "aws_nat_gateway.az2",
            "aws_subnet.public_az2",
            "aws_vpc.main"
          ]
        }
      ]
    },
    {
      "mode": "managed",
      "type": "aws_route_table",
      "name": "public",
      "provider": "provider[\"registry.terraform.io/hashicorp/aws\"]",
      "instances": [
        {
          "schema_version": 0,
          "attributes": {
            "arn": "arn:aws:ec2:us-east-2:643913569214:route-table/rtb-0f56f61b06557649a",
            "id": "rtb-0f56f61b06557649a",
            "owner_id": "643913569214",
            "propagating_vgws": [],
            "route": [
              {
                "carrier_gateway_id": "",
                "cidr_block": "0.0.0.0/0",
                "core_network_arn": "",
                "destination_prefix_list_id": "",
                "egress_only_gateway_id": "",
                "gateway_id": "igw-0c5fe2ae6ae69bd44",
                "ipv6_cidr_block": "",
                "local_gateway_id": "",
                "nat_gateway_id": "",
                "network_interface_id": "",
                "transit_gateway_id": "",
                "vpc_endpoint_id": "",
                "vpc_peering_connection_id": ""
              }
            ],
            "tags": {
              "Environment": "dev",
              "Name": "incodefy-public-rt-dev",
              "Project": "incodefy",
              "Type": "Public"
            },
            "tags_all": {
              "Environment": "dev",
              "Name": "incodefy-public-rt-dev",
              "Project": "incodefy",
              "Type": "Public"
            },
            "timeouts": null,
            "vpc_id": "vpc-0b5f6353dd7e5f629"
          },
          "sensitive_attributes": [],
          "identity_schema_version": 0,
          "private": "eyJlMmJmYjczMC1lY2FhLTExZTYtOGY4OC0zNDM2M2JjN2M0YzAiOnsiY3JlYXRlIjozMDAwMDAwMDAwMDAsImRlbGV0ZSI6MzAwMDAwMDAwMDAwLCJ1cGRhdGUiOjEyMDAwMDAwMDAwMH19",
          "dependencies": [
            "aws_internet_gateway.main",
            "aws_vpc.main"
          ]
        }
      ]
    },
    {
      "mode": "managed",
      "type": "aws_route_table_association",
      "name": "private_az1",
      "provider": "provider[\"registry.terraform.io/hashicorp/aws\"]",
      "instances": [
        {
          "schema_version": 0,
          "attributes": {
            "gateway_id": "",
            "id": "rtbassoc-05ac6b87fb8d30ccb",
            "route_table_id": "rtb-01181ae58a7cb0b14",
            "subnet_id": "subnet-0af3752e493868b5c",
            "timeouts": null
          },
          "sensitive_attributes": [],
          "identity_schema_version": 0,
          "private": "eyJlMmJmYjczMC1lY2FhLTExZTYtOGY4OC0zNDM2M2JjN2M0YzAiOnsiY3JlYXRlIjozMDAwMDAwMDAwMDAsImRlbGV0ZSI6MzAwMDAwMDAwMDAwLCJ1cGRhdGUiOjEyMDAwMDAwMDAwMH19",
          "dependencies": [
            "aws_eip.nat_az1",
            "aws_internet_gateway.main",
            "aws_nat_gateway.az1",
            "aws_route_table.private_az1",
            "aws_subnet.private_az1",
            "aws_subnet.public_az1",
            "aws_vpc.main"
          ]
        }
      ]
    },
    {
      "mode": "managed",
      "type": "aws_route_table_association",
      "name": "private_az2",
      "provider": "provider[\"registry.terraform.io/hashicorp/aws\"]",
      "instances": [
        {
          "schema_version": 0,
          "attributes": {
            "gateway_id": "",
            "id": "rtbassoc-05a0dcb54558277e7",
            "route_table_id": "rtb-0735754a5ed4207bb",
            "subnet_id": "subnet-005b237d6cf730302",
            "timeouts": null
          },
          "sensitive_attributes": [],
          "identity_schema_version": 0,
          "private": "eyJlMmJmYjczMC1lY2FhLTExZTYtOGY4OC0zNDM2M2JjN2M0YzAiOnsiY3JlYXRlIjozMDAwMDAwMDAwMDAsImRlbGV0ZSI6MzAwMDAwMDAwMDAwLCJ1cGRhdGUiOjEyMDAwMDAwMDAwMH19",
          "dependencies": [
            "aws_eip.nat_az2",
            "aws_internet_gateway.main",
            "aws_nat_gateway.az2",
            "aws_route_table.private_az2",
            "aws_subnet.private_az2",
            "aws_subnet.public_az2",
            "aws_vpc.main"
          ]
        }
      ]
    },
    {
      "mode": "managed",
      "type": "aws_route_table_association",
      "name": "public_az1",
      "provider": "provider[\"registry.terraform.io/hashicorp/aws\"]",
      "instances": [
        {
          "schema_version": 0,
          "attributes": {
            "gateway_id": "",
            "id": "rtbassoc-01fc0ddfa71a63ce8",
            "route_table_id": "rtb-0f56f61b06557649a",
            "subnet_id": "subnet-0a651c369a8ad2e91",
            "timeouts": null
          },
          "sensitive_attributes": [],
          "identity_schema_version": 0,
          "private": "eyJlMmJmYjczMC1lY2FhLTExZTYtOGY4OC0zNDM2M2JjN2M0YzAiOnsiY3JlYXRlIjozMDAwMDAwMDAwMDAsImRlbGV0ZSI6MzAwMDAwMDAwMDAwLCJ1cGRhdGUiOjEyMDAwMDAwMDAwMH19",
          "dependencies": [
            "aws_internet_gateway.main",
            "aws_route_table.public",
            "aws_subnet.public_az1",
            "aws_vpc.main"
          ]
        }
      ]
    },
    {
      "mode": "managed",
      "type": "aws_route_table_association",
      "name": "public_az2",
      "provider": "provider[\"registry.terraform.io/hashicorp/aws\"]",
      "instances": [
        {
          "schema_version": 0,
          "attributes": {
            "gateway_id": "",
            "id": "rtbassoc-0f409b212359c7dea",
            "route_table_id": "rtb-0f56f61b06557649a",
            "subnet_id": "subnet-020af93b7a5f49837",
            "timeouts": null
          },
          "sensitive_attributes": [],
          "identity_schema_version": 0,
          "private": "eyJlMmJmYjczMC1lY2FhLTExZTYtOGY4OC0zNDM2M2JjN2M0YzAiOnsiY3JlYXRlIjozMDAwMDAwMDAwMDAsImRlbGV0ZSI6MzAwMDAwMDAwMDAwLCJ1cGRhdGUiOjEyMDAwMDAwMDAwMH19",
          "dependencies": [
            "aws_internet_gateway.main",
            "aws_route_table.public",
            "aws_subnet.public_az2",
            "aws_vpc.main"
          ]
        }
      ]
    },
    {
      "mode": "managed",
      "type": "aws_s3_bucket",
      "name": "chaos_reports",
      "provider": "provider[\"registry.terraform.io/hashicorp/aws\"]",
      "instances": []
    },
    {
      "mode": "managed",
      "type": "aws_s3_bucket",
      "name": "lambda_bucket",
      "provider": "provider[\"registry.terraform.io/hashicorp/aws\"]",
      "instances": [
        {
          "schema_version": 0,
          "attributes": {
            "acceleration_status": "",
            "acl": null,
            "arn": "arn:aws:s3:::incodefy-chaos-bucket-20251202035739400800000001",
            "bucket": "incodefy-chaos-bucket-20251202035739400800000001",
            "bucket_domain_name": "incodefy-chaos-bucket-20251202035739400800000001.s3.amazonaws.com",
            "bucket_prefix": "incodefy-chaos-bucket-",
            "bucket_regional_domain_name": "incodefy-chaos-bucket-20251202035739400800000001.s3.us-east-2.amazonaws.com",
            "cors_rule": [],
            "force_destroy": true,
            "grant": [
              {
                "id": "b51aa022939ff03e01980af68873d03ebd67fdd906cfc827c00e9108d7999474",
                "permissions": [
                  "FULL_CONTROL"
                ],
                "type": "CanonicalUser",
                "uri": ""
              }
            ],
            "hosted_zone_id": "Z2O1EMRO9K5GLX",
            "id": "incodefy-chaos-bucket-20251202035739400800000001",
            "lifecycle_rule": [],
            "logging": [],
            "object_lock_configuration": [],
            "object_lock_enabled": false,
            "policy": "",
            "region": "us-east-2",
            "replication_configuration": [],
            "request_payer": "BucketOwner",
            "server_side_encryption_configuration": [
              {
                "rule": [
                  {
                    "apply_server_side_encryption_by_default": [
                      {
                        "kms_master_key_id": "",
                        "sse_algorithm": "AES256"
                      }
                    ],
                    "bucket_key_enabled": false
                  }
                ]
              }
            ],
            "tags": null,
            "tags_all": {},
            "timeouts": null,
            "versioning": [
              {
                "enabled": false,
                "mfa_delete": false
              }
            ],
            "website": [],
            "website_domain": null,
            "website_endpoint": null
          },
          "sensitive_attributes": [],
          "identity_schema_version": 0,
          "private": "eyJlMmJmYjczMC1lY2FhLTExZTYtOGY4OC0zNDM2M2JjN2M0YzAiOnsiY3JlYXRlIjoxMjAwMDAwMDAwMDAwLCJkZWxldGUiOjM2MDAwMDAwMDAwMDAsInJlYWQiOjEyMDAwMDAwMDAwMDAsInVwZGF0ZSI6MTIwMDAwMDAwMDAwMH19"
        }
      ]
    },
    {
      "mode": "managed",
      "type": "aws_s3_bucket_lifecycle_configuration",
      "name": "chaos_reports",
      "provider": "provider[\"registry.terraform.io/hashicorp/aws\"]",
      "instances": []
    },
    {
      "mode": "managed",
      "type": "aws_s3_bucket_versioning",
      "name": "chaos_reports",
      "provider": "provider[\"registry.terraform.io/hashicorp/aws\"]",
      "instances": []
    },
    {
      "mode": "managed",
      "type": "aws_secretsmanager_secret",
      "name": "gremlin_credentials",
      "provider": "provider[\"registry.terraform.io/hashicorp/aws\"]",
      "instances": []
    },
    {
      "mode": "managed",
      "type": "aws_secretsmanager_secret_version",
      "name": "gremlin_credentials",
      "provider": "provider[\"registry.terraform.io/hashicorp/aws\"]",
      "instances": []
    },
    {
      "mode": "managed",
      "type": "aws_security_group",
      "name": "alb",
      "provider": "provider[\"registry.terraform.io/hashicorp/aws\"]",
      "instances": [
        {
          "schema_version": 1,
          "attributes": {
            "arn": "arn:aws:ec2:us-east-2:643913569214:security-group/sg-0412497a5fe21bbbd",
            "description": "Security group para Application Load Balancer",
            "egress": [
              {
                "cidr_blocks": [
                  "0.0.0.0/0"
                ],
                "description": "All outbound traffic",
                "from_port": 0,
                "ipv6_cidr_blocks": [],
                "prefix_list_ids": [],
                "protocol": "-1",
                "security_groups": [],
                "self": false,
                "to_port": 0
              }
            ],
            "id": "sg-0412497a5fe21bbbd",
            "ingress": [
              {
                "cidr_blocks": [
                  "0.0.0.0/0"
                ],
                "description": "HTTP desde Internet",
                "from_port": 80,
                "ipv6_cidr_blocks": [],
                "prefix_list_ids": [],
                "protocol": "tcp",
                "security_groups": [],
                "self": false,
                "to_port": 80
              },
              {
                "cidr_blocks": [
                  "0.0.0.0/0"
                ],
                "description": "HTTPS desde Internet",
                "from_port": 443,
                "ipv6_cidr_blocks": [],
                "prefix_list_ids": [],
                "protocol": "tcp",
                "security_groups": [],
                "self": false,
                "to_port": 443
              }
            ],
            "name": "incodefy-alb-sg-dev",
            "name_prefix": "",
            "owner_id": "643913569214",
            "revoke_rules_on_delete": false,
            "tags": {
              "Environment": "dev",
              "Name": "incodefy-alb-sg-dev",
              "Project": "incodefy",
              "Resource": "ALB"
            },
            "tags_all": {
              "Environment": "dev",
              "Name": "incodefy-alb-sg-dev",
              "Project": "incodefy",
              "Resource": "ALB"
            },
            "timeouts": null,
            "vpc_id": "vpc-0b5f6353dd7e5f629"
          },
          "sensitive_attributes": [],
          "identity_schema_version": 0,
          "private": "eyJlMmJmYjczMC1lY2FhLTExZTYtOGY4OC0zNDM2M2JjN2M0YzAiOnsiY3JlYXRlIjo2MDAwMDAwMDAwMDAsImRlbGV0ZSI6OTAwMDAwMDAwMDAwfSwic2NoZW1hX3ZlcnNpb24iOiIxIn0=",
          "dependencies": [
            "aws_vpc.main"
          ],
          "create_before_destroy": true
        }
      ]
    },
    {
      "mode": "managed",
      "type": "aws_security_group",
      "name": "ec2_app",
      "provider": "provider[\"registry.terraform.io/hashicorp/aws\"]",
      "instances": [
        {
          "schema_version": 1,
          "attributes": {
            "arn": "arn:aws:ec2:us-east-2:643913569214:security-group/sg-04ebfaba466c93c6a",
            "description": "Security group for EC2 application instances",
            "egress": [
              {
                "cidr_blocks": [
                  "0.0.0.0/0"
                ],
                "description": "All outbound traffic",
                "from_port": 0,
                "ipv6_cidr_blocks": [],
                "prefix_list_ids": [],
                "protocol": "-1",
                "security_groups": [],
                "self": false,
                "to_port": 0
              }
            ],
            "id": "sg-04ebfaba466c93c6a",
            "ingress": [
              {
                "cidr_blocks": [
                  "0.0.0.0/0"
                ],
                "description": "SSH desde IPs administrativas",
                "from_port": 22,
                "ipv6_cidr_blocks": [],
                "prefix_list_ids": [],
                "protocol": "tcp",
                "security_groups": [],
                "self": false,
                "to_port": 22
              },
              {
                "cidr_blocks": [],
                "description": "HTTP desde ALB",
                "from_port": 3000,
                "ipv6_cidr_blocks": [],
                "prefix_list_ids": [],
                "protocol": "tcp",
                "security_groups": [
                  "sg-0412497a5fe21bbbd"
                ],
                "self": false,
                "to_port": 3000
              }
            ],
            "name": "incodefy-ec2-app-sg-dev",
            "name_prefix": "",
            "owner_id": "643913569214",
            "revoke_rules_on_delete": false,
            "tags": {
              "Environment": "dev",
              "Name": "incodefy-ec2-app-sg-dev",
              "Project": "incodefy",
              "Resource": "EC2"
            },
            "tags_all": {
              "Environment": "dev",
              "Name": "incodefy-ec2-app-sg-dev",
              "Project": "incodefy",
              "Resource": "EC2"
            },
            "timeouts": null,
            "vpc_id": "vpc-0b5f6353dd7e5f629"
          },
          "sensitive_attributes": [
            [
              {
                "type": "get_attr",
                "value": "ingress"
              }
            ]
          ],
          "identity_schema_version": 0,
          "private": "eyJlMmJmYjczMC1lY2FhLTExZTYtOGY4OC0zNDM2M2JjN2M0YzAiOnsiY3JlYXRlIjo2MDAwMDAwMDAwMDAsImRlbGV0ZSI6OTAwMDAwMDAwMDAwfSwic2NoZW1hX3ZlcnNpb24iOiIxIn0=",
          "dependencies": [
            "aws_security_group.alb",
            "aws_vpc.main"
          ],
          "create_before_destroy": true
        }
      ]
    },
    {
      "mode": "managed",
      "type": "aws_security_group",
      "name": "lambda",
      "provider": "provider[\"registry.terraform.io/hashicorp/aws\"]",
      "instances": [
        {
          "schema_version": 1,
          "attributes": {
            "arn": "arn:aws:ec2:us-east-2:643913569214:security-group/sg-0d3de00d4d74e72ff",
            "description": "Security group para Lambda functions",
            "egress": [
              {
                "cidr_blocks": [
                  "0.0.0.0/0"
                ],
                "description": "HTTP para servicios internos",
                "from_port": 80,
                "ipv6_cidr_blocks": [],
                "prefix_list_ids": [],
                "protocol": "tcp",
                "security_groups": [],
                "self": false,
                "to_port": 80
              },
              {
                "cidr_blocks": [
                  "0.0.0.0/0"
                ],
                "description": "HTTPS para servicios AWS",
                "from_port": 443,
                "ipv6_cidr_blocks": [],
                "prefix_list_ids": [],
                "protocol": "tcp",
                "security_groups": [],
                "self": false,
                "to_port": 443
              }
            ],
            "id": "sg-0d3de00d4d74e72ff",
            "ingress": [],
            "name": "incodefy-lambda-sg-dev",
            "name_prefix": "",
            "owner_id": "643913569214",
            "revoke_rules_on_delete": false,
            "tags": {
              "Environment": "dev",
              "Name": "incodefy-lambda-sg-dev",
              "Project": "incodefy",
              "Resource": "Lambda"
            },
            "tags_all": {
              "Environment": "dev",
              "Name": "incodefy-lambda-sg-dev",
              "Project": "incodefy",
              "Resource": "Lambda"
            },
            "timeouts": null,
            "vpc_id": "vpc-0b5f6353dd7e5f629"
          },
          "sensitive_attributes": [],
          "identity_schema_version": 0,
          "private": "eyJlMmJmYjczMC1lY2FhLTExZTYtOGY4OC0zNDM2M2JjN2M0YzAiOnsiY3JlYXRlIjo2MDAwMDAwMDAwMDAsImRlbGV0ZSI6OTAwMDAwMDAwMDAwfSwic2NoZW1hX3ZlcnNpb24iOiIxIn0=",
          "dependencies": [
            "aws_vpc.main"
          ]
        }
      ]
    },
    {
      "mode": "managed",
      "type": "aws_security_group",
      "name": "vpc_endpoints",
      "provider": "provider[\"registry.terraform.io/hashicorp/aws\"]",
      "instances": [
        {
          "schema_version": 1,
          "attributes": {
            "arn": "arn:aws:ec2:us-east-2:643913569214:security-group/sg-0d1e691f5e2e0a45a",
            "description": "Security group para VPC Endpoints",
            "egress": [
              {
                "cidr_blocks": [
                  "0.0.0.0/0"
                ],
                "description": "All outbound traffic",
                "from_port": 0,
                "ipv6_cidr_blocks": [],
                "prefix_list_ids": [],
                "protocol": "-1",
                "security_groups": [],
                "self": false,
                "to_port": 0
              }
            ],
            "id": "sg-0d1e691f5e2e0a45a",
            "ingress": [
              {
                "cidr_blocks": [
                  "10.1.0.0/16"
                ],
                "description": "HTTPS desde VPC",
                "from_port": 443,
                "ipv6_cidr_blocks": [],
                "prefix_list_ids": [],
                "protocol": "tcp",
                "security_groups": [],
                "self": false,
                "to_port": 443
              }
            ],
            "name": "incodefy-vpc-endpoints-sg-dev",
            "name_prefix": "",
            "owner_id": "643913569214",
            "revoke_rules_on_delete": false,
            "tags": {
              "Environment": "dev",
              "Name": "incodefy-vpc-endpoints-sg-dev",
              "Project": "incodefy",
              "Resource": "VPC-Endpoints"
            },
            "tags_all": {
              "Environment": "dev",
              "Name": "incodefy-vpc-endpoints-sg-dev",
              "Project": "incodefy",
              "Resource": "VPC-Endpoints"
            },
            "timeouts": null,
            "vpc_id": "vpc-0b5f6353dd7e5f629"
          },
          "sensitive_attributes": [],
          "identity_schema_version": 0,
          "private": "eyJlMmJmYjczMC1lY2FhLTExZTYtOGY4OC0zNDM2M2JjN2M0YzAiOnsiY3JlYXRlIjo2MDAwMDAwMDAwMDAsImRlbGV0ZSI6OTAwMDAwMDAwMDAwfSwic2NoZW1hX3ZlcnNpb24iOiIxIn0=",
          "dependencies": [
            "aws_vpc.main"
          ]
        }
      ]
    },
    {
      "mode": "managed",
      "type": "aws_sns_topic",
      "name": "chaos_alerts",
      "provider": "provider[\"registry.terraform.io/hashicorp/aws\"]",
      "instances": [
        {
          "schema_version": 0,
          "attributes": {
            "application_failure_feedback_role_arn": "",
            "application_success_feedback_role_arn": "",
            "application_success_feedback_sample_rate": 0,
            "archive_policy": "",
            "arn": "arn:aws:sns:us-east-2:643913569214:incodefy-chaos-alerts",
            "beginning_archive_time": "",
            "content_based_deduplication": false,
            "delivery_policy": "",
            "display_name": "",
            "fifo_throughput_scope": "",
            "fifo_topic": false,
            "firehose_failure_feedback_role_arn": "",
            "firehose_success_feedback_role_arn": "",
            "firehose_success_feedback_sample_rate": 0,
            "http_failure_feedback_role_arn": "",
            "http_success_feedback_role_arn": "",
            "http_success_feedback_sample_rate": 0,
            "id": "arn:aws:sns:us-east-2:643913569214:incodefy-chaos-alerts",
            "kms_master_key_id": "",
            "lambda_failure_feedback_role_arn": "",
            "lambda_success_feedback_role_arn": "",
            "lambda_success_feedback_sample_rate": 0,
            "name": "incodefy-chaos-alerts",
            "name_prefix": "",
            "owner": "643913569214",
            "policy": "{\"Id\":\"__default_policy_ID\",\"Statement\":[{\"Action\":[\"SNS:GetTopicAttributes\",\"SNS:SetTopicAttributes\",\"SNS:AddPermission\",\"SNS:RemovePermission\",\"SNS:DeleteTopic\",\"SNS:Subscribe\",\"SNS:ListSubscriptionsByTopic\",\"SNS:Publish\"],\"Condition\":{\"StringEquals\":{\"AWS:SourceOwner\":\"643913569214\"}},\"Effect\":\"Allow\",\"Principal\":{\"AWS\":\"*\"},\"Resource\":\"arn:aws:sns:us-east-2:643913569214:incodefy-chaos-alerts\",\"Sid\":\"__default_statement_ID\"}],\"Version\":\"2008-10-17\"}",
            "signature_version": 0,
            "sqs_failure_feedback_role_arn": "",
            "sqs_success_feedback_role_arn": "",
            "sqs_success_feedback_sample_rate": 0,
            "tags": null,
            "tags_all": {},
            "tracing_config": ""
          },
          "sensitive_attributes": [],
          "identity_schema_version": 0,
          "private": "bnVsbA=="
        }
      ]
    },
    {
      "mode": "managed",
      "type": "aws_sns_topic",
      "name": "cloudwatch_alarms",
      "provider": "provider[\"registry.terraform.io/hashicorp/aws\"]",
      "instances": [
        {
          "schema_version": 0,
          "attributes": {
            "application_failure_feedback_role_arn": "",
            "application_success_feedback_role_arn": "",
            "application_success_feedback_sample_rate": 0,
            "archive_policy": "",
            "arn": "arn:aws:sns:us-east-2:643913569214:feli-dev-cloudwatch-alarms",
            "beginning_archive_time": "",
            "content_based_deduplication": false,
            "delivery_policy": "",
            "display_name": "",
            "fifo_throughput_scope": "",
            "fifo_topic": false,
            "firehose_failure_feedback_role_arn": "",
            "firehose_success_feedback_role_arn": "",
            "firehose_success_feedback_sample_rate": 0,
            "http_failure_feedback_role_arn": "",
            "http_success_feedback_role_arn": "",
            "http_success_feedback_sample_rate": 0,
            "id": "arn:aws:sns:us-east-2:643913569214:feli-dev-cloudwatch-alarms",
            "kms_master_key_id": "",
            "lambda_failure_feedback_role_arn": "",
            "lambda_success_feedback_role_arn": "",
            "lambda_success_feedback_sample_rate": 0,
            "name": "feli-dev-cloudwatch-alarms",
            "name_prefix": "",
            "owner": "643913569214",
            "policy": "{\"Id\":\"__default_policy_ID\",\"Statement\":[{\"Action\":[\"SNS:GetTopicAttributes\",\"SNS:SetTopicAttributes\",\"SNS:AddPermission\",\"SNS:RemovePermission\",\"SNS:DeleteTopic\",\"SNS:Subscribe\",\"SNS:ListSubscriptionsByTopic\",\"SNS:Publish\"],\"Condition\":{\"StringEquals\":{\"AWS:SourceOwner\":\"643913569214\"}},\"Effect\":\"Allow\",\"Principal\":{\"AWS\":\"*\"},\"Resource\":\"arn:aws:sns:us-east-2:643913569214:feli-dev-cloudwatch-alarms\",\"Sid\":\"__default_statement_ID\"}],\"Version\":\"2008-10-17\"}",
            "signature_version": 0,
            "sqs_failure_feedback_role_arn": "",
            "sqs_success_feedback_role_arn": "",
            "sqs_success_feedback_sample_rate": 0,
            "tags": {
              "Environment": "dev",
              "Purpose": "CloudWatch alarm notifications"
            },
            "tags_all": {
              "Environment": "dev",
              "Purpose": "CloudWatch alarm notifications"
            },
            "tracing_config": ""
          },
          "sensitive_attributes": [],
          "identity_schema_version": 0,
          "private": "bnVsbA=="
        }
      ]
    },
    {
      "mode": "managed",
      "type": "aws_sns_topic",
      "name": "critical_alarms",
      "provider": "provider[\"registry.terraform.io/hashicorp/aws\"]",
      "instances": [
        {
          "schema_version": 0,
          "attributes": {
            "application_failure_feedback_role_arn": "",
            "application_success_feedback_role_arn": "",
            "application_success_feedback_sample_rate": 0,
            "archive_policy": "",
            "arn": "arn:aws:sns:us-east-2:643913569214:feli-dev-critical-alarms",
            "beginning_archive_time": "",
            "content_based_deduplication": false,
            "delivery_policy": "",
            "display_name": "",
            "fifo_throughput_scope": "",
            "fifo_topic": false,
            "firehose_failure_feedback_role_arn": "",
            "firehose_success_feedback_role_arn": "",
            "firehose_success_feedback_sample_rate": 0,
            "http_failure_feedback_role_arn": "",
            "http_success_feedback_role_arn": "",
            "http_success_feedback_sample_rate": 0,
            "id": "arn:aws:sns:us-east-2:643913569214:feli-dev-critical-alarms",
            "kms_master_key_id": "",
            "lambda_failure_feedback_role_arn": "",
            "lambda_success_feedback_role_arn": "",
            "lambda_success_feedback_sample_rate": 0,
            "name": "feli-dev-critical-alarms",
            "name_prefix": "",
            "owner": "643913569214",
            "policy": "{\"Id\":\"__default_policy_ID\",\"Statement\":[{\"Action\":[\"SNS:GetTopicAttributes\",\"SNS:SetTopicAttributes\",\"SNS:AddPermission\",\"SNS:RemovePermission\",\"SNS:DeleteTopic\",\"SNS:Subscribe\",\"SNS:ListSubscriptionsByTopic\",\"SNS:Publish\"],\"Condition\":{\"StringEquals\":{\"AWS:SourceOwner\":\"643913569214\"}},\"Effect\":\"Allow\",\"Principal\":{\"AWS\":\"*\"},\"Resource\":\"arn:aws:sns:us-east-2:643913569214:feli-dev-critical-alarms\",\"Sid\":\"__default_statement_ID\"}],\"Version\":\"2008-10-17\"}",
            "signature_version": 0,
            "sqs_failure_feedback_role_arn": "",
            "sqs_success_feedback_role_arn": "",
            "sqs_success_feedback_sample_rate": 0,
            "tags": {
              "Environment": "dev",
              "Purpose": "Critical alarm notifications"
            },
            "tags_all": {
              "Environment": "dev",
              "Purpose": "Critical alarm notifications"
            },
            "tracing_config": ""
          },
          "sensitive_attributes": [],
          "identity_schema_version": 0,
          "private": "bnVsbA=="
        }
      ]
    },
    {
      "mode": "managed",
      "type": "aws_sns_topic",
      "name": "guardduty_alerts",
      "provider": "provider[\"registry.terraform.io/hashicorp/aws\"]",
      "instances": []
    },
    {
      "mode": "managed",
      "type": "aws_sns_topic",
      "name": "security_alerts",
      "provider": "provider[\"registry.terraform.io/hashicorp/aws\"]",
      "instances": [
        {
          "index_key": 0,
          "schema_version": 0,
          "attributes": {
            "application_failure_feedback_role_arn": "",
            "application_success_feedback_role_arn": "",
            "application_success_feedback_sample_rate": 0,
            "archive_policy": "",
            "arn": "arn:aws:sns:us-east-2:643913569214:incodefy-security-alerts-dev",
            "beginning_archive_time": "",
            "content_based_deduplication": false,
            "delivery_policy": "",
            "display_name": "",
            "fifo_throughput_scope": "",
            "fifo_topic": false,
            "firehose_failure_feedback_role_arn": "",
            "firehose_success_feedback_role_arn": "",
            "firehose_success_feedback_sample_rate": 0,
            "http_failure_feedback_role_arn": "",
            "http_success_feedback_role_arn": "",
            "http_success_feedback_sample_rate": 0,
            "id": "arn:aws:sns:us-east-2:643913569214:incodefy-security-alerts-dev",
            "kms_master_key_id": "",
            "lambda_failure_feedback_role_arn": "",
            "lambda_success_feedback_role_arn": "",
            "lambda_success_feedback_sample_rate": 0,
            "name": "incodefy-security-alerts-dev",
            "name_prefix": "",
            "owner": "643913569214",
            "policy": "{\"Id\":\"__default_policy_ID\",\"Statement\":[{\"Action\":[\"SNS:GetTopicAttributes\",\"SNS:SetTopicAttributes\",\"SNS:AddPermission\",\"SNS:RemovePermission\",\"SNS:DeleteTopic\",\"SNS:Subscribe\",\"SNS:ListSubscriptionsByTopic\",\"SNS:Publish\"],\"Condition\":{\"StringEquals\":{\"AWS:SourceOwner\":\"643913569214\"}},\"Effect\":\"Allow\",\"Principal\":{\"AWS\":\"*\"},\"Resource\":\"arn:aws:sns:us-east-2:643913569214:incodefy-security-alerts-dev\",\"Sid\":\"__default_statement_ID\"}],\"Version\":\"2008-10-17\"}",
            "signature_version": 0,
            "sqs_failure_feedback_role_arn": "",
            "sqs_success_feedback_role_arn": "",
            "sqs_success_feedback_sample_rate": 0,
            "tags": {
              "Environment": "dev",
              "Name": "incodefy-security-alerts-dev",
              "Project": "incodefy"
            },
            "tags_all": {
              "Environment": "dev",
              "Name": "incodefy-security-alerts-dev",
              "Project": "incodefy"
            },
            "tracing_config": ""
          },
          "sensitive_attributes": [],
          "identity_schema_version": 0,
          "private": "bnVsbA=="
        }
      ]
    },
    {
      "mode": "managed",
      "type": "aws_sns_topic_policy",
      "name": "guardduty_alerts",
      "provider": "provider[\"registry.terraform.io/hashicorp/aws\"]",
      "instances": []
    },
    {
      "mode": "managed",
      "type": "aws_sns_topic_subscription",
      "name": "alarms_email",
      "provider": "provider[\"registry.terraform.io/hashicorp/aws\"]",
      "instances": [
        {
          "index_key": 0,
          "schema_version": 0,
          "attributes": {
            "arn": "arn:aws:sns:us-east-2:643913569214:feli-dev-cloudwatch-alarms:8e797f7e-c5df-447b-9d71-c1bdb417dd60",
            "confirmation_timeout_in_minutes": 1,
            "confirmation_was_authenticated": false,
            "delivery_policy": "",
            "endpoint": "incodefy2025@gmail.com",
            "endpoint_auto_confirms": false,
            "filter_policy": "",
            "filter_policy_scope": "",
            "id": "arn:aws:sns:us-east-2:643913569214:feli-dev-cloudwatch-alarms:8e797f7e-c5df-447b-9d71-c1bdb417dd60",
            "owner_id": "643913569214",
            "pending_confirmation": true,
            "protocol": "email",
            "raw_message_delivery": false,
            "redrive_policy": "",
            "replay_policy": "",
            "subscription_role_arn": "",
            "topic_arn": "arn:aws:sns:us-east-2:643913569214:feli-dev-cloudwatch-alarms"
          },
          "sensitive_attributes": [],
          "identity_schema_version": 0,
          "private": "bnVsbA==",
          "dependencies": [
            "aws_sns_topic.cloudwatch_alarms"
          ]
        }
      ]
    },
    {
      "mode": "managed",
      "type": "aws_sns_topic_subscription",
      "name": "critical_email",
      "provider": "provider[\"registry.terraform.io/hashicorp/aws\"]",
      "instances": [
        {
          "index_key": 0,
          "schema_version": 0,
          "attributes": {
            "arn": "arn:aws:sns:us-east-2:643913569214:feli-dev-critical-alarms:c6773146-17a3-4a9b-9cfe-a336a5e1039b",
            "confirmation_timeout_in_minutes": 1,
            "confirmation_was_authenticated": false,
            "delivery_policy": "",
            "endpoint": "incodefy2025@gmail.com",
            "endpoint_auto_confirms": false,
            "filter_policy": "",
            "filter_policy_scope": "",
            "id": "arn:aws:sns:us-east-2:643913569214:feli-dev-critical-alarms:c6773146-17a3-4a9b-9cfe-a336a5e1039b",
            "owner_id": "643913569214",
            "pending_confirmation": true,
            "protocol": "email",
            "raw_message_delivery": false,
            "redrive_policy": "",
            "replay_policy": "",
            "subscription_role_arn": "",
            "topic_arn": "arn:aws:sns:us-east-2:643913569214:feli-dev-critical-alarms"
          },
          "sensitive_attributes": [],
          "identity_schema_version": 0,
          "private": "bnVsbA==",
          "dependencies": [
            "aws_sns_topic.critical_alarms"
          ]
        }
      ]
    },
    {
      "mode": "managed",
      "type": "aws_sns_topic_subscription",
      "name": "guardduty_email",
      "provider": "provider[\"registry.terraform.io/hashicorp/aws\"]",
      "instances": []
    },
    {
      "mode": "managed",
      "type": "aws_sns_topic_subscription",
      "name": "security_alerts_email",
      "provider": "provider[\"registry.terraform.io/hashicorp/aws\"]",
      "instances": [
        {
          "index_key": 0,
          "schema_version": 0,
          "attributes": {
            "arn": "arn:aws:sns:us-east-2:643913569214:incodefy-security-alerts-dev:99bfc5a1-1590-4fa5-914a-d4219b6e66bd",
            "confirmation_timeout_in_minutes": 1,
            "confirmation_was_authenticated": false,
            "delivery_policy": "",
            "endpoint": "incodefy2025@gmail.com",
            "endpoint_auto_confirms": false,
            "filter_policy": "",
            "filter_policy_scope": "",
            "id": "arn:aws:sns:us-east-2:643913569214:incodefy-security-alerts-dev:99bfc5a1-1590-4fa5-914a-d4219b6e66bd",
            "owner_id": "643913569214",
            "pending_confirmation": true,
            "protocol": "email",
            "raw_message_delivery": false,
            "redrive_policy": "",
            "replay_policy": "",
            "subscription_role_arn": "",
            "topic_arn": "arn:aws:sns:us-east-2:643913569214:incodefy-security-alerts-dev"
          },
          "sensitive_attributes": [],
          "identity_schema_version": 0,
          "private": "bnVsbA==",
          "dependencies": [
            "aws_sns_topic.security_alerts"
          ]
        }
      ]
    },
    {
      "mode": "managed",
      "type": "aws_ssm_parameter",
      "name": "session_secret",
      "provider": "provider[\"registry.terraform.io/hashicorp/aws\"]",
      "instances": [
        {
          "index_key": 0,
          "schema_version": 0,
          "attributes": {
            "allowed_pattern": "",
            "arn": "arn:aws:ssm:us-east-2:643913569214:parameter/incodefy/dev/session_secret",
            "data_type": "text",
            "description": "Session secret for Express.js",
            "has_value_wo": null,
            "id": "/incodefy/dev/session_secret",
            "insecure_value": null,
            "key_id": "alias/aws/ssm",
            "name": "/incodefy/dev/session_secret",
            "overwrite": null,
            "tags": {
              "Environment": "dev",
              "Name": "incodefy-session-secret-dev",
              "Project": "incodefy"
            },
            "tags_all": {
              "Environment": "dev",
              "Name": "incodefy-session-secret-dev",
              "Project": "incodefy"
            },
            "tier": "Standard",
            "type": "SecureString",
            "value": "c90335222507628c60d6167f6dab7f4aa499a976e9885b9dffbbf8a1b5a375a8",
            "value_wo": null,
            "value_wo_version": null,
            "version": 1
          },
          "sensitive_attributes": [
            [
              {
                "type": "get_attr",
                "value": "value"
              }
            ],
            [
              {
                "type": "get_attr",
                "value": "value_wo"
              }
            ]
          ],
          "identity_schema_version": 0,
          "private": "bnVsbA=="
        }
      ]
    },
    {
      "mode": "managed",
      "type": "aws_ssm_parameter",
      "name": "user_pool_client_id",
      "provider": "provider[\"registry.terraform.io/hashicorp/aws\"]",
      "instances": [
        {
          "index_key": 0,
          "schema_version": 0,
          "attributes": {
            "allowed_pattern": "",
            "arn": "arn:aws:ssm:us-east-2:643913569214:parameter/incodefy/dev/user_pool_client_id",
            "data_type": "text",
            "description": "Cognito User Pool Client ID",
            "has_value_wo": null,
            "id": "/incodefy/dev/user_pool_client_id",
            "insecure_value": null,
            "key_id": "",
            "name": "/incodefy/dev/user_pool_client_id",
            "overwrite": null,
            "tags": {
              "Environment": "dev",
              "Name": "incodefy-user-pool-client-id-dev",
              "Project": "incodefy"
            },
            "tags_all": {
              "Environment": "dev",
              "Name": "incodefy-user-pool-client-id-dev",
              "Project": "incodefy"
            },
            "tier": "Standard",
            "type": "String",
            "value": "2vbst10c3pg8alsngeinqdq7bm",
            "value_wo": null,
            "value_wo_version": null,
            "version": 1
          },
          "sensitive_attributes": [
            [
              {
                "type": "get_attr",
                "value": "value"
              }
            ],
            [
              {
                "type": "get_attr",
                "value": "value_wo"
              }
            ]
          ],
          "identity_schema_version": 0,
          "private": "bnVsbA=="
        }
      ]
    },
    {
      "mode": "managed",
      "type": "aws_ssm_parameter",
      "name": "user_pool_id",
      "provider": "provider[\"registry.terraform.io/hashicorp/aws\"]",
      "instances": [
        {
          "index_key": 0,
          "schema_version": 0,
          "attributes": {
            "allowed_pattern": "",
            "arn": "arn:aws:ssm:us-east-2:643913569214:parameter/incodefy/dev/user_pool_id",
            "data_type": "text",
            "description": "Cognito User Pool ID",
            "has_value_wo": null,
            "id": "/incodefy/dev/user_pool_id",
            "insecure_value": null,
            "key_id": "",
            "name": "/incodefy/dev/user_pool_id",
            "overwrite": null,
            "tags": {
              "Environment": "dev",
              "Name": "incodefy-user-pool-id-dev",
              "Project": "incodefy"
            },
            "tags_all": {
              "Environment": "dev",
              "Name": "incodefy-user-pool-id-dev",
              "Project": "incodefy"
            },
            "tier": "Standard",
            "type": "String",
            "value": "us-east-2_HxF4pn23S",
            "value_wo": null,
            "value_wo_version": null,
            "version": 1
          },
          "sensitive_attributes": [
            [
              {
                "type": "get_attr",
                "value": "value"
              }
            ],
            [
              {
                "type": "get_attr",
                "value": "value_wo"
              }
            ]
          ],
          "identity_schema_version": 0,
          "private": "bnVsbA=="
        }
      ]
    },
    {
      "mode": "managed",
      "type": "aws_subnet",
      "name": "private_az1",
      "provider": "provider[\"registry.terraform.io/hashicorp/aws\"]",
      "instances": [
        {
          "schema_version": 1,
          "attributes": {
            "arn": "arn:aws:ec2:us-east-2:643913569214:subnet/subnet-0af3752e493868b5c",
            "assign_ipv6_address_on_creation": false,
            "availability_zone": "us-east-2a",
            "availability_zone_id": "use2-az1",
            "cidr_block": "10.1.11.0/24",
            "customer_owned_ipv4_pool": "",
            "enable_dns64": false,
            "enable_lni_at_device_index": 0,
            "enable_resource_name_dns_a_record_on_launch": false,
            "enable_resource_name_dns_aaaa_record_on_launch": false,
            "id": "subnet-0af3752e493868b5c",
            "ipv6_cidr_block": "",
            "ipv6_cidr_block_association_id": "",
            "ipv6_native": false,
            "map_customer_owned_ip_on_launch": false,
            "map_public_ip_on_launch": false,
            "outpost_arn": "",
            "owner_id": "643913569214",
            "private_dns_hostname_type_on_launch": "ip-name",
            "tags": {
              "AZ": "us-east-2a",
              "Environment": "dev",
              "Name": "incodefy-private-subnet-az1-dev",
              "Project": "incodefy",
              "Type": "Private"
            },
            "tags_all": {
              "AZ": "us-east-2a",
              "Environment": "dev",
              "Name": "incodefy-private-subnet-az1-dev",
              "Project": "incodefy",
              "Type": "Private"
            },
            "timeouts": null,
            "vpc_id": "vpc-0b5f6353dd7e5f629"
          },
          "sensitive_attributes": [],
          "identity_schema_version": 0,
          "private": "eyJlMmJmYjczMC1lY2FhLTExZTYtOGY4OC0zNDM2M2JjN2M0YzAiOnsiY3JlYXRlIjo2MDAwMDAwMDAwMDAsImRlbGV0ZSI6MTIwMDAwMDAwMDAwMH0sInNjaGVtYV92ZXJzaW9uIjoiMSJ9",
          "dependencies": [
            "aws_vpc.main"
          ],
          "create_before_destroy": true
        }
      ]
    },
    {
      "mode": "managed",
      "type": "aws_subnet",
      "name": "private_az2",
      "provider": "provider[\"registry.terraform.io/hashicorp/aws\"]",
      "instances": [
        {
          "schema_version": 1,
          "attributes": {
            "arn": "arn:aws:ec2:us-east-2:643913569214:subnet/subnet-005b237d6cf730302",
            "assign_ipv6_address_on_creation": false,
            "availability_zone": "us-east-2b",
            "availability_zone_id": "use2-az2",
            "cidr_block": "10.1.12.0/24",
            "customer_owned_ipv4_pool": "",
            "enable_dns64": false,
            "enable_lni_at_device_index": 0,
            "enable_resource_name_dns_a_record_on_launch": false,
            "enable_resource_name_dns_aaaa_record_on_launch": false,
            "id": "subnet-005b237d6cf730302",
            "ipv6_cidr_block": "",
            "ipv6_cidr_block_association_id": "",
            "ipv6_native": false,
            "map_customer_owned_ip_on_launch": false,
            "map_public_ip_on_launch": false,
            "outpost_arn": "",
            "owner_id": "643913569214",
            "private_dns_hostname_type_on_launch": "ip-name",
            "tags": {
              "AZ": "us-east-2b",
              "Environment": "dev",
              "Name": "incodefy-private-subnet-az2-dev",
              "Project": "incodefy",
              "Type": "Private"
            },
            "tags_all": {
              "AZ": "us-east-2b",
              "Environment": "dev",
              "Name": "incodefy-private-subnet-az2-dev",
              "Project": "incodefy",
              "Type": "Private"
            },
            "timeouts": null,
            "vpc_id": "vpc-0b5f6353dd7e5f629"
          },
          "sensitive_attributes": [],
          "identity_schema_version": 0,
          "private": "eyJlMmJmYjczMC1lY2FhLTExZTYtOGY4OC0zNDM2M2JjN2M0YzAiOnsiY3JlYXRlIjo2MDAwMDAwMDAwMDAsImRlbGV0ZSI6MTIwMDAwMDAwMDAwMH0sInNjaGVtYV92ZXJzaW9uIjoiMSJ9",
          "dependencies": [
            "aws_vpc.main"
          ],
          "create_before_destroy": true
        }
      ]
    },
    {
      "mode": "managed",
      "type": "aws_subnet",
      "name": "public_az1",
      "provider": "provider[\"registry.terraform.io/hashicorp/aws\"]",
      "instances": [
        {
          "schema_version": 1,
          "attributes": {
            "arn": "arn:aws:ec2:us-east-2:643913569214:subnet/subnet-0a651c369a8ad2e91",
            "assign_ipv6_address_on_creation": false,
            "availability_zone": "us-east-2a",
            "availability_zone_id": "use2-az1",
            "cidr_block": "10.1.1.0/24",
            "customer_owned_ipv4_pool": "",
            "enable_dns64": false,
            "enable_lni_at_device_index": 0,
            "enable_resource_name_dns_a_record_on_launch": false,
            "enable_resource_name_dns_aaaa_record_on_launch": false,
            "id": "subnet-0a651c369a8ad2e91",
            "ipv6_cidr_block": "",
            "ipv6_cidr_block_association_id": "",
            "ipv6_native": false,
            "map_customer_owned_ip_on_launch": false,
            "map_public_ip_on_launch": true,
            "outpost_arn": "",
            "owner_id": "643913569214",
            "private_dns_hostname_type_on_launch": "ip-name",
            "tags": {
              "AZ": "us-east-2a",
              "Environment": "dev",
              "Name": "incodefy-public-subnet-az1-dev",
              "Project": "incodefy",
              "Type": "Public"
            },
            "tags_all": {
              "AZ": "us-east-2a",
              "Environment": "dev",
              "Name": "incodefy-public-subnet-az1-dev",
              "Project": "incodefy",
              "Type": "Public"
            },
            "timeouts": null,
            "vpc_id": "vpc-0b5f6353dd7e5f629"
          },
          "sensitive_attributes": [],
          "identity_schema_version": 0,
          "private": "eyJlMmJmYjczMC1lY2FhLTExZTYtOGY4OC0zNDM2M2JjN2M0YzAiOnsiY3JlYXRlIjo2MDAwMDAwMDAwMDAsImRlbGV0ZSI6MTIwMDAwMDAwMDAwMH0sInNjaGVtYV92ZXJzaW9uIjoiMSJ9",
          "dependencies": [
            "aws_vpc.main"
          ]
        }
      ]
    },
    {
      "mode": "managed",
      "type": "aws_subnet",
      "name": "public_az2",
      "provider": "provider[\"registry.terraform.io/hashicorp/aws\"]",
      "instances": [
        {
          "schema_version": 1,
          "attributes": {
            "arn": "arn:aws:ec2:us-east-2:643913569214:subnet/subnet-020af93b7a5f49837",
            "assign_ipv6_address_on_creation": false,
            "availability_zone": "us-east-2b",
            "availability_zone_id": "use2-az2",
            "cidr_block": "10.1.2.0/24",
            "customer_owned_ipv4_pool": "",
            "enable_dns64": false,
            "enable_lni_at_device_index": 0,
            "enable_resource_name_dns_a_record_on_launch": false,
            "enable_resource_name_dns_aaaa_record_on_launch": false,
            "id": "subnet-020af93b7a5f49837",
            "ipv6_cidr_block": "",
            "ipv6_cidr_block_association_id": "",
            "ipv6_native": false,
            "map_customer_owned_ip_on_launch": false,
            "map_public_ip_on_launch": true,
            "outpost_arn": "",
            "owner_id": "643913569214",
            "private_dns_hostname_type_on_launch": "ip-name",
            "tags": {
              "AZ": "us-east-2b",
              "Environment": "dev",
              "Name": "incodefy-public-subnet-az2-dev",
              "Project": "incodefy",
              "Type": "Public"
            },
            "tags_all": {
              "AZ": "us-east-2b",
              "Environment": "dev",
              "Name": "incodefy-public-subnet-az2-dev",
              "Project": "incodefy",
              "Type": "Public"
            },
            "timeouts": null,
            "vpc_id": "vpc-0b5f6353dd7e5f629"
          },
          "sensitive_attributes": [],
          "identity_schema_version": 0,
          "private": "eyJlMmJmYjczMC1lY2FhLTExZTYtOGY4OC0zNDM2M2JjN2M0YzAiOnsiY3JlYXRlIjo2MDAwMDAwMDAwMDAsImRlbGV0ZSI6MTIwMDAwMDAwMDAwMH0sInNjaGVtYV92ZXJzaW9uIjoiMSJ9",
          "dependencies": [
            "aws_vpc.main"
          ]
        }
      ]
    },
    {
      "mode": "managed",
      "type": "aws_vpc",
      "name": "main",
      "provider": "provider[\"registry.terraform.io/hashicorp/aws\"]",
      "instances": [
        {
          "schema_version": 1,
          "attributes": {
            "arn": "arn:aws:ec2:us-east-2:643913569214:vpc/vpc-0b5f6353dd7e5f629",
            "assign_generated_ipv6_cidr_block": false,
            "cidr_block": "10.1.0.0/16",
            "default_network_acl_id": "acl-04872cd2fa64a93dd",
            "default_route_table_id": "rtb-0b47829beb653f267",
            "default_security_group_id": "sg-074986a59be1ff1b5",
            "dhcp_options_id": "dopt-0959b3f3c863888ff",
            "enable_dns_hostnames": true,
            "enable_dns_support": true,
            "enable_network_address_usage_metrics": false,
            "id": "vpc-0b5f6353dd7e5f629",
            "instance_tenancy": "default",
            "ipv4_ipam_pool_id": null,
            "ipv4_netmask_length": null,
            "ipv6_association_id": "",
            "ipv6_cidr_block": "",
            "ipv6_cidr_block_network_border_group": "",
            "ipv6_ipam_pool_id": "",
            "ipv6_netmask_length": 0,
            "main_route_table_id": "rtb-0b47829beb653f267",
            "owner_id": "643913569214",
            "tags": {
              "Environment": "dev",
              "ManagedBy": "Terraform",
              "Name": "incodefy-vpc-dev",
              "Project": "incodefy"
            },
            "tags_all": {
              "Environment": "dev",
              "ManagedBy": "Terraform",
              "Name": "incodefy-vpc-dev",
              "Project": "incodefy"
            }
          },
          "sensitive_attributes": [],
          "identity_schema_version": 0,
          "private": "eyJzY2hlbWFfdmVyc2lvbiI6IjEifQ==",
          "create_before_destroy": true
        }
      ]
    },
    {
      "mode": "managed",
      "type": "aws_vpc_endpoint",
      "name": "dynamodb",
      "provider": "provider[\"registry.terraform.io/hashicorp/aws\"]",
      "instances": [
        {
          "schema_version": 0,
          "attributes": {
            "arn": "arn:aws:ec2:us-east-2:643913569214:vpc-endpoint/vpce-02d881214932ddc09",
            "auto_accept": null,
            "cidr_blocks": [
              "35.71.102.128/26",
              "35.71.102.0/25",
              "52.94.4.0/24"
            ],
            "dns_entry": [],
            "dns_options": [
              {
                "dns_record_ip_type": "service-defined",
                "private_dns_only_for_inbound_resolver_endpoint": false
              }
            ],
            "id": "vpce-02d881214932ddc09",
            "ip_address_type": "ipv4",
            "network_interface_ids": [],
            "owner_id": "643913569214",
            "policy": "{\"Statement\":[{\"Action\":\"*\",\"Effect\":\"Allow\",\"Principal\":\"*\",\"Resource\":\"*\"}],\"Version\":\"2008-10-17\"}",
            "prefix_list_id": "pl-4ca54025",
            "private_dns_enabled": false,
            "requester_managed": false,
            "resource_configuration_arn": "",
            "route_table_ids": [],
            "security_group_ids": [],
            "service_name": "com.amazonaws.us-east-2.dynamodb",
            "service_network_arn": "",
            "service_region": "us-east-2",
            "state": "available",
            "subnet_configuration": [],
            "subnet_ids": [],
            "tags": {
              "Environment": "dev",
              "Name": "incodefy-dynamodb-endpoint-dev",
              "Project": "incodefy"
            },
            "tags_all": {
              "Environment": "dev",
              "Name": "incodefy-dynamodb-endpoint-dev",
              "Project": "incodefy"
            },
            "timeouts": null,
            "vpc_endpoint_type": "Gateway",
            "vpc_id": "vpc-0b5f6353dd7e5f629"
          },
          "sensitive_attributes": [],
          "identity_schema_version": 0,
          "private": "eyJlMmJmYjczMC1lY2FhLTExZTYtOGY4OC0zNDM2M2JjN2M0YzAiOnsiY3JlYXRlIjo2MDAwMDAwMDAwMDAsImRlbGV0ZSI6NjAwMDAwMDAwMDAwLCJ1cGRhdGUiOjYwMDAwMDAwMDAwMH19",
          "dependencies": [
            "aws_vpc.main"
          ]
        }
      ]
    },
    {
      "mode": "managed",
      "type": "aws_vpc_endpoint",
      "name": "logs",
      "provider": "provider[\"registry.terraform.io/hashicorp/aws\"]",
      "instances": [
        {
          "schema_version": 0,
          "attributes": {
            "arn": "arn:aws:ec2:us-east-2:643913569214:vpc-endpoint/vpce-00bb5cda684a75a26",
            "auto_accept": null,
            "cidr_blocks": [],
            "dns_entry": [
              {
                "dns_name": "vpce-00bb5cda684a75a26-t7qu5f4m.logs.us-east-2.vpce.amazonaws.com",
                "hosted_zone_id": "ZC8PG0KIFKBRI"
              },
              {
                "dns_name": "vpce-00bb5cda684a75a26-t7qu5f4m-us-east-2a.logs.us-east-2.vpce.amazonaws.com",
                "hosted_zone_id": "ZC8PG0KIFKBRI"
              },
              {
                "dns_name": "vpce-00bb5cda684a75a26-t7qu5f4m-us-east-2b.logs.us-east-2.vpce.amazonaws.com",
                "hosted_zone_id": "ZC8PG0KIFKBRI"
              },
              {
                "dns_name": "logs.us-east-2.amazonaws.com",
                "hosted_zone_id": "Z0561072AEYPUPO76FO3"
              },
              {
                "dns_name": "logs.us-east-2.api.aws",
                "hosted_zone_id": "Z05116651H8B1F8XS1F91"
              },
              {
                "dns_name": "streaming-logs.us-east-2.api.aws",
                "hosted_zone_id": "Z051138511O8UO7AJSTOO"
              },
              {
                "dns_name": "streaming-logs.us-east-2.amazonaws.com",
                "hosted_zone_id": "Z0660796EOW56BRGIYYF"
              }
            ],
            "dns_options": [
              {
                "dns_record_ip_type": "ipv4",
                "private_dns_only_for_inbound_resolver_endpoint": false
              }
            ],
            "id": "vpce-00bb5cda684a75a26",
            "ip_address_type": "ipv4",
            "network_interface_ids": [
              "eni-0450a89ca66cc40e2",
              "eni-07ae16076d91d8b41"
            ],
            "owner_id": "643913569214",
            "policy": "{\"Statement\":[{\"Action\":\"*\",\"Effect\":\"Allow\",\"Principal\":\"*\",\"Resource\":\"*\"}]}",
            "prefix_list_id": null,
            "private_dns_enabled": true,
            "requester_managed": false,
            "resource_configuration_arn": "",
            "route_table_ids": [],
            "security_group_ids": [
              "sg-0d1e691f5e2e0a45a"
            ],
            "service_name": "com.amazonaws.us-east-2.logs",
            "service_network_arn": "",
            "service_region": "us-east-2",
            "state": "available",
            "subnet_configuration": [
              {
                "ipv4": "10.1.11.76",
                "ipv6": "",
                "subnet_id": "subnet-0af3752e493868b5c"
              },
              {
                "ipv4": "10.1.12.206",
                "ipv6": "",
                "subnet_id": "subnet-005b237d6cf730302"
              }
            ],
            "subnet_ids": [
              "subnet-005b237d6cf730302",
              "subnet-0af3752e493868b5c"
            ],
            "tags": {
              "Environment": "dev",
              "Name": "incodefy-logs-endpoint-dev",
              "Project": "incodefy"
            },
            "tags_all": {
              "Environment": "dev",
              "Name": "incodefy-logs-endpoint-dev",
              "Project": "incodefy"
            },
            "timeouts": null,
            "vpc_endpoint_type": "Interface",
            "vpc_id": "vpc-0b5f6353dd7e5f629"
          },
          "sensitive_attributes": [],
          "identity_schema_version": 0,
          "private": "eyJlMmJmYjczMC1lY2FhLTExZTYtOGY4OC0zNDM2M2JjN2M0YzAiOnsiY3JlYXRlIjo2MDAwMDAwMDAwMDAsImRlbGV0ZSI6NjAwMDAwMDAwMDAwLCJ1cGRhdGUiOjYwMDAwMDAwMDAwMH19",
          "dependencies": [
            "aws_security_group.vpc_endpoints",
            "aws_subnet.private_az1",
            "aws_subnet.private_az2",
            "aws_vpc.main"
          ]
        }
      ]
    },
    {
      "mode": "managed",
      "type": "aws_vpc_endpoint",
      "name": "s3",
      "provider": "provider[\"registry.terraform.io/hashicorp/aws\"]",
      "instances": [
        {
          "schema_version": 0,
          "attributes": {
            "arn": "arn:aws:ec2:us-east-2:643913569214:vpc-endpoint/vpce-00e465bbb1ab76be4",
            "auto_accept": null,
            "cidr_blocks": [
              "18.34.252.0/22",
              "52.219.141.0/24",
              "18.34.72.0/21",
              "52.219.96.0/20",
              "52.219.224.0/21",
              "16.12.60.0/22",
              "52.219.232.0/22",
              "52.219.80.0/20",
              "3.5.128.0/22",
              "52.219.142.0/23",
              "3.5.132.0/23",
              "16.12.64.0/22",
              "52.219.212.0/22",
              "52.219.176.0/22"
            ],
            "dns_entry": [],
            "dns_options": [
              {
                "dns_record_ip_type": "service-defined",
                "private_dns_only_for_inbound_resolver_endpoint": false
              }
            ],
            "id": "vpce-00e465bbb1ab76be4",
            "ip_address_type": "ipv4",
            "network_interface_ids": [],
            "owner_id": "643913569214",
            "policy": "{\"Statement\":[{\"Action\":\"*\",\"Effect\":\"Allow\",\"Principal\":\"*\",\"Resource\":\"*\"}],\"Version\":\"2008-10-17\"}",
            "prefix_list_id": "pl-7ba54012",
            "private_dns_enabled": false,
            "requester_managed": false,
            "resource_configuration_arn": "",
            "route_table_ids": [],
            "security_group_ids": [],
            "service_name": "com.amazonaws.us-east-2.s3",
            "service_network_arn": "",
            "service_region": "us-east-2",
            "state": "available",
            "subnet_configuration": [],
            "subnet_ids": [],
            "tags": {
              "Environment": "dev",
              "Name": "incodefy-s3-endpoint-dev",
              "Project": "incodefy"
            },
            "tags_all": {
              "Environment": "dev",
              "Name": "incodefy-s3-endpoint-dev",
              "Project": "incodefy"
            },
            "timeouts": null,
            "vpc_endpoint_type": "Gateway",
            "vpc_id": "vpc-0b5f6353dd7e5f629"
          },
          "sensitive_attributes": [],
          "identity_schema_version": 0,
          "private": "eyJlMmJmYjczMC1lY2FhLTExZTYtOGY4OC0zNDM2M2JjN2M0YzAiOnsiY3JlYXRlIjo2MDAwMDAwMDAwMDAsImRlbGV0ZSI6NjAwMDAwMDAwMDAwLCJ1cGRhdGUiOjYwMDAwMDAwMDAwMH19",
          "dependencies": [
            "aws_vpc.main"
          ]
        }
      ]
    },
    {
      "mode": "managed",
      "type": "aws_vpc_endpoint",
      "name": "ssm",
      "provider": "provider[\"registry.terraform.io/hashicorp/aws\"]",
      "instances": [
        {
          "schema_version": 0,
          "attributes": {
            "arn": "arn:aws:ec2:us-east-2:643913569214:vpc-endpoint/vpce-0e1fda431d4282623",
            "auto_accept": null,
            "cidr_blocks": [],
            "dns_entry": [
              {
                "dns_name": "vpce-0e1fda431d4282623-1zzfumbq.ssm.us-east-2.vpce.amazonaws.com",
                "hosted_zone_id": "ZC8PG0KIFKBRI"
              },
              {
                "dns_name": "vpce-0e1fda431d4282623-1zzfumbq-us-east-2b.ssm.us-east-2.vpce.amazonaws.com",
                "hosted_zone_id": "ZC8PG0KIFKBRI"
              },
              {
                "dns_name": "vpce-0e1fda431d4282623-1zzfumbq-us-east-2a.ssm.us-east-2.vpce.amazonaws.com",
                "hosted_zone_id": "ZC8PG0KIFKBRI"
              },
              {
                "dns_name": "ssm.us-east-2.amazonaws.com",
                "hosted_zone_id": "Z05703651LRW8KOKWZUVI"
              },
              {
                "dns_name": "ssm.us-east-2.api.aws",
                "hosted_zone_id": "Z0510133H29UTI6BNHL8"
              }
            ],
            "dns_options": [
              {
                "dns_record_ip_type": "ipv4",
                "private_dns_only_for_inbound_resolver_endpoint": false
              }
            ],
            "id": "vpce-0e1fda431d4282623",
            "ip_address_type": "ipv4",
            "network_interface_ids": [
              "eni-06baee5478234e305",
              "eni-0f26cbfc613f562c0"
            ],
            "owner_id": "643913569214",
            "policy": "{\"Statement\":[{\"Action\":\"*\",\"Effect\":\"Allow\",\"Principal\":\"*\",\"Resource\":\"*\"}]}",
            "prefix_list_id": null,
            "private_dns_enabled": true,
            "requester_managed": false,
            "resource_configuration_arn": "",
            "route_table_ids": [],
            "security_group_ids": [
              "sg-0d1e691f5e2e0a45a"
            ],
            "service_name": "com.amazonaws.us-east-2.ssm",
            "service_network_arn": "",
            "service_region": "us-east-2",
            "state": "available",
            "subnet_configuration": [
              {
                "ipv4": "10.1.11.214",
                "ipv6": "",
                "subnet_id": "subnet-0af3752e493868b5c"
              },
              {
                "ipv4": "10.1.12.241",
                "ipv6": "",
                "subnet_id": "subnet-005b237d6cf730302"
              }
            ],
            "subnet_ids": [
              "subnet-005b237d6cf730302",
              "subnet-0af3752e493868b5c"
            ],
            "tags": {
              "Environment": "dev",
              "Name": "incodefy-ssm-endpoint-dev",
              "Project": "incodefy"
            },
            "tags_all": {
              "Environment": "dev",
              "Name": "incodefy-ssm-endpoint-dev",
              "Project": "incodefy"
            },
            "timeouts": null,
            "vpc_endpoint_type": "Interface",
            "vpc_id": "vpc-0b5f6353dd7e5f629"
          },
          "sensitive_attributes": [],
          "identity_schema_version": 0,
          "private": "eyJlMmJmYjczMC1lY2FhLTExZTYtOGY4OC0zNDM2M2JjN2M0YzAiOnsiY3JlYXRlIjo2MDAwMDAwMDAwMDAsImRlbGV0ZSI6NjAwMDAwMDAwMDAwLCJ1cGRhdGUiOjYwMDAwMDAwMDAwMH19",
          "dependencies": [
            "aws_security_group.vpc_endpoints",
            "aws_subnet.private_az1",
            "aws_subnet.private_az2",
            "aws_vpc.main"
          ]
        }
      ]
    },
    {
      "mode": "managed",
      "type": "aws_vpc_endpoint_route_table_association",
      "name": "dynamodb_private_az1",
      "provider": "provider[\"registry.terraform.io/hashicorp/aws\"]",
      "instances": [
        {
          "schema_version": 0,
          "attributes": {
            "id": "a-vpce-02d881214932ddc09629721539",
            "route_table_id": "rtb-01181ae58a7cb0b14",
            "vpc_endpoint_id": "vpce-02d881214932ddc09"
          },
          "sensitive_attributes": [],
          "identity_schema_version": 0,
          "private": "bnVsbA==",
          "dependencies": [
            "aws_eip.nat_az1",
            "aws_internet_gateway.main",
            "aws_nat_gateway.az1",
            "aws_route_table.private_az1",
            "aws_subnet.public_az1",
            "aws_vpc.main",
            "aws_vpc_endpoint.dynamodb"
          ]
        }
      ]
    },
    {
      "mode": "managed",
      "type": "aws_vpc_endpoint_route_table_association",
      "name": "dynamodb_private_az2",
      "provider": "provider[\"registry.terraform.io/hashicorp/aws\"]",
      "instances": [
        {
          "schema_version": 0,
          "attributes": {
            "id": "a-vpce-02d881214932ddc093363504283",
            "route_table_id": "rtb-0735754a5ed4207bb",
            "vpc_endpoint_id": "vpce-02d881214932ddc09"
          },
          "sensitive_attributes": [],
          "identity_schema_version": 0,
          "private": "bnVsbA==",
          "dependencies": [
            "aws_eip.nat_az2",
            "aws_internet_gateway.main",
            "aws_nat_gateway.az2",
            "aws_route_table.private_az2",
            "aws_subnet.public_az2",
            "aws_vpc.main",
            "aws_vpc_endpoint.dynamodb"
          ]
        }
      ]
    },
    {
      "mode": "managed",
      "type": "aws_vpc_endpoint_route_table_association",
      "name": "s3_private_az1",
      "provider": "provider[\"registry.terraform.io/hashicorp/aws\"]",
      "instances": [
        {
          "schema_version": 0,
          "attributes": {
            "id": "a-vpce-00e465bbb1ab76be4629721539",
            "route_table_id": "rtb-01181ae58a7cb0b14",
            "vpc_endpoint_id": "vpce-00e465bbb1ab76be4"
          },
          "sensitive_attributes": [],
          "identity_schema_version": 0,
          "private": "bnVsbA==",
          "dependencies": [
            "aws_eip.nat_az1",
            "aws_internet_gateway.main",
            "aws_nat_gateway.az1",
            "aws_route_table.private_az1",
            "aws_subnet.public_az1",
            "aws_vpc.main",
            "aws_vpc_endpoint.s3"
          ]
        }
      ]
    },
    {
      "mode": "managed",
      "type": "aws_vpc_endpoint_route_table_association",
      "name": "s3_private_az2",
      "provider": "provider[\"registry.terraform.io/hashicorp/aws\"]",
      "instances": [
        {
          "schema_version": 0,
          "attributes": {
            "id": "a-vpce-00e465bbb1ab76be43363504283",
            "route_table_id": "rtb-0735754a5ed4207bb",
            "vpc_endpoint_id": "vpce-00e465bbb1ab76be4"
          },
          "sensitive_attributes": [],
          "identity_schema_version": 0,
          "private": "bnVsbA==",
          "dependencies": [
            "aws_eip.nat_az2",
            "aws_internet_gateway.main",
            "aws_nat_gateway.az2",
            "aws_route_table.private_az2",
            "aws_subnet.public_az2",
            "aws_vpc.main",
            "aws_vpc_endpoint.s3"
          ]
        }
      ]
    },
    {
      "mode": "managed",
      "type": "aws_wafv2_web_acl",
      "name": "main",
      "provider": "provider[\"registry.terraform.io/hashicorp/aws\"]",
      "instances": []
    },
    {
      "mode": "managed",
      "type": "aws_wafv2_web_acl_association",
      "name": "alb",
      "provider": "provider[\"registry.terraform.io/hashicorp/aws\"]",
      "instances": []
    },
    {
      "mode": "managed",
      "type": "aws_wafv2_web_acl_logging_configuration",
      "name": "main",
      "provider": "provider[\"registry.terraform.io/hashicorp/aws\"]",
      "instances": []
    }
  ],
  "check_results": null
}
